{
  "version": 4,
  "terraform_version": "1.5.0",
  "serial": 124,
  "lineage": "2edbbb05-4963-0369-af43-615136e3271c",
  "outputs": {},
  "resources": [
    {
      "module": "module.CICD-Module",
      "mode": "data",
      "type": "aws_caller_identity",
      "name": "current",
      "provider": "provider[\"registry.terraform.io/hashicorp/aws\"]",
      "instances": [
        {
          "schema_version": 0,
          "attributes": {
            "account_id": "015058543222",
            "arn": "arn:aws:iam::015058543222:user/Admin",
            "id": "015058543222",
            "user_id": "AIDAQHAMPEJ3IGPNXZHYU"
          },
          "sensitive_attributes": []
        }
      ]
    },
    {
      "module": "module.CICD-Module",
      "mode": "managed",
      "type": "aws_codepipeline",
      "name": "cicd_pipeline",
      "provider": "provider[\"registry.terraform.io/hashicorp/aws\"]",
      "instances": [
        {
          "schema_version": 0,
          "attributes": {
            "arn": "arn:aws:codepipeline:us-east-1:015058543222:matelliocorp-cicd_pipeline",
            "artifact_store": [
              {
                "encryption_key": [],
                "location": "s3://elasticbeanstalk-us-east-1-015058543222/InventorySystem_PHP.zip",
                "region": "",
                "type": "S3"
              }
            ],
            "id": "matelliocorp-cicd_pipeline",
            "name": "matelliocorp-cicd_pipeline",
            "role_arn": "arn:aws:iam::015058543222:role/matelliocorpcodepipeline_service",
            "stage": [
              {
                "action": [
                  {
                    "category": "Source",
                    "configuration": {
                      "PollForSourceChanges": "true",
                      "S3Bucket": "elasticbeanstalk-us-east-1-015058543222",
                      "S3ObjectKey": "InventorySystem_PHP.zip"
                    },
                    "input_artifacts": [],
                    "name": "SourceAction",
                    "namespace": "",
                    "output_artifacts": [
                      "SourceArtifact"
                    ],
                    "owner": "AWS",
                    "provider": "S3",
                    "region": "",
                    "role_arn": "",
                    "run_order": 1,
                    "version": "1"
                  }
                ],
                "name": "Source"
              },
              {
                "action": [
                  {
                    "category": "Build",
                    "configuration": {
                      "ProjectName": "matelliocorp-codebuild-stage"
                    },
                    "input_artifacts": [
                      "SourceArtifact"
                    ],
                    "name": "BuildAction",
                    "namespace": "",
                    "output_artifacts": [
                      "BuildArtifact"
                    ],
                    "owner": "AWS",
                    "provider": "CodeBuild",
                    "region": "",
                    "role_arn": "",
                    "run_order": 1,
                    "version": "1"
                  }
                ],
                "name": "Build"
              },
              {
                "action": [
                  {
                    "category": "Deploy",
                    "configuration": {
                      "ApplicationName": "matelliocorp-eb-app",
                      "EnvironmentName": "matelliocorp-eb-env"
                    },
                    "input_artifacts": [
                      "BuildArtifact"
                    ],
                    "name": "DeployAction",
                    "namespace": "",
                    "output_artifacts": [],
                    "owner": "AWS",
                    "provider": "ElasticBeanstalk",
                    "region": "",
                    "role_arn": "",
                    "run_order": 1,
                    "version": "1"
                  }
                ],
                "name": "Deploy"
              }
            ],
            "tags": {},
            "tags_all": {}
          },
          "sensitive_attributes": [],
          "private": "bnVsbA==",
          "dependencies": [
            "module.CICD-Module.aws_iam_role.codepipeline_service_role"
          ]
        }
      ]
    },
    {
      "module": "module.CICD-Module",
      "mode": "managed",
      "type": "aws_iam_role",
      "name": "codebuild_service_role",
      "provider": "provider[\"registry.terraform.io/hashicorp/aws\"]",
      "instances": [
        {
          "schema_version": 0,
          "attributes": {
            "arn": "arn:aws:iam::015058543222:role/codebuild-matelliocorp-Build-service-role",
            "assume_role_policy": "{\"Statement\":[{\"Action\":\"sts:AssumeRole\",\"Effect\":\"Allow\",\"Principal\":{\"Service\":\"codebuild.amazonaws.com\"}}],\"Version\":\"2012-10-17\"}",
            "create_date": "2023-10-11T11:59:12Z",
            "description": "",
            "force_detach_policies": false,
            "id": "codebuild-matelliocorp-Build-service-role",
            "inline_policy": [
              {
                "name": "CodeBuildCloudWatchLogsInlinePolicy-matelliocorp-Build-ap-south-1",
                "policy": "{\"Version\":\"2012-10-17\",\"Statement\":[{\"Action\":[\"logs:CreateLogGroup\",\"logs:CreateLogStream\",\"logs:PutLogEvents\"],\"Effect\":\"Allow\",\"Resource\":[\"arn:aws:logs:us-east-1:015058543222:log-group:matelliocorp-cicd-project\",\"arn:aws:logs:us-east-1:015058543222:log-group:matelliocorp-cicd-project:*\"]}]}"
              },
              {
                "name": "codebuild-matelliocorp-Build-service-role-policy",
                "policy": "{\"Version\":\"2012-10-17\",\"Statement\":[{\"Action\":[\"logs:CreateLogGroup\",\"logs:CreateLogStream\",\"logs:PutLogEvents\"],\"Effect\":\"Allow\",\"Resource\":[\"arn:aws:logs:us-east-1:015058543222:log-group:/aws/codebuild/matelliocorp-Build\",\"arn:aws:logs:us-east-1:015058543222:log-group:/aws/codebuild/matelliocorp-Build:*\"]},{\"Action\":[\"s3:PutObject\",\"s3:GetObject\",\"s3:GetObjectVersion\",\"s3:GetBucketAcl\",\"s3:GetBucketLocation\"],\"Effect\":\"Allow\",\"Resource\":[\"arn:aws:s3:::codepipeline-us-east-1-015058543222-*\"]},{\"Action\":[\"codecommit:GitPull\"],\"Effect\":\"Allow\",\"Resource\":[\"arn:aws:codecommit:us-east-1:015058543222:matelliocorp-code-repo\"]},{\"Action\":[\"s3:PutObject\",\"s3:GetBucketAcl\",\"s3:GetBucketLocation\"],\"Effect\":\"Allow\",\"Resource\":[\"arn:aws:s3:::elasticbeanstalk-us-east-1-015058543222\",\"arn:aws:s3:::elasticbeanstalk-us-east-1-015058543222/*\"]},{\"Action\":[\"codebuild:CreateReportGroup\",\"codebuild:CreateReport\",\"codebuild:UpdateReport\",\"codebuild:BatchPutTestCases\",\"codebuild:BatchPutCodeCoverages\"],\"Effect\":\"Allow\",\"Resource\":[\"arn:aws:codebuild:us-east-1:015058543222:report-group/matelliocorp-Build-*\"]}]}"
              }
            ],
            "managed_policy_arns": [],
            "max_session_duration": 3600,
            "name": "codebuild-matelliocorp-Build-service-role",
            "name_prefix": "",
            "path": "/",
            "permissions_boundary": null,
            "tags": {},
            "tags_all": {},
            "unique_id": "AROAQHAMPEJ3JP2YTAMKF"
          },
          "sensitive_attributes": [],
          "private": "bnVsbA==",
          "dependencies": [
            "module.CICD-Module.data.aws_caller_identity.current"
          ]
        }
      ]
    },
    {
      "module": "module.CICD-Module",
      "mode": "managed",
      "type": "aws_iam_role",
      "name": "codepipeline_service_role",
      "provider": "provider[\"registry.terraform.io/hashicorp/aws\"]",
      "instances": [
        {
          "schema_version": 0,
          "attributes": {
            "arn": "arn:aws:iam::015058543222:role/matelliocorpcodepipeline_service",
            "assume_role_policy": "{\"Statement\":[{\"Action\":\"sts:AssumeRole\",\"Effect\":\"Allow\",\"Principal\":{\"Service\":\"codepipeline.amazonaws.com\"}}],\"Version\":\"2012-10-17\"}",
            "create_date": "2023-10-11T11:59:12Z",
            "description": "",
            "force_detach_policies": false,
            "id": "matelliocorpcodepipeline_service",
            "inline_policy": [
              {
                "name": "AWSCodePipelineServiceRole-us-east-1-matelliocorp",
                "policy": "{\"Version\":\"2012-10-17\",\"Statement\":[{\"Action\":[\"codepipeline:StartPipelineExecution\"],\"Effect\":\"Allow\",\"Resource\":[\"arn:aws:codepipeline:us-east-1:015058543222:matelliocorp\"]}]}"
              }
            ],
            "managed_policy_arns": [],
            "max_session_duration": 3600,
            "name": "matelliocorpcodepipeline_service",
            "name_prefix": "",
            "path": "/",
            "permissions_boundary": null,
            "tags": {},
            "tags_all": {},
            "unique_id": "AROAQHAMPEJ3N6G6ET3W5"
          },
          "sensitive_attributes": [],
          "private": "bnVsbA==",
          "dependencies": [
            "module.CICD-Module.data.aws_caller_identity.current"
          ]
        }
      ]
    },
    {
      "module": "module.RDS-Module",
      "mode": "managed",
      "type": "aws_db_instance",
      "name": "rds",
      "provider": "provider[\"registry.terraform.io/hashicorp/aws\"]",
      "instances": [
        {
          "schema_version": 2,
          "attributes": {
            "address": "matelliocorp-rds.cwdkg2gdotxj.us-east-1.rds.amazonaws.com",
            "allocated_storage": 20,
            "allow_major_version_upgrade": null,
            "apply_immediately": false,
            "arn": "arn:aws:rds:us-east-1:015058543222:db:matelliocorp-rds",
            "auto_minor_version_upgrade": true,
            "availability_zone": "us-east-1a",
            "backup_retention_period": 0,
            "backup_target": "region",
            "backup_window": "04:57-05:27",
            "blue_green_update": [],
            "ca_cert_identifier": "rds-ca-2019",
            "character_set_name": "",
            "copy_tags_to_snapshot": false,
            "custom_iam_instance_profile": "",
            "customer_owned_ip_enabled": false,
            "db_name": "",
            "db_subnet_group_name": "cse-cr",
            "delete_automated_backups": true,
            "deletion_protection": false,
            "domain": "",
            "domain_iam_role_name": "",
            "enabled_cloudwatch_logs_exports": [],
            "endpoint": "matelliocorp-rds.cwdkg2gdotxj.us-east-1.rds.amazonaws.com:3306",
            "engine": "mysql",
            "engine_version": "8.0",
            "engine_version_actual": "8.0.33",
            "final_snapshot_identifier": null,
            "hosted_zone_id": "Z2R2ITUGPM61AM",
            "iam_database_authentication_enabled": false,
            "id": "db-TVHNOF2YBTUQPHQHDRLK7JQOQI",
            "identifier": "matelliocorp-rds",
            "identifier_prefix": "",
            "instance_class": "db.t4g.large",
            "iops": 3000,
            "kms_key_id": "",
            "latest_restorable_time": "",
            "license_model": "general-public-license",
            "listener_endpoint": [],
            "maintenance_window": "wed:08:52-wed:09:22",
            "manage_master_user_password": null,
            "master_user_secret": [],
            "master_user_secret_kms_key_id": null,
            "max_allocated_storage": 0,
            "monitoring_interval": 0,
            "monitoring_role_arn": "",
            "multi_az": false,
            "nchar_character_set_name": "",
            "network_type": "IPV4",
            "option_group_name": "default:mysql-8-0",
            "parameter_group_name": "default.mysql8.0",
            "password": "MyStrongPassword123",
            "performance_insights_enabled": false,
            "performance_insights_kms_key_id": "",
            "performance_insights_retention_period": 0,
            "port": 3306,
            "publicly_accessible": false,
            "replica_mode": "",
            "replicas": [],
            "replicate_source_db": "",
            "resource_id": "db-TVHNOF2YBTUQPHQHDRLK7JQOQI",
            "restore_to_point_in_time": [],
            "s3_import": [],
            "skip_final_snapshot": true,
            "snapshot_identifier": null,
            "status": "available",
            "storage_encrypted": false,
            "storage_throughput": 125,
            "storage_type": "gp3",
            "tags": {
              "Name": "vprofile_rds"
            },
            "tags_all": {
              "Name": "vprofile_rds"
            },
            "timeouts": null,
            "timezone": "",
            "username": "admin",
            "vpc_security_group_ids": [
              "sg-019f16e34172d29de"
            ]
          },
          "sensitive_attributes": [],
          "private": "eyJlMmJmYjczMC1lY2FhLTExZTYtOGY4OC0zNDM2M2JjN2M0YzAiOnsiY3JlYXRlIjoyNDAwMDAwMDAwMDAwLCJkZWxldGUiOjM2MDAwMDAwMDAwMDAsInVwZGF0ZSI6NDgwMDAwMDAwMDAwMH0sInNjaGVtYV92ZXJzaW9uIjoiMiJ9",
          "dependencies": [
            "module.RDS-Module.aws_db_subnet_group.db_sg",
            "module.RDS-Module.module.VPC-Module.aws_security_group.elastic_beanstalk_sg",
            "module.RDS-Module.module.VPC-Module.aws_security_group.rds_sg",
            "module.RDS-Module.module.VPC-Module.aws_subnet.public",
            "module.RDS-Module.module.VPC-Module.aws_vpc.vpc",
            "module.RDS-Module.module.VPC-Module.data.aws_availability_zones.available"
          ]
        }
      ]
    },
    {
      "module": "module.RDS-Module",
      "mode": "managed",
      "type": "aws_db_subnet_group",
      "name": "db_sg",
      "provider": "provider[\"registry.terraform.io/hashicorp/aws\"]",
      "instances": [
        {
          "schema_version": 0,
          "attributes": {
            "arn": "arn:aws:rds:us-east-1:015058543222:subgrp:cse-cr",
            "description": "Private subnets for RDS instance",
            "id": "cse-cr",
            "name": "cse-cr",
            "name_prefix": "",
            "subnet_ids": [
              "subnet-02cb3db77117aa1b3",
              "subnet-0feff34df6f70bd0f"
            ],
            "supported_network_types": [
              "IPV4"
            ],
            "tags": {
              "Name": "db_sg"
            },
            "tags_all": {
              "Name": "db_sg"
            },
            "vpc_id": "vpc-022ef8423fbf7b654"
          },
          "sensitive_attributes": [],
          "private": "bnVsbA==",
          "dependencies": [
            "module.RDS-Module.module.VPC-Module.aws_subnet.public",
            "module.RDS-Module.module.VPC-Module.aws_vpc.vpc",
            "module.RDS-Module.module.VPC-Module.data.aws_availability_zones.available"
          ]
        }
      ]
    },
    {
      "module": "module.RDS-Module",
      "mode": "managed",
      "type": "aws_elastic_beanstalk_application",
      "name": "eb_app",
      "provider": "provider[\"registry.terraform.io/hashicorp/aws\"]",
      "instances": [
        {
          "schema_version": 0,
          "attributes": {
            "appversion_lifecycle": [],
            "arn": "arn:aws:elasticbeanstalk:us-east-1:015058543222:application/matelliocorp-eb-app",
            "description": "Elastic Beanstalk Application",
            "id": "matelliocorp-eb-app",
            "name": "matelliocorp-eb-app",
            "tags": {},
            "tags_all": {}
          },
          "sensitive_attributes": [],
          "private": "bnVsbA=="
        }
      ]
    },
    {
      "module": "module.RDS-Module",
      "mode": "managed",
      "type": "aws_elastic_beanstalk_environment",
      "name": "eb_env",
      "provider": "provider[\"registry.terraform.io/hashicorp/aws\"]",
      "instances": [
        {
          "schema_version": 1,
          "attributes": {
            "all_settings": [
              {
                "name": "AccessLogsS3Bucket",
                "namespace": "aws:elbv2:loadbalancer",
                "resource": "",
                "value": ""
              },
              {
                "name": "AccessLogsS3Enabled",
                "namespace": "aws:elbv2:loadbalancer",
                "resource": "",
                "value": "false"
              },
              {
                "name": "AccessLogsS3Prefix",
                "namespace": "aws:elbv2:loadbalancer",
                "resource": "",
                "value": ""
              },
              {
                "name": "AppSource",
                "namespace": "aws:cloudformation:template:parameter",
                "resource": "",
                "value": "https://elasticbeanstalk-platform-assets-us-east-1.s3.amazonaws.com/stalks/eb_php81_amazon_linux_2023_1.0.129.0_20230826023402/sampleapp/EBSampleApp-PHP.zip"
              },
              {
                "name": "Application Healthcheck URL",
                "namespace": "aws:elasticbeanstalk:application",
                "resource": "",
                "value": ""
              },
              {
                "name": "AssociatePublicIpAddress",
                "namespace": "aws:ec2:vpc",
                "resource": "",
                "value": "true"
              },
              {
                "name": "Automatically Terminate Unhealthy Instances",
                "namespace": "aws:elasticbeanstalk:monitoring",
                "resource": "",
                "value": "true"
              },
              {
                "name": "Availability Zones",
                "namespace": "aws:autoscaling:asg",
                "resource": "",
                "value": "Any"
              },
              {
                "name": "BatchSize",
                "namespace": "aws:elasticbeanstalk:command",
                "resource": "",
                "value": "100"
              },
              {
                "name": "BatchSizeType",
                "namespace": "aws:elasticbeanstalk:command",
                "resource": "",
                "value": "Percentage"
              },
              {
                "name": "BlockDeviceMappings",
                "namespace": "aws:autoscaling:launchconfiguration",
                "resource": "",
                "value": ""
              },
              {
                "name": "BreachDuration",
                "namespace": "aws:autoscaling:trigger",
                "resource": "",
                "value": "5"
              },
              {
                "name": "ConfigDocument",
                "namespace": "aws:elasticbeanstalk:healthreporting:system",
                "resource": "",
                "value": "{\"Version\":1,\"CloudWatchMetrics\":{\"Instance\":{\"CPUIrq\":null,\"LoadAverage5min\":null,\"ApplicationRequests5xx\":null,\"ApplicationRequests4xx\":null,\"CPUUser\":null,\"LoadAverage1min\":null,\"ApplicationLatencyP50\":null,\"CPUIdle\":null,\"InstanceHealth\":null,\"ApplicationLatencyP95\":null,\"ApplicationLatencyP85\":null,\"RootFilesystemUtil\":null,\"ApplicationLatencyP90\":null,\"CPUSystem\":null,\"ApplicationLatencyP75\":null,\"CPUSoftirq\":null,\"ApplicationLatencyP10\":null,\"ApplicationLatencyP99\":null,\"ApplicationRequestsTotal\":null,\"ApplicationLatencyP99.9\":null,\"ApplicationRequests3xx\":null,\"ApplicationRequests2xx\":null,\"CPUIowait\":null,\"CPUNice\":null},\"Environment\":{\"InstancesSevere\":null,\"InstancesDegraded\":null,\"ApplicationRequests5xx\":null,\"ApplicationRequests4xx\":null,\"ApplicationLatencyP50\":null,\"ApplicationLatencyP95\":null,\"ApplicationLatencyP85\":null,\"InstancesUnknown\":null,\"ApplicationLatencyP90\":null,\"InstancesInfo\":null,\"InstancesPending\":null,\"ApplicationLatencyP75\":null,\"ApplicationLatencyP10\":null,\"ApplicationLatencyP99\":null,\"ApplicationRequestsTotal\":null,\"InstancesNoData\":null,\"ApplicationLatencyP99.9\":null,\"ApplicationRequests3xx\":null,\"ApplicationRequests2xx\":null,\"InstancesOk\":null,\"InstancesWarning\":null}}}"
              },
              {
                "name": "Cooldown",
                "namespace": "aws:autoscaling:asg",
                "resource": "",
                "value": "360"
              },
              {
                "name": "Custom Availability Zones",
                "namespace": "aws:autoscaling:asg",
                "resource": "",
                "value": ""
              },
              {
                "name": "DefaultProcess",
                "namespace": "aws:elbv2:listener:default",
                "resource": "",
                "value": "default"
              },
              {
                "name": "DefaultSSHPort",
                "namespace": "aws:elasticbeanstalk:control",
                "resource": "",
                "value": "22"
              },
              {
                "name": "DeleteOnTerminate",
                "namespace": "aws:elasticbeanstalk:cloudwatch:logs",
                "resource": "",
                "value": "false"
              },
              {
                "name": "DeleteOnTerminate",
                "namespace": "aws:elasticbeanstalk:cloudwatch:logs:health",
                "resource": "",
                "value": "false"
              },
              {
                "name": "DeploymentPolicy",
                "namespace": "aws:elasticbeanstalk:command",
                "resource": "",
                "value": "AllAtOnce"
              },
              {
                "name": "DeregistrationDelay",
                "namespace": "aws:elasticbeanstalk:environment:process:default",
                "resource": "",
                "value": "20"
              },
              {
                "name": "DisableIMDSv1",
                "namespace": "aws:autoscaling:launchconfiguration",
                "resource": "",
                "value": "true"
              },
              {
                "name": "EC2KeyName",
                "namespace": "aws:autoscaling:launchconfiguration",
                "resource": "",
                "value": "matelliocorp_key_pair"
              },
              {
                "name": "ELBScheme",
                "namespace": "aws:ec2:vpc",
                "resource": "",
                "value": "internet facing"
              },
              {
                "name": "ELBSubnets",
                "namespace": "aws:ec2:vpc",
                "resource": "",
                "value": "subnet-02cb3db77117aa1b3,subnet-0feff34df6f70bd0f"
              },
              {
                "name": "EnableCapacityRebalancing",
                "namespace": "aws:autoscaling:asg",
                "resource": "",
                "value": "false"
              },
              {
                "name": "EnableSpot",
                "namespace": "aws:ec2:instances",
                "resource": "",
                "value": "false"
              },
              {
                "name": "EnhancedHealthAuthEnabled",
                "namespace": "aws:elasticbeanstalk:healthreporting:system",
                "resource": "",
                "value": "true"
              },
              {
                "name": "EnvironmentType",
                "namespace": "aws:elasticbeanstalk:environment",
                "resource": "",
                "value": "LoadBalanced"
              },
              {
                "name": "EnvironmentVariables",
                "namespace": "aws:cloudformation:template:parameter",
                "resource": "",
                "value": ""
              },
              {
                "name": "EvaluationPeriods",
                "namespace": "aws:autoscaling:trigger",
                "resource": "",
                "value": "1"
              },
              {
                "name": "EvaluationTime",
                "namespace": "aws:elasticbeanstalk:trafficsplitting",
                "resource": "",
                "value": ""
              },
              {
                "name": "ExternalExtensionsS3Bucket",
                "namespace": "aws:elasticbeanstalk:environment",
                "resource": "",
                "value": ""
              },
              {
                "name": "ExternalExtensionsS3Key",
                "namespace": "aws:elasticbeanstalk:environment",
                "resource": "",
                "value": ""
              },
              {
                "name": "HasCoupledDatabase",
                "namespace": "aws:rds:dbinstance",
                "resource": "",
                "value": "false"
              },
              {
                "name": "HealthCheckInterval",
                "namespace": "aws:elasticbeanstalk:environment:process:default",
                "resource": "",
                "value": "15"
              },
              {
                "name": "HealthCheckPath",
                "namespace": "aws:elasticbeanstalk:environment:process:default",
                "resource": "",
                "value": "/"
              },
              {
                "name": "HealthCheckSuccessThreshold",
                "namespace": "aws:elasticbeanstalk:healthreporting:system",
                "resource": "",
                "value": "Ok"
              },
              {
                "name": "HealthCheckTimeout",
                "namespace": "aws:elasticbeanstalk:environment:process:default",
                "resource": "",
                "value": "5"
              },
              {
                "name": "HealthStreamingEnabled",
                "namespace": "aws:elasticbeanstalk:cloudwatch:logs:health",
                "resource": "",
                "value": "false"
              },
              {
                "name": "HealthyThresholdCount",
                "namespace": "aws:elasticbeanstalk:environment:process:default",
                "resource": "",
                "value": "3"
              },
              {
                "name": "HooksPkgUrl",
                "namespace": "aws:cloudformation:template:parameter",
                "resource": "",
                "value": "https://elasticbeanstalk-platform-assets-us-east-1.s3.amazonaws.com/stalks/eb_php81_amazon_linux_2023_1.0.129.0_20230826023402/lib/hooks.tar.gz"
              },
              {
                "name": "IamInstanceProfile",
                "namespace": "aws:autoscaling:launchconfiguration",
                "resource": "",
                "value": "IamInstanceProfile_role"
              },
              {
                "name": "IdleTimeout",
                "namespace": "aws:elbv2:loadbalancer",
                "resource": "",
                "value": ""
              },
              {
                "name": "IgnoreHealthCheck",
                "namespace": "aws:elasticbeanstalk:command",
                "resource": "",
                "value": "false"
              },
              {
                "name": "ImageId",
                "namespace": "aws:autoscaling:launchconfiguration",
                "resource": "",
                "value": "ami-0335fd1d5f11c9c11"
              },
              {
                "name": "InstancePort",
                "namespace": "aws:cloudformation:template:parameter",
                "resource": "",
                "value": "80"
              },
              {
                "name": "InstanceRefreshEnabled",
                "namespace": "aws:elasticbeanstalk:managedactions:platformupdate",
                "resource": "",
                "value": "false"
              },
              {
                "name": "InstanceType",
                "namespace": "aws:autoscaling:launchconfiguration",
                "resource": "",
                "value": "t3.small"
              },
              {
                "name": "InstanceTypeFamily",
                "namespace": "aws:cloudformation:template:parameter",
                "resource": "",
                "value": "t3"
              },
              {
                "name": "InstanceTypes",
                "namespace": "aws:ec2:instances",
                "resource": "",
                "value": "t3.small"
              },
              {
                "name": "LaunchTimeout",
                "namespace": "aws:elasticbeanstalk:control",
                "resource": "",
                "value": "0"
              },
              {
                "name": "LaunchType",
                "namespace": "aws:elasticbeanstalk:control",
                "resource": "",
                "value": "Migration"
              },
              {
                "name": "ListenerEnabled",
                "namespace": "aws:elbv2:listener:default",
                "resource": "",
                "value": "true"
              },
              {
                "name": "LoadBalancerIsShared",
                "namespace": "aws:elasticbeanstalk:environment",
                "resource": "",
                "value": "false"
              },
              {
                "name": "LoadBalancerType",
                "namespace": "aws:elasticbeanstalk:environment",
                "resource": "",
                "value": "application"
              },
              {
                "name": "LogPublicationControl",
                "namespace": "aws:elasticbeanstalk:hostmanager",
                "resource": "",
                "value": "false"
              },
              {
                "name": "LowerBreachScaleIncrement",
                "namespace": "aws:autoscaling:trigger",
                "resource": "",
                "value": "-1"
              },
              {
                "name": "LowerThreshold",
                "namespace": "aws:autoscaling:trigger",
                "resource": "",
                "value": "2000000"
              },
              {
                "name": "ManagedActionsEnabled",
                "namespace": "aws:elasticbeanstalk:managedactions",
                "resource": "",
                "value": "false"
              },
              {
                "name": "MatcherHTTPCode",
                "namespace": "aws:elasticbeanstalk:environment:process:default",
                "resource": "",
                "value": "200"
              },
              {
                "name": "MaxBatchSize",
                "namespace": "aws:autoscaling:updatepolicy:rollingupdate",
                "resource": "",
                "value": ""
              },
              {
                "name": "MaxSize",
                "namespace": "aws:autoscaling:asg",
                "resource": "",
                "value": "2"
              },
              {
                "name": "MeasureName",
                "namespace": "aws:autoscaling:trigger",
                "resource": "",
                "value": "NetworkOut"
              },
              {
                "name": "MinInstancesInService",
                "namespace": "aws:autoscaling:updatepolicy:rollingupdate",
                "resource": "",
                "value": ""
              },
              {
                "name": "MinSize",
                "namespace": "aws:autoscaling:asg",
                "resource": "",
                "value": "1"
              },
              {
                "name": "MonitoringInterval",
                "namespace": "aws:autoscaling:launchconfiguration",
                "resource": "",
                "value": "5 minute"
              },
              {
                "name": "NewVersionPercent",
                "namespace": "aws:elasticbeanstalk:trafficsplitting",
                "resource": "",
                "value": ""
              },
              {
                "name": "Notification Endpoint",
                "namespace": "aws:elasticbeanstalk:sns:topics",
                "resource": "",
                "value": ""
              },
              {
                "name": "Notification Protocol",
                "namespace": "aws:elasticbeanstalk:sns:topics",
                "resource": "",
                "value": "email"
              },
              {
                "name": "Notification Topic ARN",
                "namespace": "aws:elasticbeanstalk:sns:topics",
                "resource": "",
                "value": ""
              },
              {
                "name": "Notification Topic Name",
                "namespace": "aws:elasticbeanstalk:sns:topics",
                "resource": "",
                "value": ""
              },
              {
                "name": "PauseTime",
                "namespace": "aws:autoscaling:updatepolicy:rollingupdate",
                "resource": "",
                "value": ""
              },
              {
                "name": "Period",
                "namespace": "aws:autoscaling:trigger",
                "resource": "",
                "value": "5"
              },
              {
                "name": "Port",
                "namespace": "aws:elasticbeanstalk:environment:process:default",
                "resource": "",
                "value": "80"
              },
              {
                "name": "PreferredStartTime",
                "namespace": "aws:elasticbeanstalk:managedactions",
                "resource": "",
                "value": ""
              },
              {
                "name": "Protocol",
                "namespace": "aws:elasticbeanstalk:environment:process:default",
                "resource": "",
                "value": "HTTP"
              },
              {
                "name": "Protocol",
                "namespace": "aws:elbv2:listener:default",
                "resource": "",
                "value": "HTTP"
              },
              {
                "name": "ProxyServer",
                "namespace": "aws:elasticbeanstalk:environment:proxy",
                "resource": "",
                "value": "nginx"
              },
              {
                "name": "RetentionInDays",
                "namespace": "aws:elasticbeanstalk:cloudwatch:logs",
                "resource": "",
                "value": "7"
              },
              {
                "name": "RetentionInDays",
                "namespace": "aws:elasticbeanstalk:cloudwatch:logs:health",
                "resource": "",
                "value": "7"
              },
              {
                "name": "RollbackLaunchOnFailure",
                "namespace": "aws:elasticbeanstalk:control",
                "resource": "",
                "value": "false"
              },
              {
                "name": "RollingUpdateEnabled",
                "namespace": "aws:autoscaling:updatepolicy:rollingupdate",
                "resource": "",
                "value": "false"
              },
              {
                "name": "RollingUpdateType",
                "namespace": "aws:autoscaling:updatepolicy:rollingupdate",
                "resource": "",
                "value": "Time"
              },
              {
                "name": "RootVolumeIOPS",
                "namespace": "aws:autoscaling:launchconfiguration",
                "resource": "",
                "value": ""
              },
              {
                "name": "RootVolumeSize",
                "namespace": "aws:autoscaling:launchconfiguration",
                "resource": "",
                "value": ""
              },
              {
                "name": "RootVolumeThroughput",
                "namespace": "aws:autoscaling:launchconfiguration",
                "resource": "",
                "value": ""
              },
              {
                "name": "RootVolumeType",
                "namespace": "aws:autoscaling:launchconfiguration",
                "resource": "",
                "value": ""
              },
              {
                "name": "Rules",
                "namespace": "aws:elbv2:listener:default",
                "resource": "",
                "value": ""
              },
              {
                "name": "SSHSourceRestriction",
                "namespace": "aws:autoscaling:launchconfiguration",
                "resource": "",
                "value": "tcp,22,22,0.0.0.0/0"
              },
              {
                "name": "SSLCertificateArns",
                "namespace": "aws:elbv2:listener:default",
                "resource": "",
                "value": ""
              },
              {
                "name": "SSLPolicy",
                "namespace": "aws:elbv2:listener:default",
                "resource": "",
                "value": ""
              },
              {
                "name": "SecurityGroups",
                "namespace": "aws:autoscaling:launchconfiguration",
                "resource": "",
                "value": "sg-0e87ff0a26c5fd8dd"
              },
              {
                "name": "SecurityGroups",
                "namespace": "aws:elbv2:loadbalancer",
                "resource": "",
                "value": ""
              },
              {
                "name": "ServiceRole",
                "namespace": "aws:elasticbeanstalk:environment",
                "resource": "",
                "value": "AWSServiceRoleForElasticBeanstalk"
              },
              {
                "name": "ServiceRoleForManagedUpdates",
                "namespace": "aws:elasticbeanstalk:managedactions",
                "resource": "",
                "value": ""
              },
              {
                "name": "SpotFleetOnDemandAboveBasePercentage",
                "namespace": "aws:ec2:instances",
                "resource": "",
                "value": "70"
              },
              {
                "name": "SpotFleetOnDemandBase",
                "namespace": "aws:ec2:instances",
                "resource": "",
                "value": "0"
              },
              {
                "name": "SpotMaxPrice",
                "namespace": "aws:ec2:instances",
                "resource": "",
                "value": ""
              },
              {
                "name": "StaticFiles",
                "namespace": "aws:cloudformation:template:parameter",
                "resource": "",
                "value": ""
              },
              {
                "name": "Statistic",
                "namespace": "aws:autoscaling:trigger",
                "resource": "",
                "value": "Average"
              },
              {
                "name": "StickinessEnabled",
                "namespace": "aws:elasticbeanstalk:environment:process:default",
                "resource": "",
                "value": "false"
              },
              {
                "name": "StickinessLBCookieDuration",
                "namespace": "aws:elasticbeanstalk:environment:process:default",
                "resource": "",
                "value": "86400"
              },
              {
                "name": "StickinessType",
                "namespace": "aws:elasticbeanstalk:environment:process:default",
                "resource": "",
                "value": "lb_cookie"
              },
              {
                "name": "StreamLogs",
                "namespace": "aws:elasticbeanstalk:cloudwatch:logs",
                "resource": "",
                "value": "true"
              },
              {
                "name": "Subnets",
                "namespace": "aws:ec2:vpc",
                "resource": "",
                "value": "subnet-02cb3db77117aa1b3,subnet-0feff34df6f70bd0f"
              },
              {
                "name": "SupportedArchitectures",
                "namespace": "aws:ec2:instances",
                "resource": "",
                "value": "x86_64"
              },
              {
                "name": "SystemType",
                "namespace": "aws:elasticbeanstalk:healthreporting:system",
                "resource": "",
                "value": "enhanced"
              },
              {
                "name": "Timeout",
                "namespace": "aws:autoscaling:updatepolicy:rollingupdate",
                "resource": "",
                "value": "PT30M"
              },
              {
                "name": "Timeout",
                "namespace": "aws:elasticbeanstalk:command",
                "resource": "",
                "value": "600"
              },
              {
                "name": "UnhealthyThresholdCount",
                "namespace": "aws:elasticbeanstalk:environment:process:default",
                "resource": "",
                "value": "5"
              },
              {
                "name": "Unit",
                "namespace": "aws:autoscaling:trigger",
                "resource": "",
                "value": "Bytes"
              },
              {
                "name": "UpdateLevel",
                "namespace": "aws:elasticbeanstalk:managedactions:platformupdate",
                "resource": "",
                "value": ""
              },
              {
                "name": "UpperBreachScaleIncrement",
                "namespace": "aws:autoscaling:trigger",
                "resource": "",
                "value": "1"
              },
              {
                "name": "UpperThreshold",
                "namespace": "aws:autoscaling:trigger",
                "resource": "",
                "value": "6000000"
              },
              {
                "name": "VPCId",
                "namespace": "aws:ec2:vpc",
                "resource": "",
                "value": "vpc-022ef8423fbf7b654"
              },
              {
                "name": "XRayEnabled",
                "namespace": "aws:elasticbeanstalk:xray",
                "resource": "",
                "value": "false"
              },
              {
                "name": "allow_url_fopen",
                "namespace": "aws:elasticbeanstalk:container:php:phpini",
                "resource": "",
                "value": "On"
              },
              {
                "name": "composer_options",
                "namespace": "aws:elasticbeanstalk:container:php:phpini",
                "resource": "",
                "value": ""
              },
              {
                "name": "display_errors",
                "namespace": "aws:elasticbeanstalk:container:php:phpini",
                "resource": "",
                "value": "Off"
              },
              {
                "name": "document_root",
                "namespace": "aws:elasticbeanstalk:container:php:phpini",
                "resource": "",
                "value": ""
              },
              {
                "name": "max_execution_time",
                "namespace": "aws:elasticbeanstalk:container:php:phpini",
                "resource": "",
                "value": "60"
              },
              {
                "name": "memory_limit",
                "namespace": "aws:elasticbeanstalk:container:php:phpini",
                "resource": "",
                "value": "256M"
              },
              {
                "name": "zlib.output_compression",
                "namespace": "aws:elasticbeanstalk:container:php:phpini",
                "resource": "",
                "value": "Off"
              }
            ],
            "application": "matelliocorp-eb-app",
            "arn": "arn:aws:elasticbeanstalk:us-east-1:015058543222:environment/matelliocorp-eb-app/matelliocorp-eb-env",
            "autoscaling_groups": [
              "awseb-e-5ymcgwcsyb-stack-AWSEBAutoScalingGroup-13TG9B4LAICXH"
            ],
            "cname": "matelliocorp-eb-env.eba-vwb8qadf.us-east-1.elasticbeanstalk.com",
            "cname_prefix": "",
            "description": "",
            "endpoint_url": "awseb--AWSEB-U258rHThEOnp-531417978.us-east-1.elb.amazonaws.com",
            "id": "e-5ymcgwcsyb",
            "instances": [
              "i-0e5a7ea8f75474362"
            ],
            "launch_configurations": [
              "awseb-e-5ymcgwcsyb-stack-AWSEBAutoScalingLaunchConfiguration-CBCpUDTTYmfb"
            ],
            "load_balancers": [
              "arn:aws:elasticloadbalancing:us-east-1:015058543222:loadbalancer/app/awseb--AWSEB-U258rHThEOnp/b5a2be0730b7852d"
            ],
            "name": "matelliocorp-eb-env",
            "platform_arn": "arn:aws:elasticbeanstalk:us-east-1::platform/PHP 8.1 running on 64bit Amazon Linux 2023/4.0.1",
            "poll_interval": null,
            "queues": [],
            "setting": [
              {
                "name": "AssociatePublicIpAddress",
                "namespace": "aws:ec2:vpc",
                "resource": "",
                "value": "True"
              },
              {
                "name": "EC2KeyName",
                "namespace": "aws:autoscaling:launchconfiguration",
                "resource": null,
                "value": "matelliocorp_key_pair"
              },
              {
                "name": "ELBScheme",
                "namespace": "aws:ec2:vpc",
                "resource": null,
                "value": "internet facing"
              },
              {
                "name": "IamInstanceProfile",
                "namespace": "aws:autoscaling:launchconfiguration",
                "resource": null,
                "value": "IamInstanceProfile_role"
              },
              {
                "name": "InstanceType",
                "namespace": "aws:autoscaling:launchconfiguration",
                "resource": null,
                "value": "t3.small"
              },
              {
                "name": "LoadBalancerType",
                "namespace": "aws:elasticbeanstalk:environment",
                "resource": null,
                "value": "application"
              },
              {
                "name": "MatcherHTTPCode",
                "namespace": "aws:elasticbeanstalk:environment:process:default",
                "resource": null,
                "value": "200"
              },
              {
                "name": "MaxSize",
                "namespace": "aws:autoscaling:asg",
                "resource": null,
                "value": "2"
              },
              {
                "name": "MinSize",
                "namespace": "aws:autoscaling:asg",
                "resource": null,
                "value": "1"
              },
              {
                "name": "SecurityGroups",
                "namespace": "aws:autoscaling:launchconfiguration",
                "resource": null,
                "value": "sg-0e87ff0a26c5fd8dd"
              },
              {
                "name": "StreamLogs",
                "namespace": "aws:elasticbeanstalk:cloudwatch:logs",
                "resource": null,
                "value": "true"
              },
              {
                "name": "Subnets",
                "namespace": "aws:ec2:vpc",
                "resource": null,
                "value": "subnet-02cb3db77117aa1b3,subnet-0feff34df6f70bd0f"
              },
              {
                "name": "SystemType",
                "namespace": "aws:elasticbeanstalk:healthreporting:system",
                "resource": null,
                "value": "enhanced"
              },
              {
                "name": "VPCId",
                "namespace": "aws:ec2:vpc",
                "resource": null,
                "value": "vpc-022ef8423fbf7b654"
              }
            ],
            "solution_stack_name": "64bit Amazon Linux 2023 v4.0.1 running PHP 8.1",
            "tags": {},
            "tags_all": {},
            "template_name": null,
            "tier": "WebServer",
            "triggers": [],
            "version_label": "",
            "wait_for_ready_timeout": "60m"
          },
          "sensitive_attributes": [],
          "private": "eyJzY2hlbWFfdmVyc2lvbiI6IjEifQ==",
          "dependencies": [
            "module.RDS-Module.aws_elastic_beanstalk_application.eb_app",
            "module.RDS-Module.aws_key_pair.my_key_pair",
            "module.RDS-Module.module.VPC-Module.aws_security_group.elastic_beanstalk_sg",
            "module.RDS-Module.module.VPC-Module.aws_subnet.public",
            "module.RDS-Module.module.VPC-Module.aws_vpc.vpc"
          ]
        }
      ]
    },
    {
      "module": "module.RDS-Module",
      "mode": "managed",
      "type": "aws_key_pair",
      "name": "bastion_pair",
      "provider": "provider[\"registry.terraform.io/hashicorp/aws\"]",
      "instances": [
        {
          "schema_version": 1,
          "attributes": {
            "arn": "arn:aws:ec2:us-east-1:015058543222:key-pair/matelliocorp_bastion_key_pair",
            "fingerprint": "27:8d:be:0d:8d:53:4a:a9:5e:9a:5a:c2:c4:28:bb:93",
            "id": "matelliocorp_bastion_key_pair",
            "key_name": "matelliocorp_bastion_key_pair",
            "key_name_prefix": "",
            "key_pair_id": "key-0501621435825a9e4",
            "key_type": "rsa",
            "public_key": "ssh-rsa AAAAB3NzaC1yc2EAAAADAQABAAACAQC/Set13u6dhILEhZEHrtFB8PnMlTJmP1w1E84R2avvlw/vmbO1sE8qcQ8XpoMXbv5/3O+0dG97dfeymJH5NgNZte5JvWJIYDHhl/MyBhxSeB15QLrIwDBmbA1UcvMvR/L6pkwwQHjJ3z8lzNoBSgs7V7vaBjOLpQ2JOXREIbeTS8+21HedYHD0X/yWfBKDbYZsSan08oj3hIC+tDd1eKNNpi84dS0z+0oNVlOmF8I8Sj5K+EVavntBKVKDtaofF9wVrcXJoHEVq0yMfhiXGoJ9ZuxPTaVYdnTJNSqHi14V2QalrZpe03pTslhVPWmz3CnW9OdYN6MXK/0m7pCU5T6ZD6SiKh0cWxmnaIfEDzqzctZ0FThQ7bWYtAGOOHSu4Mbhgcy8mT241olfUxLd51UXM25IPK9HxjdyPaHqIGVSj5MS491xAFPOemjnI1cZ6FTImElDQbHQpuA1paFKQ4LkqWE1snXa/GC8FLZ016WWqci69KPXwI70prEJ1bb0IO+pOO+02eATbor/6RyKmmhTh5dCfTe5hEJQ+kBncCQI+6XPJGkP4bZuJkBKsT/kyvfqt2BeIBZrlPBSw86dq8Or0rQK3ztQkff8qRgInRT5ZsZCoRp0OvnHBsM9o493vP8v60FxwuHABwifvYK44puthtjxnAAQlF92I8h9KhCVpw==",
            "tags": {},
            "tags_all": {}
          },
          "sensitive_attributes": [],
          "private": "eyJzY2hlbWFfdmVyc2lvbiI6IjEifQ==",
          "dependencies": [
            "module.RDS-Module.tls_private_key.my_bastion_key"
          ]
        }
      ]
    },
    {
      "module": "module.RDS-Module",
      "mode": "managed",
      "type": "aws_key_pair",
      "name": "my_key_pair",
      "provider": "provider[\"registry.terraform.io/hashicorp/aws\"]",
      "instances": [
        {
          "schema_version": 1,
          "attributes": {
            "arn": "arn:aws:ec2:us-east-1:015058543222:key-pair/matelliocorp_key_pair",
            "fingerprint": "82:b2:d8:fb:99:10:f8:fd:51:6c:d5:79:34:43:08:ac",
            "id": "matelliocorp_key_pair",
            "key_name": "matelliocorp_key_pair",
            "key_name_prefix": "",
            "key_pair_id": "key-03f04ab20882bba43",
            "key_type": "rsa",
            "public_key": "ssh-rsa AAAAB3NzaC1yc2EAAAADAQABAAACAQD5KpZDC7TXiiEVdP4HTCxPBKFdFcbGfFmQAnHP35Y6JaeCDSjfERN3j02eii48WeMTHcvfQIvX+fEOBH93iyEim9jJwXiuXiTzeeOTY1T9VN51D378HsA1fqc2utnqfNzCe2YnPcB99HWqaiOrCidfuNSuPBqxcjB3azLYBEs9BazQagF6fO50vfbWvENGJF1rGYXHetesE77XyM4PwBPkP9JXMgmE+haAuHPzxENkgkgq9UKB5fQgxY1STHPwzl+P3sXB3pFxUTy7tf9CqMH+qN2l/VIBgYosc2m0tupwqH6pQxX/3Kddvld2ym7vQSrPFzjvwCEPzXphSmOmqlmlOQRZM3QEMaBAtv2qdPo431E6DDggzbAJX3Pm7rJ5voFIvrFpROstz4O9QOhgQ30BBWht+Ck4/mY78LD/8VNUB8cq16Rr2cp8EYfuTgLkxEh64j+vIl6/s0kf3w7StMommNMd5mIaiBs0nKNiYKwswzxIB+LPuIWzc/kMTqn5HOck2NtKYWm6bNFaVnOFqNGeXKunriUP+aGQnuQZYlwL/VzTZNKqJNfnW5Gkxb0q9c+ZWJTWGKMD69wT8FhcU9NbEVSNkRu+a3361VsOfglCfueKdapxEJQU/o8m/5L0OlmSdCsiVA5nN4sqYUVgU22mXfIDeZMxf6RO3duPQ8JP3w==",
            "tags": {},
            "tags_all": {}
          },
          "sensitive_attributes": [],
          "private": "eyJzY2hlbWFfdmVyc2lvbiI6IjEifQ==",
          "dependencies": [
            "module.RDS-Module.tls_private_key.my_private_key"
          ]
        }
      ]
    },
    {
      "module": "module.RDS-Module",
      "mode": "managed",
      "type": "local_file",
      "name": "bastion_key",
      "provider": "provider[\"registry.terraform.io/hashicorp/local\"]",
      "instances": [
        {
          "schema_version": 0,
          "attributes": {
            "content": "-----BEGIN RSA PRIVATE KEY-----\nMIIJKQIBAAKCAgEAv0nrdd7unYSCxIWRB67RQfD5zJUyZj9cNRPOEdmr75cP75mz\ntbBPKnEPF6aDF27+f9zvtHRve3X3spiR+TYDWbXuSb1iSGAx4ZfzMgYcUngdeUC6\nyMAwZmwNVHLzL0fy+qZMMEB4yd8/JczaAUoLO1e72gYzi6UNiTl0RCG3k0vPttR3\nnWBw9F/8lnwSg22GbEmp9PKI94SAvrQ3dXijTaYvOHUtM/tKDVZTphfCPEo+SvhF\nWr57QSlSg7WqHxfcFa3FyaBxFatMjH4YlxqCfWbsT02lWHZ0yTUqh4teFdkGpa2a\nXtN6U7JYVT1ps9wp1vTnWDejFyv9Ju6QlOU+mQ+koiodHFsZp2iHxA86s3LWdBU4\nUO21mLQBjjh0ruDG4YHMvJk9uNaJX1MS3edVFzNuSDyvR8Y3cj2h6iBlUo+TEuPd\ncQBTznpo5yNXGehUyJhJQ0Gx0KbgNaWhSkOC5KlhNbJ12vxgvBS2dNellqnIuvSj\n18CO9KaxCdW29CDvqTjvtNngE26K/+kcippoU4eXQn03uYRCUPpAZ3AkCPulzyRp\nD+G2biZASrE/5Mr36rdgXiAWa5TwUsPOnavDq9K0Ct87UJH3/KkYCJ0U+WbGQqEa\ndDr5xwbDPaOPd7z/L+tBccLhwAcIn72CuOKbrYbY8ZwAEJRfdiPIfSoQlacCAwEA\nAQKCAgBeJgO9//txi8bQ8uxu25wi2HgaOVSU/ppjhVvnbTsysScmxn+s7RoJyZuk\nCFB9OCQKyrMwHh7ApU9El9NA1VTQ0rp1kMDO3omufxszg85syLG4/CLyq6UmxAfL\niMgofUEaHL9jAFhzA24RLMIf4FGm44eRx3uXP6Vp5N1Uq0OvO6EAW5KD4vO1U4j+\niBKUnVOL+LWt2bGQIac8NXcWWkoF7cVQBFw7OXM5HUQOe6MeCWyfeZKpFxeS+sOi\nD8erhhLMmLrAgjcmcyk5/NYdiO6wyfeFELJQ1/yjC4fjLrUgC7E52jggc/XBPAY9\n7fwYikQNiHxU7w1WWlA+2SxQHISx9tFjp4HBusxPqpWIG47xbVelfgmM1Yzl6zh+\nEsi03+aht/06WkDS6h9oBLmj8fgCBF704dlhlAtwqNtE9i1Sj2PLTICxRz3pRVEW\nRxzrxg2dobB4x5qV3Ji+5PN0fazsGPWgaiVqaf+eqmFoq/mv0LnhY4PfLwcltrtC\nRytn5JkzlJFfKGbhyKVK0JuUD24ZbTfSRfF+c7+OTDBPoaF1lGTsWJsyrWP6jnW3\n9IsqYmNXzY4aS6985DdC8gSWc5LPO7GWE2xZiQ1nYSOHUDf/2TlaJ+JR2F6Oj50A\nnjlGlUxG4eO6Q2C+Fq3vucLEs9eyab75A3005CM/ixkps5qQAQKCAQEA6j4c5xiM\nvGENmh4DbK6MlSNKBN4H7xQ5ql77YDZYUZgVJK33+nAuai98huHr4b0pYOSxKeUN\n4paEbYnBiV8kHp8VmI3cGRdK4zfbyyE+wDa+6m17gQqmmP8THhyXevzXmY79nmbL\ncAJ6iyxRN/Z6kX/c7H6V9kEpdHH5uYygWt3cgKF+luRrRUa4i/JLg34BDkMn8HFa\n727cUZ5ibGkOYZWl9QN/qmoHu2NANPjD8stTeLwDvztXUPgeaYp/agKI8ugtrOyN\n+PJ1QuzHXf8mu4pJzgkZKDGfYmXkc0hC7gd9kbzDTs3C7IqqXHk8V6HNkgeKV0LI\nIe6s81Pjv1Ow/QKCAQEA0Q5v/B4jdPV4WtD4Hk0Qi9meNZEOVcqM0IE64dcqjfLZ\nU7tSJfPJEQf21A0RKvV8Esigt8GQYsNuaeeKe7RVlBPHEdGhiejT0aYonOImj8nx\n8ElI1NEW0pbCCiqXeQU2KHFBehuYkZ8z/2FaX+tVaLczIcEsDY4jFgxTI2v8SBez\n+co+8ixWg5+NihERCK0Lp2ny8tcYss9gP4BGZV9dut5gkeBk+SZ+5/DMsJIOtIJ6\naYQJaWm9woot7gQNDJoAujPZmehO31DTumZcxbGhxTFnzH4am4pitEXawBKYwZyN\naW8f67ycqeN+tvxK1vDvsN7XgMDmJpECuekBcU6kcwKCAQEAu4C0yhfQsApQRQm5\nXAns5oS0/2hrmWjrMAGP3tghok7GvfG0Cng57y3L1HyLwMsWkET/u7Vqg/JQVw5q\nKXhLBWf6dX84q60FeRSBj/wwqtQnxqeUsRrBeL7VosjoSL6UJotbYKyQND0Hstfq\nu41FV6quQXCiwdgvQtLpPyneQl5N33lmR4rYgz+1AfEVmVAHsE75bXKPhBGNspfB\n2V3O8TZE/feq/dKaFdnAz6ZB09wGGSMHLNBneJzkWz9N9qHI1ggcZ8uDab9LNiMr\nA4b2jjCIG7EUviPanX1KfS1exgKg9UPQYwg5+/aToCo7rzoJv9bhWjBO2zqenriM\nGd74UQKCAQEArKmv9BswTbkv3lIZm20q7VafRL65iEHya4NQjpaXnwWkWXOtNYtT\n1a0uP5VLSJ/YCeuKUjqcdfXTi8Sgq+sVg2eSUzVAphaWW+FQScK+9qNkH4Fnld3b\na7L4ME1dLacQQ/bGjYOdTyieWZ6edfp4YDRvFsHlEI0EjYFAaVEW3LQ3AWf49SuJ\niMyOqinOV8wUhAENl2PwEj8Uz12yxqctUtm4CMO8ocsZpZdMd8kqPAxH7j4PR/D9\nuV9G7/6IiI/paeDJKESmX+rx9FH27ZD4e1WC1XKRp0V0oE/RjDHP2JjkcuBFDP6K\npgYu8hMN/NiiHwLuGnk3nULHbaT0fBDn4QKCAQBTwoXMENlSVpUgb6GvV9DPizVB\nTZm0W8hDHPM/tPWNn+y3niCAk11AzvlUT80g88uy+yfwo07j3P2gSi+2fMSKxfWF\nOHrnF3nX3cLLeMwOQptpBoSO14zPJnDpjV82FVZJPXdHcOc4WF+MSy1yHGI/65hK\n6T7HODoWV9yA7956ap3WxMRfe1j+NdfFaDEa35cBSbLeP8POBfz8C8BIpBkanw1F\nhogXLoenn3G60YNQMF1FLv7QW8w5vnayKX5nfkgjGFIo3MIuYw5BLY/xcT95i00E\nFMHHH40zT34wXUUFmpQUVJrI3F1PNWrtRXUEtkcRprWpRVt2E4jOSpf5Q1rS\n-----END RSA PRIVATE KEY-----\n",
            "content_base64": null,
            "content_base64sha256": "WuwHGsb/07J4VHN8V/xZIuXydK2dtpBBf86bvFHmxoI=",
            "content_base64sha512": "upSyXCjP8R848PyZcwGuMc7fvcyMc9O0x7TP/0mYiM1V8dCfyB/WYs4cfBVRfGbRF5dRD6BLfTScW/vi0x5H8g==",
            "content_md5": "ade2f2b557cb16ba5a1411b60c6bf2d4",
            "content_sha1": "bd064738f7938ebc55fc8a179d888a10cb17965b",
            "content_sha256": "5aec071ac6ffd3b27854737c57fc5922e5f274ad9db690417fce9bbc51e6c682",
            "content_sha512": "ba94b25c28cff11f38f0fc997301ae31cedfbdcc8c73d3b4c7b4cfff499888cd55f1d09fc81fd662ce1c7c15517c66d11797510fa04b7d349c5bfbe2d31e47f2",
            "directory_permission": "0777",
            "file_permission": "0400",
            "filename": "matelliocorp_bastion_key.pem",
            "id": "bd064738f7938ebc55fc8a179d888a10cb17965b",
            "sensitive_content": null,
            "source": null
          },
          "sensitive_attributes": [
            [
              {
                "type": "get_attr",
                "value": "content"
              }
            ]
          ],
          "dependencies": [
            "module.RDS-Module.tls_private_key.my_bastion_key"
          ]
        }
      ]
    },
    {
      "module": "module.RDS-Module",
      "mode": "managed",
      "type": "local_file",
      "name": "private_key",
      "provider": "provider[\"registry.terraform.io/hashicorp/local\"]",
      "instances": [
        {
          "schema_version": 0,
          "attributes": {
            "content": "-----BEGIN RSA PRIVATE KEY-----\nMIIJKAIBAAKCAgEA+SqWQwu014ohFXT+B0wsTwShXRXGxnxZkAJxz9+WOiWngg0o\n3xETd49NnoouPFnjEx3L30CL1/nxDgR/d4shIpvYycF4rl4k83njk2NU/VTedQ9+\n/B7ANX6nNrrZ6nzcwntmJz3AffR1qmojqwonX7jUrjwasXIwd2sy2ARLPQWs0GoB\nenzudL321rxDRiRdaxmFx3rXrBO+18jOD8AT5D/SVzIJhPoWgLhz88RDZIJIKvVC\ngeX0IMWNUkxz8M5fj97Fwd6RcVE8u7X/QqjB/qjdpf1SAYGKLHNptLbqcKh+qUMV\n/9ynXb5Xdspu70Eqzxc478AhD816YUpjpqpZpTkEWTN0BDGgQLb9qnT6ON9ROgw4\nIM2wCV9z5u6yeb6BSL6xaUTrLc+DvUDoYEN9AQVobfgpOP5mO/Cw//FTVAfHKtek\na9nKfBGH7k4C5MRIeuI/ryJev7NJH98O0rTKJpjTHeZiGogbNJyjYmCsLMM8SAfi\nz7iFs3P5DE6p+RznJNjbSmFpumzRWlZzhajRnlyrp64lD/mhkJ7kGWJcC/1c02TS\nqiTX51uRpMW9KvXPmViU1hijA+vcE/BYXFPTWxFUjZEbvmt9+tVbDn4JQn7ninWq\ncRCUFP6PJv+S9DpZknQrIlQOZzeLKmFFYFNtpl3yA3mTMX+kTt3bj0PCT98CAwEA\nAQKCAgA1XR2ZdmRg1UCIq+nL/lBvC/rTSNqtn+w+n4dokeZGxdG+VLswKyQUMyjY\nj5efbVDowzTqt5Q7yVgLPINgQvfxxZcEft8t2RPo4W4QHvIQ36BVSeBUdvGLg3ik\njBgn1F4jePJD7UHQuA6LVPgWpbIRGjDSsCS3ZFFlAhx9j03d391HNazjYuZfMmAv\nVVrDJv6q9WhldLXEMOZqqKMZVHXuKI0QB7NqO3WeU+LhjmMwn4Z9TNHVqD5E1oqR\n2bXrGQf2dCu+fcCAmHl9alklGaeStu/hoQNzNx80rfMxtQs43Z1i+u83QTbHKQDq\nfCiOLVLRz5NuJaPvEn7nX1tAUrOn9wGtJI+pozxGKFt1Ycavh+7rLVRFFqxaNByQ\nIn36IDMrf8E5r3PpKFJKPE45weX2q/nLOUQSSxtX4RFe8UcX3/sO7FwvzWu2X03D\n4VHNPp++TpIIkkJys0AEg1JqdU5cSn3fjx0VmD9tYVF/m1EAX7GrDbDHRziQ2dnG\nSVpTEku6U8ocq3268QkkBAR8vN1q/6CIBofPRitQghBI6Yp9nYYk/hUnCalKcNwt\n5bc8VWu5y3X3gFtLdZ3HZo97K7/bxZEkreEwqg+4BNIZILKfShvxLhXwT2fj1kyn\nO35B1ty5ZyD6hviM4A48Ey4EueR6zpXKr6sQLVWuVGbqUvgtgQKCAQEA+cY5oAYY\nyRv6gO4ZKQpZYNEvxjyEFWTJ9+TNKli3xs7f47mSgKzlQegRxjRlYHT+inGqk6Ic\nBNhR7Hrxr5JnK2Sudl1fnXmzmqC++5txMG0SlkpGS9yVObjYbNj9nBkIqek+nnr0\nnrPtcEV/rGnlwksCE4uFGJ65lG/p97e7stW01KqzgWqsTb7Rd31mpu5mpJ9gYikW\nNG7NHSiz7gP5MzKTd0b08I9h3RgYkZs+M6/6saM6xVrHFLR5pFJDrhHc3m9qCqcb\n0i7PaOPJpRAvD/pwgOFNv1iOYXYOQ4D33fK9kO8xCgQKlTay2ugSrRDjbEuZuhTP\noYPhqhgIWNFLbwKCAQEA/2B7iBtLSqSkF9PucB8fyvxMlc5V+Pqduiq1sIqNsSAj\nyUy7irm2a2bzEvPHO3VJSNXNVO2flGiUXAbHzoUnY0xmgQeANISodH43lSCjWwHD\n0Dhl6hQPFe4alzfXuliFJj9D8O2zflwDYl/D+aDVQPW/EmbQNKkugLgKt9HXC/pM\npFGOh2KFklcX6kKjLXm6EigCAaVYSMMqkUHMbxomV2kqCYV8d3gWIAXdAOWzCekQ\nQh+7v38tI3F848qIgH5PVeWbxfctvPo2NhNbjwA5y1/fe2d66XyK83fWamf5yX75\nljkRK+1BaSY1/DjT0PI767rRPrIcQtgPorS9ht/KkQKCAQAxwFguFcjOFjKZh9Of\nJx6SeFhpxhgRIthP9lUfgDhq8z4JYCdcVhP8Qrt3nWwsAGHLNcTiT0IBfQ0ka4DE\nlgbSz+UoUoT/GwS5YhdoipfLK46uPPEvnypiKv2BAN/TPfFJ1tnQO3GKQxCiclVy\nBE3tm384YWwLcWJJvNj/rKtIfeTdD3td5d+YRM/4WxQdYBM160EJjGGN5BwbGMZu\nPIBgwEw7T/juCcFWhrwuFJwZM45d38OPF/vble882d39SDWUYODgalTSUtyhae36\nYPTe2+WY5kfUO1Fw/FDvBTtaDEXSHrLH6fIpspGBpQRDUL/cDFr8g7Sv2VMTzGGt\nP1MlAoIBAQDQk+XxUZGaIoSfrYoGa3VVHeITTNZtJ4whnHaO/Wsi6wQviot2j54N\ndKU9qnvj9TRo168AGaCH3y6lRyh0Zc64zJK/+fddbagElX4iP+kMEJH1A8tBdyan\nG7T+Iy8AVQJTLcL5CbvbjZ16AIuY3CKxDsYDapPNHw0LNsYSQsIoV0O3xaDqtK4x\nyw6OV+Tc5Jnz8FdLLte/fh/LSfmGGM6OACfEZRE2po8zknZiIDmt83xC9ZYrntyo\nIS4HAsmgYQm9N26WLv9dZONYIVFbp6yMjf6C1Q7PmtgGaK9ocwnR5/JEHtIGlZ4i\nGoJnQabG9sG4E/qJAYIRmlSS6JoPicLxAoIBADj+TfYY5hzvaSRxYkBMBt7jUiun\nJ3h8c6m0sR7YdEO5kiA+DOx/Rl4V9xURtlI4X85vG+BvNM+eEOVW/x573CgAD2l7\n2jB4rXVOhcoF6+CzkC3PuZDtpmr+y1KRr87UTkfzDwfLP9gGwf7uu/4alVfAYbuR\n5I7Gg+Dq42T25OxblGQfuF9awIs3d2gjqJ6Lb2joZFHDNV59J59kTbruoyr6bL43\nmlKPwSoHAxqZBtFMi6xmEMj6AafOpwTLHMndXQeZpgTxsKNctjmiIdsaec7GA3lF\np6G6ZdBLzrzbN1Qz5pUhfZQjm0xLIOpnnTTSu2n9GKBopPLnh3HEmQKG6qU=\n-----END RSA PRIVATE KEY-----\n",
            "content_base64": null,
            "content_base64sha256": "KMteTjHsoZgw24efQU12IP5Ekhxn5+lKZaOBR5zoag8=",
            "content_base64sha512": "SbOLN5ZS1w3U8AP9RJ3Hqm5febHm0uMZZH26zQkes8v6P99J6crAKDXcjiC17/v9FX42SHXAXnQ1neTQCskQJg==",
            "content_md5": "884abafb7b0cb010e5ccb0a03ccd69f0",
            "content_sha1": "8958b74d942900bd8dee3272854960f0cb76db10",
            "content_sha256": "28cb5e4e31eca19830db879f414d7620fe44921c67e7e94a65a381479ce86a0f",
            "content_sha512": "49b38b379652d70dd4f003fd449dc7aa6e5f79b1e6d2e319647dbacd091eb3cbfa3fdf49e9cac02835dc8e20b5effbfd157e364875c05e74359de4d00ac91026",
            "directory_permission": "0777",
            "file_permission": "0400",
            "filename": "matelliocorp_private_key.pem",
            "id": "8958b74d942900bd8dee3272854960f0cb76db10",
            "sensitive_content": null,
            "source": null
          },
          "sensitive_attributes": [
            [
              {
                "type": "get_attr",
                "value": "content"
              }
            ]
          ],
          "dependencies": [
            "module.RDS-Module.tls_private_key.my_private_key"
          ]
        }
      ]
    },
    {
      "module": "module.RDS-Module",
      "mode": "managed",
      "type": "tls_private_key",
      "name": "my_bastion_key",
      "provider": "provider[\"registry.terraform.io/hashicorp/tls\"]",
      "instances": [
        {
          "schema_version": 1,
          "attributes": {
            "algorithm": "RSA",
            "ecdsa_curve": "P224",
            "id": "0e4b4ecf9292718c6a54d54ed0a7226226d548df",
            "private_key_openssh": "-----BEGIN OPENSSH PRIVATE KEY-----\nb3BlbnNzaC1rZXktdjEAAAAABG5vbmUAAAAEbm9uZQAAAAAAAAABAAACFwAAAAdz\nc2gtcnNhAAAAAwEAAQAAAgEAv0nrdd7unYSCxIWRB67RQfD5zJUyZj9cNRPOEdmr\n75cP75mztbBPKnEPF6aDF27+f9zvtHRve3X3spiR+TYDWbXuSb1iSGAx4ZfzMgYc\nUngdeUC6yMAwZmwNVHLzL0fy+qZMMEB4yd8/JczaAUoLO1e72gYzi6UNiTl0RCG3\nk0vPttR3nWBw9F/8lnwSg22GbEmp9PKI94SAvrQ3dXijTaYvOHUtM/tKDVZTphfC\nPEo+SvhFWr57QSlSg7WqHxfcFa3FyaBxFatMjH4YlxqCfWbsT02lWHZ0yTUqh4te\nFdkGpa2aXtN6U7JYVT1ps9wp1vTnWDejFyv9Ju6QlOU+mQ+koiodHFsZp2iHxA86\ns3LWdBU4UO21mLQBjjh0ruDG4YHMvJk9uNaJX1MS3edVFzNuSDyvR8Y3cj2h6iBl\nUo+TEuPdcQBTznpo5yNXGehUyJhJQ0Gx0KbgNaWhSkOC5KlhNbJ12vxgvBS2dNel\nlqnIuvSj18CO9KaxCdW29CDvqTjvtNngE26K/+kcippoU4eXQn03uYRCUPpAZ3Ak\nCPulzyRpD+G2biZASrE/5Mr36rdgXiAWa5TwUsPOnavDq9K0Ct87UJH3/KkYCJ0U\n+WbGQqEadDr5xwbDPaOPd7z/L+tBccLhwAcIn72CuOKbrYbY8ZwAEJRfdiPIfSoQ\nlacAAAc4qeCLR6ngi0cAAAAHc3NoLXJzYQAAAgEAv0nrdd7unYSCxIWRB67RQfD5\nzJUyZj9cNRPOEdmr75cP75mztbBPKnEPF6aDF27+f9zvtHRve3X3spiR+TYDWbXu\nSb1iSGAx4ZfzMgYcUngdeUC6yMAwZmwNVHLzL0fy+qZMMEB4yd8/JczaAUoLO1e7\n2gYzi6UNiTl0RCG3k0vPttR3nWBw9F/8lnwSg22GbEmp9PKI94SAvrQ3dXijTaYv\nOHUtM/tKDVZTphfCPEo+SvhFWr57QSlSg7WqHxfcFa3FyaBxFatMjH4YlxqCfWbs\nT02lWHZ0yTUqh4teFdkGpa2aXtN6U7JYVT1ps9wp1vTnWDejFyv9Ju6QlOU+mQ+k\noiodHFsZp2iHxA86s3LWdBU4UO21mLQBjjh0ruDG4YHMvJk9uNaJX1MS3edVFzNu\nSDyvR8Y3cj2h6iBlUo+TEuPdcQBTznpo5yNXGehUyJhJQ0Gx0KbgNaWhSkOC5Klh\nNbJ12vxgvBS2dNellqnIuvSj18CO9KaxCdW29CDvqTjvtNngE26K/+kcippoU4eX\nQn03uYRCUPpAZ3AkCPulzyRpD+G2biZASrE/5Mr36rdgXiAWa5TwUsPOnavDq9K0\nCt87UJH3/KkYCJ0U+WbGQqEadDr5xwbDPaOPd7z/L+tBccLhwAcIn72CuOKbrYbY\n8ZwAEJRfdiPIfSoQlacAAAADAQABAAACAF4mA73/+3GLxtDy7G7bnCLYeBo5VJT+\nmmOFW+dtOzKxJybGf6ztGgnJm6QIUH04JArKszAeHsClT0SX00DVVNDSunWQwM7e\nia5/GzODzmzIsbj8IvKrpSbEB8uIyCh9QRocv2MAWHMDbhEswh/gUabjh5HHe5c/\npWnk3VSrQ687oQBbkoPi87VTiP6IEpSdU4v4ta3ZsZAhpzw1dxZaSgXtxVAEXDs5\nczkdRA57ox4JbJ95kqkXF5L6w6IPx6uGEsyYusCCNyZzKTn81h2I7rDJ94UQslDX\n/KMLh+MutSALsTnaOCBz9cE8Bj3t/BiKRA2IfFTvDVZaUD7ZLFAchLH20WOngcG6\nzE+qlYgbjvFtV6V+CYzVjOXrOH4SyLTf5qG3/TpaQNLqH2gEuaPx+AIEXvTh2WGU\nC3Co20T2LVKPY8tMgLFHPelFURZHHOvGDZ2hsHjHmpXcmL7k83R9rOwY9aBqJWpp\n/56qYWir+a/QueFjg98vByW2u0JHK2fkmTOUkV8oZuHIpUrQm5QPbhltN9JF8X5z\nv45MME+hoXWUZOxYmzKtY/qOdbf0iypiY1fNjhpLr3zkN0LyBJZzks87sZYTbFmJ\nDWdhI4dQN//ZOVon4lHYXo6PnQCeOUaVTEbh47pDYL4Wre+5wsSz17JpvvkDfTTk\nIz+LGSmzmpABAAABAFPChcwQ2VJWlSBvoa9X0M+LNUFNmbRbyEMc8z+09Y2f7Lee\nIICTXUDO+VRPzSDzy7L7J/CjTuPc/aBKL7Z8xIrF9YU4eucXedfdwst4zA5Cm2kG\nhI7XjM8mcOmNXzYVVkk9d0dw5zhYX4xLLXIcYj/rmErpPsc4OhZX3IDv3npqndbE\nxF97WP4118VoMRrflwFJst4/w84F/PwLwEikGRqfDUWGiBcuh6efcbrRg1AwXUUu\n/tBbzDm+drIpfmd+SCMYUijcwi5jDkEtj/FxP3mLTQQUwccfjTNPfjBdRQWalBRU\nmsjcXU81au1FdQS2RxGmtalFW3YTiM5Kl/lDWtIAAAEBAOo+HOcYjLxhDZoeA2yu\njJUjSgTeB+8UOape+2A2WFGYFSSt9/pwLmovfIbh6+G9KWDksSnlDeKWhG2JwYlf\nJB6fFZiN3BkXSuM328shPsA2vupte4EKppj/Ex4cl3r815mO/Z5my3ACeossUTf2\nepF/3Ox+lfZBKXRx+bmMoFrd3IChfpbka0VGuIvyS4N+AQ5DJ/BxWu9u3FGeYmxp\nDmGVpfUDf6pqB7tjQDT4w/LLU3i8A787V1D4HmmKf2oCiPLoLazsjfjydULsx13/\nJruKSc4JGSgxn2Jl5HNIQu4HfZG8w07NwuyKqlx5PFehzZIHildCyCHurPNT479T\nsP0AAAEBANEOb/weI3T1eFrQ+B5NEIvZnjWRDlXKjNCBOuHXKo3y2VO7UiXzyREH\n9tQNESr1fBLIoLfBkGLDbmnninu0VZQTxxHRoYno09GmKJziJo/J8fBJSNTRFtKW\nwgoql3kFNihxQXobmJGfM/9hWl/rVWi3MyHBLA2OIxYMUyNr/EgXs/nKPvIsVoOf\njYoREQitC6dp8vLXGLLPYD+ARmVfXbreYJHgZPkmfufwzLCSDrSCemmECWlpvcKK\nLe4EDQyaALoz2ZnoTt9Q07pmXMWxocUxZ8x+GpuKYrRF2sASmMGcjWlvH+u8nKnj\nfrb8Stbw77De14DA5iaRArnpAXFOpHMAAAAAAQID\n-----END OPENSSH PRIVATE KEY-----\n",
            "private_key_pem": "-----BEGIN RSA PRIVATE KEY-----\nMIIJKQIBAAKCAgEAv0nrdd7unYSCxIWRB67RQfD5zJUyZj9cNRPOEdmr75cP75mz\ntbBPKnEPF6aDF27+f9zvtHRve3X3spiR+TYDWbXuSb1iSGAx4ZfzMgYcUngdeUC6\nyMAwZmwNVHLzL0fy+qZMMEB4yd8/JczaAUoLO1e72gYzi6UNiTl0RCG3k0vPttR3\nnWBw9F/8lnwSg22GbEmp9PKI94SAvrQ3dXijTaYvOHUtM/tKDVZTphfCPEo+SvhF\nWr57QSlSg7WqHxfcFa3FyaBxFatMjH4YlxqCfWbsT02lWHZ0yTUqh4teFdkGpa2a\nXtN6U7JYVT1ps9wp1vTnWDejFyv9Ju6QlOU+mQ+koiodHFsZp2iHxA86s3LWdBU4\nUO21mLQBjjh0ruDG4YHMvJk9uNaJX1MS3edVFzNuSDyvR8Y3cj2h6iBlUo+TEuPd\ncQBTznpo5yNXGehUyJhJQ0Gx0KbgNaWhSkOC5KlhNbJ12vxgvBS2dNellqnIuvSj\n18CO9KaxCdW29CDvqTjvtNngE26K/+kcippoU4eXQn03uYRCUPpAZ3AkCPulzyRp\nD+G2biZASrE/5Mr36rdgXiAWa5TwUsPOnavDq9K0Ct87UJH3/KkYCJ0U+WbGQqEa\ndDr5xwbDPaOPd7z/L+tBccLhwAcIn72CuOKbrYbY8ZwAEJRfdiPIfSoQlacCAwEA\nAQKCAgBeJgO9//txi8bQ8uxu25wi2HgaOVSU/ppjhVvnbTsysScmxn+s7RoJyZuk\nCFB9OCQKyrMwHh7ApU9El9NA1VTQ0rp1kMDO3omufxszg85syLG4/CLyq6UmxAfL\niMgofUEaHL9jAFhzA24RLMIf4FGm44eRx3uXP6Vp5N1Uq0OvO6EAW5KD4vO1U4j+\niBKUnVOL+LWt2bGQIac8NXcWWkoF7cVQBFw7OXM5HUQOe6MeCWyfeZKpFxeS+sOi\nD8erhhLMmLrAgjcmcyk5/NYdiO6wyfeFELJQ1/yjC4fjLrUgC7E52jggc/XBPAY9\n7fwYikQNiHxU7w1WWlA+2SxQHISx9tFjp4HBusxPqpWIG47xbVelfgmM1Yzl6zh+\nEsi03+aht/06WkDS6h9oBLmj8fgCBF704dlhlAtwqNtE9i1Sj2PLTICxRz3pRVEW\nRxzrxg2dobB4x5qV3Ji+5PN0fazsGPWgaiVqaf+eqmFoq/mv0LnhY4PfLwcltrtC\nRytn5JkzlJFfKGbhyKVK0JuUD24ZbTfSRfF+c7+OTDBPoaF1lGTsWJsyrWP6jnW3\n9IsqYmNXzY4aS6985DdC8gSWc5LPO7GWE2xZiQ1nYSOHUDf/2TlaJ+JR2F6Oj50A\nnjlGlUxG4eO6Q2C+Fq3vucLEs9eyab75A3005CM/ixkps5qQAQKCAQEA6j4c5xiM\nvGENmh4DbK6MlSNKBN4H7xQ5ql77YDZYUZgVJK33+nAuai98huHr4b0pYOSxKeUN\n4paEbYnBiV8kHp8VmI3cGRdK4zfbyyE+wDa+6m17gQqmmP8THhyXevzXmY79nmbL\ncAJ6iyxRN/Z6kX/c7H6V9kEpdHH5uYygWt3cgKF+luRrRUa4i/JLg34BDkMn8HFa\n727cUZ5ibGkOYZWl9QN/qmoHu2NANPjD8stTeLwDvztXUPgeaYp/agKI8ugtrOyN\n+PJ1QuzHXf8mu4pJzgkZKDGfYmXkc0hC7gd9kbzDTs3C7IqqXHk8V6HNkgeKV0LI\nIe6s81Pjv1Ow/QKCAQEA0Q5v/B4jdPV4WtD4Hk0Qi9meNZEOVcqM0IE64dcqjfLZ\nU7tSJfPJEQf21A0RKvV8Esigt8GQYsNuaeeKe7RVlBPHEdGhiejT0aYonOImj8nx\n8ElI1NEW0pbCCiqXeQU2KHFBehuYkZ8z/2FaX+tVaLczIcEsDY4jFgxTI2v8SBez\n+co+8ixWg5+NihERCK0Lp2ny8tcYss9gP4BGZV9dut5gkeBk+SZ+5/DMsJIOtIJ6\naYQJaWm9woot7gQNDJoAujPZmehO31DTumZcxbGhxTFnzH4am4pitEXawBKYwZyN\naW8f67ycqeN+tvxK1vDvsN7XgMDmJpECuekBcU6kcwKCAQEAu4C0yhfQsApQRQm5\nXAns5oS0/2hrmWjrMAGP3tghok7GvfG0Cng57y3L1HyLwMsWkET/u7Vqg/JQVw5q\nKXhLBWf6dX84q60FeRSBj/wwqtQnxqeUsRrBeL7VosjoSL6UJotbYKyQND0Hstfq\nu41FV6quQXCiwdgvQtLpPyneQl5N33lmR4rYgz+1AfEVmVAHsE75bXKPhBGNspfB\n2V3O8TZE/feq/dKaFdnAz6ZB09wGGSMHLNBneJzkWz9N9qHI1ggcZ8uDab9LNiMr\nA4b2jjCIG7EUviPanX1KfS1exgKg9UPQYwg5+/aToCo7rzoJv9bhWjBO2zqenriM\nGd74UQKCAQEArKmv9BswTbkv3lIZm20q7VafRL65iEHya4NQjpaXnwWkWXOtNYtT\n1a0uP5VLSJ/YCeuKUjqcdfXTi8Sgq+sVg2eSUzVAphaWW+FQScK+9qNkH4Fnld3b\na7L4ME1dLacQQ/bGjYOdTyieWZ6edfp4YDRvFsHlEI0EjYFAaVEW3LQ3AWf49SuJ\niMyOqinOV8wUhAENl2PwEj8Uz12yxqctUtm4CMO8ocsZpZdMd8kqPAxH7j4PR/D9\nuV9G7/6IiI/paeDJKESmX+rx9FH27ZD4e1WC1XKRp0V0oE/RjDHP2JjkcuBFDP6K\npgYu8hMN/NiiHwLuGnk3nULHbaT0fBDn4QKCAQBTwoXMENlSVpUgb6GvV9DPizVB\nTZm0W8hDHPM/tPWNn+y3niCAk11AzvlUT80g88uy+yfwo07j3P2gSi+2fMSKxfWF\nOHrnF3nX3cLLeMwOQptpBoSO14zPJnDpjV82FVZJPXdHcOc4WF+MSy1yHGI/65hK\n6T7HODoWV9yA7956ap3WxMRfe1j+NdfFaDEa35cBSbLeP8POBfz8C8BIpBkanw1F\nhogXLoenn3G60YNQMF1FLv7QW8w5vnayKX5nfkgjGFIo3MIuYw5BLY/xcT95i00E\nFMHHH40zT34wXUUFmpQUVJrI3F1PNWrtRXUEtkcRprWpRVt2E4jOSpf5Q1rS\n-----END RSA PRIVATE KEY-----\n",
            "private_key_pem_pkcs8": "-----BEGIN PRIVATE KEY-----\nMIIJQwIBADANBgkqhkiG9w0BAQEFAASCCS0wggkpAgEAAoICAQC/Set13u6dhILE\nhZEHrtFB8PnMlTJmP1w1E84R2avvlw/vmbO1sE8qcQ8XpoMXbv5/3O+0dG97dfey\nmJH5NgNZte5JvWJIYDHhl/MyBhxSeB15QLrIwDBmbA1UcvMvR/L6pkwwQHjJ3z8l\nzNoBSgs7V7vaBjOLpQ2JOXREIbeTS8+21HedYHD0X/yWfBKDbYZsSan08oj3hIC+\ntDd1eKNNpi84dS0z+0oNVlOmF8I8Sj5K+EVavntBKVKDtaofF9wVrcXJoHEVq0yM\nfhiXGoJ9ZuxPTaVYdnTJNSqHi14V2QalrZpe03pTslhVPWmz3CnW9OdYN6MXK/0m\n7pCU5T6ZD6SiKh0cWxmnaIfEDzqzctZ0FThQ7bWYtAGOOHSu4Mbhgcy8mT241olf\nUxLd51UXM25IPK9HxjdyPaHqIGVSj5MS491xAFPOemjnI1cZ6FTImElDQbHQpuA1\npaFKQ4LkqWE1snXa/GC8FLZ016WWqci69KPXwI70prEJ1bb0IO+pOO+02eATbor/\n6RyKmmhTh5dCfTe5hEJQ+kBncCQI+6XPJGkP4bZuJkBKsT/kyvfqt2BeIBZrlPBS\nw86dq8Or0rQK3ztQkff8qRgInRT5ZsZCoRp0OvnHBsM9o493vP8v60FxwuHABwif\nvYK44puthtjxnAAQlF92I8h9KhCVpwIDAQABAoICAF4mA73/+3GLxtDy7G7bnCLY\neBo5VJT+mmOFW+dtOzKxJybGf6ztGgnJm6QIUH04JArKszAeHsClT0SX00DVVNDS\nunWQwM7eia5/GzODzmzIsbj8IvKrpSbEB8uIyCh9QRocv2MAWHMDbhEswh/gUabj\nh5HHe5c/pWnk3VSrQ687oQBbkoPi87VTiP6IEpSdU4v4ta3ZsZAhpzw1dxZaSgXt\nxVAEXDs5czkdRA57ox4JbJ95kqkXF5L6w6IPx6uGEsyYusCCNyZzKTn81h2I7rDJ\n94UQslDX/KMLh+MutSALsTnaOCBz9cE8Bj3t/BiKRA2IfFTvDVZaUD7ZLFAchLH2\n0WOngcG6zE+qlYgbjvFtV6V+CYzVjOXrOH4SyLTf5qG3/TpaQNLqH2gEuaPx+AIE\nXvTh2WGUC3Co20T2LVKPY8tMgLFHPelFURZHHOvGDZ2hsHjHmpXcmL7k83R9rOwY\n9aBqJWpp/56qYWir+a/QueFjg98vByW2u0JHK2fkmTOUkV8oZuHIpUrQm5QPbhlt\nN9JF8X5zv45MME+hoXWUZOxYmzKtY/qOdbf0iypiY1fNjhpLr3zkN0LyBJZzks87\nsZYTbFmJDWdhI4dQN//ZOVon4lHYXo6PnQCeOUaVTEbh47pDYL4Wre+5wsSz17Jp\nvvkDfTTkIz+LGSmzmpABAoIBAQDqPhznGIy8YQ2aHgNsroyVI0oE3gfvFDmqXvtg\nNlhRmBUkrff6cC5qL3yG4evhvSlg5LEp5Q3iloRticGJXyQenxWYjdwZF0rjN9vL\nIT7ANr7qbXuBCqaY/xMeHJd6/NeZjv2eZstwAnqLLFE39nqRf9zsfpX2QSl0cfm5\njKBa3dyAoX6W5GtFRriL8kuDfgEOQyfwcVrvbtxRnmJsaQ5hlaX1A3+qage7Y0A0\n+MPyy1N4vAO/O1dQ+B5pin9qAojy6C2s7I348nVC7Mdd/ya7iknOCRkoMZ9iZeRz\nSELuB32RvMNOzcLsiqpceTxXoc2SB4pXQsgh7qzzU+O/U7D9AoIBAQDRDm/8HiN0\n9Xha0PgeTRCL2Z41kQ5VyozQgTrh1yqN8tlTu1Il88kRB/bUDREq9XwSyKC3wZBi\nw25p54p7tFWUE8cR0aGJ6NPRpiic4iaPyfHwSUjU0RbSlsIKKpd5BTYocUF6G5iR\nnzP/YVpf61VotzMhwSwNjiMWDFMja/xIF7P5yj7yLFaDn42KEREIrQunafLy1xiy\nz2A/gEZlX1263mCR4GT5Jn7n8Mywkg60gnpphAlpab3Cii3uBA0MmgC6M9mZ6E7f\nUNO6ZlzFsaHFMWfMfhqbimK0RdrAEpjBnI1pbx/rvJyp4362/ErW8O+w3teAwOYm\nkQK56QFxTqRzAoIBAQC7gLTKF9CwClBFCblcCezmhLT/aGuZaOswAY/e2CGiTsa9\n8bQKeDnvLcvUfIvAyxaQRP+7tWqD8lBXDmopeEsFZ/p1fzirrQV5FIGP/DCq1CfG\np5SxGsF4vtWiyOhIvpQmi1tgrJA0PQey1+q7jUVXqq5BcKLB2C9C0uk/Kd5CXk3f\neWZHitiDP7UB8RWZUAewTvltco+EEY2yl8HZXc7xNkT996r90poV2cDPpkHT3AYZ\nIwcs0Gd4nORbP032ocjWCBxny4Npv0s2IysDhvaOMIgbsRS+I9qdfUp9LV7GAqD1\nQ9BjCDn79pOgKjuvOgm/1uFaME7bOp6euIwZ3vhRAoIBAQCsqa/0GzBNuS/eUhmb\nbSrtVp9EvrmIQfJrg1COlpefBaRZc601i1PVrS4/lUtIn9gJ64pSOpx19dOLxKCr\n6xWDZ5JTNUCmFpZb4VBJwr72o2QfgWeV3dtrsvgwTV0tpxBD9saNg51PKJ5Znp51\n+nhgNG8WweUQjQSNgUBpURbctDcBZ/j1K4mIzI6qKc5XzBSEAQ2XY/ASPxTPXbLG\npy1S2bgIw7yhyxmll0x3ySo8DEfuPg9H8P25X0bv/oiIj+lp4MkoRKZf6vH0Ufbt\nkPh7VYLVcpGnRXSgT9GMMc/YmORy4EUM/oqmBi7yEw382KIfAu4aeTedQsdtpPR8\nEOfhAoIBAFPChcwQ2VJWlSBvoa9X0M+LNUFNmbRbyEMc8z+09Y2f7LeeIICTXUDO\n+VRPzSDzy7L7J/CjTuPc/aBKL7Z8xIrF9YU4eucXedfdwst4zA5Cm2kGhI7XjM8m\ncOmNXzYVVkk9d0dw5zhYX4xLLXIcYj/rmErpPsc4OhZX3IDv3npqndbExF97WP41\n18VoMRrflwFJst4/w84F/PwLwEikGRqfDUWGiBcuh6efcbrRg1AwXUUu/tBbzDm+\ndrIpfmd+SCMYUijcwi5jDkEtj/FxP3mLTQQUwccfjTNPfjBdRQWalBRUmsjcXU81\nau1FdQS2RxGmtalFW3YTiM5Kl/lDWtI=\n-----END PRIVATE KEY-----\n",
            "public_key_fingerprint_md5": "3e:c5:2e:e4:63:ea:54:c2:a8:a4:78:80:88:59:6f:f3",
            "public_key_fingerprint_sha256": "SHA256:oMvnzm6EvuwhR5ZQ8CowwzEUNPK40VFXV6ejcQjzLCw",
            "public_key_openssh": "ssh-rsa AAAAB3NzaC1yc2EAAAADAQABAAACAQC/Set13u6dhILEhZEHrtFB8PnMlTJmP1w1E84R2avvlw/vmbO1sE8qcQ8XpoMXbv5/3O+0dG97dfeymJH5NgNZte5JvWJIYDHhl/MyBhxSeB15QLrIwDBmbA1UcvMvR/L6pkwwQHjJ3z8lzNoBSgs7V7vaBjOLpQ2JOXREIbeTS8+21HedYHD0X/yWfBKDbYZsSan08oj3hIC+tDd1eKNNpi84dS0z+0oNVlOmF8I8Sj5K+EVavntBKVKDtaofF9wVrcXJoHEVq0yMfhiXGoJ9ZuxPTaVYdnTJNSqHi14V2QalrZpe03pTslhVPWmz3CnW9OdYN6MXK/0m7pCU5T6ZD6SiKh0cWxmnaIfEDzqzctZ0FThQ7bWYtAGOOHSu4Mbhgcy8mT241olfUxLd51UXM25IPK9HxjdyPaHqIGVSj5MS491xAFPOemjnI1cZ6FTImElDQbHQpuA1paFKQ4LkqWE1snXa/GC8FLZ016WWqci69KPXwI70prEJ1bb0IO+pOO+02eATbor/6RyKmmhTh5dCfTe5hEJQ+kBncCQI+6XPJGkP4bZuJkBKsT/kyvfqt2BeIBZrlPBSw86dq8Or0rQK3ztQkff8qRgInRT5ZsZCoRp0OvnHBsM9o493vP8v60FxwuHABwifvYK44puthtjxnAAQlF92I8h9KhCVpw==\n",
            "public_key_pem": "-----BEGIN PUBLIC KEY-----\nMIICIjANBgkqhkiG9w0BAQEFAAOCAg8AMIICCgKCAgEAv0nrdd7unYSCxIWRB67R\nQfD5zJUyZj9cNRPOEdmr75cP75mztbBPKnEPF6aDF27+f9zvtHRve3X3spiR+TYD\nWbXuSb1iSGAx4ZfzMgYcUngdeUC6yMAwZmwNVHLzL0fy+qZMMEB4yd8/JczaAUoL\nO1e72gYzi6UNiTl0RCG3k0vPttR3nWBw9F/8lnwSg22GbEmp9PKI94SAvrQ3dXij\nTaYvOHUtM/tKDVZTphfCPEo+SvhFWr57QSlSg7WqHxfcFa3FyaBxFatMjH4YlxqC\nfWbsT02lWHZ0yTUqh4teFdkGpa2aXtN6U7JYVT1ps9wp1vTnWDejFyv9Ju6QlOU+\nmQ+koiodHFsZp2iHxA86s3LWdBU4UO21mLQBjjh0ruDG4YHMvJk9uNaJX1MS3edV\nFzNuSDyvR8Y3cj2h6iBlUo+TEuPdcQBTznpo5yNXGehUyJhJQ0Gx0KbgNaWhSkOC\n5KlhNbJ12vxgvBS2dNellqnIuvSj18CO9KaxCdW29CDvqTjvtNngE26K/+kcippo\nU4eXQn03uYRCUPpAZ3AkCPulzyRpD+G2biZASrE/5Mr36rdgXiAWa5TwUsPOnavD\nq9K0Ct87UJH3/KkYCJ0U+WbGQqEadDr5xwbDPaOPd7z/L+tBccLhwAcIn72CuOKb\nrYbY8ZwAEJRfdiPIfSoQlacCAwEAAQ==\n-----END PUBLIC KEY-----\n",
            "rsa_bits": 4096
          },
          "sensitive_attributes": []
        }
      ]
    },
    {
      "module": "module.RDS-Module",
      "mode": "managed",
      "type": "tls_private_key",
      "name": "my_private_key",
      "provider": "provider[\"registry.terraform.io/hashicorp/tls\"]",
      "instances": [
        {
          "schema_version": 1,
          "attributes": {
            "algorithm": "RSA",
            "ecdsa_curve": "P224",
            "id": "a20ca10dca0054b426217bda4f91173e82ad026d",
            "private_key_openssh": "-----BEGIN OPENSSH PRIVATE KEY-----\nb3BlbnNzaC1rZXktdjEAAAAABG5vbmUAAAAEbm9uZQAAAAAAAAABAAACFwAAAAdz\nc2gtcnNhAAAAAwEAAQAAAgEA+SqWQwu014ohFXT+B0wsTwShXRXGxnxZkAJxz9+W\nOiWngg0o3xETd49NnoouPFnjEx3L30CL1/nxDgR/d4shIpvYycF4rl4k83njk2NU\n/VTedQ9+/B7ANX6nNrrZ6nzcwntmJz3AffR1qmojqwonX7jUrjwasXIwd2sy2ARL\nPQWs0GoBenzudL321rxDRiRdaxmFx3rXrBO+18jOD8AT5D/SVzIJhPoWgLhz88RD\nZIJIKvVCgeX0IMWNUkxz8M5fj97Fwd6RcVE8u7X/QqjB/qjdpf1SAYGKLHNptLbq\ncKh+qUMV/9ynXb5Xdspu70Eqzxc478AhD816YUpjpqpZpTkEWTN0BDGgQLb9qnT6\nON9ROgw4IM2wCV9z5u6yeb6BSL6xaUTrLc+DvUDoYEN9AQVobfgpOP5mO/Cw//FT\nVAfHKteka9nKfBGH7k4C5MRIeuI/ryJev7NJH98O0rTKJpjTHeZiGogbNJyjYmCs\nLMM8SAfiz7iFs3P5DE6p+RznJNjbSmFpumzRWlZzhajRnlyrp64lD/mhkJ7kGWJc\nC/1c02TSqiTX51uRpMW9KvXPmViU1hijA+vcE/BYXFPTWxFUjZEbvmt9+tVbDn4J\nQn7ninWqcRCUFP6PJv+S9DpZknQrIlQOZzeLKmFFYFNtpl3yA3mTMX+kTt3bj0PC\nT98AAAc4sKNf/7CjX/8AAAAHc3NoLXJzYQAAAgEA+SqWQwu014ohFXT+B0wsTwSh\nXRXGxnxZkAJxz9+WOiWngg0o3xETd49NnoouPFnjEx3L30CL1/nxDgR/d4shIpvY\nycF4rl4k83njk2NU/VTedQ9+/B7ANX6nNrrZ6nzcwntmJz3AffR1qmojqwonX7jU\nrjwasXIwd2sy2ARLPQWs0GoBenzudL321rxDRiRdaxmFx3rXrBO+18jOD8AT5D/S\nVzIJhPoWgLhz88RDZIJIKvVCgeX0IMWNUkxz8M5fj97Fwd6RcVE8u7X/QqjB/qjd\npf1SAYGKLHNptLbqcKh+qUMV/9ynXb5Xdspu70Eqzxc478AhD816YUpjpqpZpTkE\nWTN0BDGgQLb9qnT6ON9ROgw4IM2wCV9z5u6yeb6BSL6xaUTrLc+DvUDoYEN9AQVo\nbfgpOP5mO/Cw//FTVAfHKteka9nKfBGH7k4C5MRIeuI/ryJev7NJH98O0rTKJpjT\nHeZiGogbNJyjYmCsLMM8SAfiz7iFs3P5DE6p+RznJNjbSmFpumzRWlZzhajRnlyr\np64lD/mhkJ7kGWJcC/1c02TSqiTX51uRpMW9KvXPmViU1hijA+vcE/BYXFPTWxFU\njZEbvmt9+tVbDn4JQn7ninWqcRCUFP6PJv+S9DpZknQrIlQOZzeLKmFFYFNtpl3y\nA3mTMX+kTt3bj0PCT98AAAADAQABAAACADVdHZl2ZGDVQIir6cv+UG8L+tNI2q2f\n7D6fh2iR5kbF0b5UuzArJBQzKNiPl59tUOjDNOq3lDvJWAs8g2BC9/HFlwR+3y3Z\nE+jhbhAe8hDfoFVJ4FR28YuDeKSMGCfUXiN48kPtQdC4DotU+BalshEaMNKwJLdk\nUWUCHH2PTd3f3Uc1rONi5l8yYC9VWsMm/qr1aGV0tcQw5mqooxlUde4ojRAHs2o7\ndZ5T4uGOYzCfhn1M0dWoPkTWipHZtesZB/Z0K759wICYeX1qWSUZp5K27+GhA3M3\nHzSt8zG1CzjdnWL67zdBNscpAOp8KI4tUtHPk24lo+8SfudfW0BSs6f3Aa0kj6mj\nPEYoW3Vhxq+H7ustVEUWrFo0HJAiffogMyt/wTmvc+koUko8TjnB5far+cs5RBJL\nG1fhEV7xRxff+w7sXC/Na7ZfTcPhUc0+n75OkgiSQnKzQASDUmp1TlxKfd+PHRWY\nP21hUX+bUQBfsasNsMdHOJDZ2cZJWlMSS7pTyhyrfbrxCSQEBHy83Wr/oIgGh89G\nK1CCEEjpin2dhiT+FScJqUpw3C3ltzxVa7nLdfeAW0t1ncdmj3srv9vFkSSt4TCq\nD7gE0hkgsp9KG/EuFfBPZ+PWTKc7fkHW3LlnIPqG+IzgDjwTLgS55HrOlcqvqxAt\nVa5UZupS+C2BAAABADj+TfYY5hzvaSRxYkBMBt7jUiunJ3h8c6m0sR7YdEO5kiA+\nDOx/Rl4V9xURtlI4X85vG+BvNM+eEOVW/x573CgAD2l72jB4rXVOhcoF6+CzkC3P\nuZDtpmr+y1KRr87UTkfzDwfLP9gGwf7uu/4alVfAYbuR5I7Gg+Dq42T25OxblGQf\nuF9awIs3d2gjqJ6Lb2joZFHDNV59J59kTbruoyr6bL43mlKPwSoHAxqZBtFMi6xm\nEMj6AafOpwTLHMndXQeZpgTxsKNctjmiIdsaec7GA3lFp6G6ZdBLzrzbN1Qz5pUh\nfZQjm0xLIOpnnTTSu2n9GKBopPLnh3HEmQKG6qUAAAEBAPnGOaAGGMkb+oDuGSkK\nWWDRL8Y8hBVkyffkzSpYt8bO3+O5koCs5UHoEcY0ZWB0/opxqpOiHATYUex68a+S\nZytkrnZdX515s5qgvvubcTBtEpZKRkvclTm42GzY/ZwZCKnpPp569J6z7XBFf6xp\n5cJLAhOLhRieuZRv6fe3u7LVtNSqs4FqrE2+0Xd9ZqbuZqSfYGIpFjRuzR0os+4D\n+TMyk3dG9PCPYd0YGJGbPjOv+rGjOsVaxxS0eaRSQ64R3N5vagqnG9Iuz2jjyaUQ\nLw/6cIDhTb9YjmF2DkOA993yvZDvMQoECpU2stroEq0Q42xLmboUz6GD4aoYCFjR\nS28AAAEBAP9ge4gbS0qkpBfT7nAfH8r8TJXOVfj6nboqtbCKjbEgI8lMu4q5tmtm\n8xLzxzt1SUjVzVTtn5RolFwGx86FJ2NMZoEHgDSEqHR+N5Ugo1sBw9A4ZeoUDxXu\nGpc317pYhSY/Q/Dts35cA2Jfw/mg1UD1vxJm0DSpLoC4CrfR1wv6TKRRjodihZJX\nF+pCoy15uhIoAgGlWEjDKpFBzG8aJldpKgmFfHd4FiAF3QDlswnpEEIfu79/LSNx\nfOPKiIB+T1Xlm8X3Lbz6NjYTW48AOctf33tneul8ivN31mpn+cl++ZY5ESvtQWkm\nNfw409DyO+u60T6yHELYD6K0vYbfypEAAAAAAQID\n-----END OPENSSH PRIVATE KEY-----\n",
            "private_key_pem": "-----BEGIN RSA PRIVATE KEY-----\nMIIJKAIBAAKCAgEA+SqWQwu014ohFXT+B0wsTwShXRXGxnxZkAJxz9+WOiWngg0o\n3xETd49NnoouPFnjEx3L30CL1/nxDgR/d4shIpvYycF4rl4k83njk2NU/VTedQ9+\n/B7ANX6nNrrZ6nzcwntmJz3AffR1qmojqwonX7jUrjwasXIwd2sy2ARLPQWs0GoB\nenzudL321rxDRiRdaxmFx3rXrBO+18jOD8AT5D/SVzIJhPoWgLhz88RDZIJIKvVC\ngeX0IMWNUkxz8M5fj97Fwd6RcVE8u7X/QqjB/qjdpf1SAYGKLHNptLbqcKh+qUMV\n/9ynXb5Xdspu70Eqzxc478AhD816YUpjpqpZpTkEWTN0BDGgQLb9qnT6ON9ROgw4\nIM2wCV9z5u6yeb6BSL6xaUTrLc+DvUDoYEN9AQVobfgpOP5mO/Cw//FTVAfHKtek\na9nKfBGH7k4C5MRIeuI/ryJev7NJH98O0rTKJpjTHeZiGogbNJyjYmCsLMM8SAfi\nz7iFs3P5DE6p+RznJNjbSmFpumzRWlZzhajRnlyrp64lD/mhkJ7kGWJcC/1c02TS\nqiTX51uRpMW9KvXPmViU1hijA+vcE/BYXFPTWxFUjZEbvmt9+tVbDn4JQn7ninWq\ncRCUFP6PJv+S9DpZknQrIlQOZzeLKmFFYFNtpl3yA3mTMX+kTt3bj0PCT98CAwEA\nAQKCAgA1XR2ZdmRg1UCIq+nL/lBvC/rTSNqtn+w+n4dokeZGxdG+VLswKyQUMyjY\nj5efbVDowzTqt5Q7yVgLPINgQvfxxZcEft8t2RPo4W4QHvIQ36BVSeBUdvGLg3ik\njBgn1F4jePJD7UHQuA6LVPgWpbIRGjDSsCS3ZFFlAhx9j03d391HNazjYuZfMmAv\nVVrDJv6q9WhldLXEMOZqqKMZVHXuKI0QB7NqO3WeU+LhjmMwn4Z9TNHVqD5E1oqR\n2bXrGQf2dCu+fcCAmHl9alklGaeStu/hoQNzNx80rfMxtQs43Z1i+u83QTbHKQDq\nfCiOLVLRz5NuJaPvEn7nX1tAUrOn9wGtJI+pozxGKFt1Ycavh+7rLVRFFqxaNByQ\nIn36IDMrf8E5r3PpKFJKPE45weX2q/nLOUQSSxtX4RFe8UcX3/sO7FwvzWu2X03D\n4VHNPp++TpIIkkJys0AEg1JqdU5cSn3fjx0VmD9tYVF/m1EAX7GrDbDHRziQ2dnG\nSVpTEku6U8ocq3268QkkBAR8vN1q/6CIBofPRitQghBI6Yp9nYYk/hUnCalKcNwt\n5bc8VWu5y3X3gFtLdZ3HZo97K7/bxZEkreEwqg+4BNIZILKfShvxLhXwT2fj1kyn\nO35B1ty5ZyD6hviM4A48Ey4EueR6zpXKr6sQLVWuVGbqUvgtgQKCAQEA+cY5oAYY\nyRv6gO4ZKQpZYNEvxjyEFWTJ9+TNKli3xs7f47mSgKzlQegRxjRlYHT+inGqk6Ic\nBNhR7Hrxr5JnK2Sudl1fnXmzmqC++5txMG0SlkpGS9yVObjYbNj9nBkIqek+nnr0\nnrPtcEV/rGnlwksCE4uFGJ65lG/p97e7stW01KqzgWqsTb7Rd31mpu5mpJ9gYikW\nNG7NHSiz7gP5MzKTd0b08I9h3RgYkZs+M6/6saM6xVrHFLR5pFJDrhHc3m9qCqcb\n0i7PaOPJpRAvD/pwgOFNv1iOYXYOQ4D33fK9kO8xCgQKlTay2ugSrRDjbEuZuhTP\noYPhqhgIWNFLbwKCAQEA/2B7iBtLSqSkF9PucB8fyvxMlc5V+Pqduiq1sIqNsSAj\nyUy7irm2a2bzEvPHO3VJSNXNVO2flGiUXAbHzoUnY0xmgQeANISodH43lSCjWwHD\n0Dhl6hQPFe4alzfXuliFJj9D8O2zflwDYl/D+aDVQPW/EmbQNKkugLgKt9HXC/pM\npFGOh2KFklcX6kKjLXm6EigCAaVYSMMqkUHMbxomV2kqCYV8d3gWIAXdAOWzCekQ\nQh+7v38tI3F848qIgH5PVeWbxfctvPo2NhNbjwA5y1/fe2d66XyK83fWamf5yX75\nljkRK+1BaSY1/DjT0PI767rRPrIcQtgPorS9ht/KkQKCAQAxwFguFcjOFjKZh9Of\nJx6SeFhpxhgRIthP9lUfgDhq8z4JYCdcVhP8Qrt3nWwsAGHLNcTiT0IBfQ0ka4DE\nlgbSz+UoUoT/GwS5YhdoipfLK46uPPEvnypiKv2BAN/TPfFJ1tnQO3GKQxCiclVy\nBE3tm384YWwLcWJJvNj/rKtIfeTdD3td5d+YRM/4WxQdYBM160EJjGGN5BwbGMZu\nPIBgwEw7T/juCcFWhrwuFJwZM45d38OPF/vble882d39SDWUYODgalTSUtyhae36\nYPTe2+WY5kfUO1Fw/FDvBTtaDEXSHrLH6fIpspGBpQRDUL/cDFr8g7Sv2VMTzGGt\nP1MlAoIBAQDQk+XxUZGaIoSfrYoGa3VVHeITTNZtJ4whnHaO/Wsi6wQviot2j54N\ndKU9qnvj9TRo168AGaCH3y6lRyh0Zc64zJK/+fddbagElX4iP+kMEJH1A8tBdyan\nG7T+Iy8AVQJTLcL5CbvbjZ16AIuY3CKxDsYDapPNHw0LNsYSQsIoV0O3xaDqtK4x\nyw6OV+Tc5Jnz8FdLLte/fh/LSfmGGM6OACfEZRE2po8zknZiIDmt83xC9ZYrntyo\nIS4HAsmgYQm9N26WLv9dZONYIVFbp6yMjf6C1Q7PmtgGaK9ocwnR5/JEHtIGlZ4i\nGoJnQabG9sG4E/qJAYIRmlSS6JoPicLxAoIBADj+TfYY5hzvaSRxYkBMBt7jUiun\nJ3h8c6m0sR7YdEO5kiA+DOx/Rl4V9xURtlI4X85vG+BvNM+eEOVW/x573CgAD2l7\n2jB4rXVOhcoF6+CzkC3PuZDtpmr+y1KRr87UTkfzDwfLP9gGwf7uu/4alVfAYbuR\n5I7Gg+Dq42T25OxblGQfuF9awIs3d2gjqJ6Lb2joZFHDNV59J59kTbruoyr6bL43\nmlKPwSoHAxqZBtFMi6xmEMj6AafOpwTLHMndXQeZpgTxsKNctjmiIdsaec7GA3lF\np6G6ZdBLzrzbN1Qz5pUhfZQjm0xLIOpnnTTSu2n9GKBopPLnh3HEmQKG6qU=\n-----END RSA PRIVATE KEY-----\n",
            "private_key_pem_pkcs8": "-----BEGIN PRIVATE KEY-----\nMIIJQgIBADANBgkqhkiG9w0BAQEFAASCCSwwggkoAgEAAoICAQD5KpZDC7TXiiEV\ndP4HTCxPBKFdFcbGfFmQAnHP35Y6JaeCDSjfERN3j02eii48WeMTHcvfQIvX+fEO\nBH93iyEim9jJwXiuXiTzeeOTY1T9VN51D378HsA1fqc2utnqfNzCe2YnPcB99HWq\naiOrCidfuNSuPBqxcjB3azLYBEs9BazQagF6fO50vfbWvENGJF1rGYXHetesE77X\nyM4PwBPkP9JXMgmE+haAuHPzxENkgkgq9UKB5fQgxY1STHPwzl+P3sXB3pFxUTy7\ntf9CqMH+qN2l/VIBgYosc2m0tupwqH6pQxX/3Kddvld2ym7vQSrPFzjvwCEPzXph\nSmOmqlmlOQRZM3QEMaBAtv2qdPo431E6DDggzbAJX3Pm7rJ5voFIvrFpROstz4O9\nQOhgQ30BBWht+Ck4/mY78LD/8VNUB8cq16Rr2cp8EYfuTgLkxEh64j+vIl6/s0kf\n3w7StMommNMd5mIaiBs0nKNiYKwswzxIB+LPuIWzc/kMTqn5HOck2NtKYWm6bNFa\nVnOFqNGeXKunriUP+aGQnuQZYlwL/VzTZNKqJNfnW5Gkxb0q9c+ZWJTWGKMD69wT\n8FhcU9NbEVSNkRu+a3361VsOfglCfueKdapxEJQU/o8m/5L0OlmSdCsiVA5nN4sq\nYUVgU22mXfIDeZMxf6RO3duPQ8JP3wIDAQABAoICADVdHZl2ZGDVQIir6cv+UG8L\n+tNI2q2f7D6fh2iR5kbF0b5UuzArJBQzKNiPl59tUOjDNOq3lDvJWAs8g2BC9/HF\nlwR+3y3ZE+jhbhAe8hDfoFVJ4FR28YuDeKSMGCfUXiN48kPtQdC4DotU+BalshEa\nMNKwJLdkUWUCHH2PTd3f3Uc1rONi5l8yYC9VWsMm/qr1aGV0tcQw5mqooxlUde4o\njRAHs2o7dZ5T4uGOYzCfhn1M0dWoPkTWipHZtesZB/Z0K759wICYeX1qWSUZp5K2\n7+GhA3M3HzSt8zG1CzjdnWL67zdBNscpAOp8KI4tUtHPk24lo+8SfudfW0BSs6f3\nAa0kj6mjPEYoW3Vhxq+H7ustVEUWrFo0HJAiffogMyt/wTmvc+koUko8TjnB5far\n+cs5RBJLG1fhEV7xRxff+w7sXC/Na7ZfTcPhUc0+n75OkgiSQnKzQASDUmp1TlxK\nfd+PHRWYP21hUX+bUQBfsasNsMdHOJDZ2cZJWlMSS7pTyhyrfbrxCSQEBHy83Wr/\noIgGh89GK1CCEEjpin2dhiT+FScJqUpw3C3ltzxVa7nLdfeAW0t1ncdmj3srv9vF\nkSSt4TCqD7gE0hkgsp9KG/EuFfBPZ+PWTKc7fkHW3LlnIPqG+IzgDjwTLgS55HrO\nlcqvqxAtVa5UZupS+C2BAoIBAQD5xjmgBhjJG/qA7hkpCllg0S/GPIQVZMn35M0q\nWLfGzt/juZKArOVB6BHGNGVgdP6KcaqTohwE2FHsevGvkmcrZK52XV+debOaoL77\nm3EwbRKWSkZL3JU5uNhs2P2cGQip6T6eevSes+1wRX+saeXCSwITi4UYnrmUb+n3\nt7uy1bTUqrOBaqxNvtF3fWam7makn2BiKRY0bs0dKLPuA/kzMpN3RvTwj2HdGBiR\nmz4zr/qxozrFWscUtHmkUkOuEdzeb2oKpxvSLs9o48mlEC8P+nCA4U2/WI5hdg5D\ngPfd8r2Q7zEKBAqVNrLa6BKtEONsS5m6FM+hg+GqGAhY0UtvAoIBAQD/YHuIG0tK\npKQX0+5wHx/K/EyVzlX4+p26KrWwio2xICPJTLuKubZrZvMS88c7dUlI1c1U7Z+U\naJRcBsfOhSdjTGaBB4A0hKh0fjeVIKNbAcPQOGXqFA8V7hqXN9e6WIUmP0Pw7bN+\nXANiX8P5oNVA9b8SZtA0qS6AuAq30dcL+kykUY6HYoWSVxfqQqMteboSKAIBpVhI\nwyqRQcxvGiZXaSoJhXx3eBYgBd0A5bMJ6RBCH7u/fy0jcXzjyoiAfk9V5ZvF9y28\n+jY2E1uPADnLX997Z3rpfIrzd9ZqZ/nJfvmWOREr7UFpJjX8ONPQ8jvrutE+shxC\n2A+itL2G38qRAoIBADHAWC4VyM4WMpmH058nHpJ4WGnGGBEi2E/2VR+AOGrzPglg\nJ1xWE/xCu3edbCwAYcs1xOJPQgF9DSRrgMSWBtLP5ShShP8bBLliF2iKl8srjq48\n8S+fKmIq/YEA39M98UnW2dA7cYpDEKJyVXIETe2bfzhhbAtxYkm82P+sq0h95N0P\ne13l35hEz/hbFB1gEzXrQQmMYY3kHBsYxm48gGDATDtP+O4JwVaGvC4UnBkzjl3f\nw48X+9uV7zzZ3f1INZRg4OBqVNJS3KFp7fpg9N7b5ZjmR9Q7UXD8UO8FO1oMRdIe\nssfp8imykYGlBENQv9wMWvyDtK/ZUxPMYa0/UyUCggEBANCT5fFRkZoihJ+tigZr\ndVUd4hNM1m0njCGcdo79ayLrBC+Ki3aPng10pT2qe+P1NGjXrwAZoIffLqVHKHRl\nzrjMkr/5911tqASVfiI/6QwQkfUDy0F3JqcbtP4jLwBVAlMtwvkJu9uNnXoAi5jc\nIrEOxgNqk80fDQs2xhJCwihXQ7fFoOq0rjHLDo5X5NzkmfPwV0su179+H8tJ+YYY\nzo4AJ8RlETamjzOSdmIgOa3zfEL1liue3KghLgcCyaBhCb03bpYu/11k41ghUVun\nrIyN/oLVDs+a2AZor2hzCdHn8kQe0gaVniIagmdBpsb2wbgT+okBghGaVJLomg+J\nwvECggEAOP5N9hjmHO9pJHFiQEwG3uNSK6cneHxzqbSxHth0Q7mSID4M7H9GXhX3\nFRG2Ujhfzm8b4G80z54Q5Vb/HnvcKAAPaXvaMHitdU6FygXr4LOQLc+5kO2mav7L\nUpGvztROR/MPB8s/2AbB/u67/hqVV8Bhu5HkjsaD4OrjZPbk7FuUZB+4X1rAizd3\naCOonotvaOhkUcM1Xn0nn2RNuu6jKvpsvjeaUo/BKgcDGpkG0UyLrGYQyPoBp86n\nBMscyd1dB5mmBPGwo1y2OaIh2xp5zsYDeUWnobpl0EvOvNs3VDPmlSF9lCObTEsg\n6medNNK7af0YoGik8ueHccSZAobqpQ==\n-----END PRIVATE KEY-----\n",
            "public_key_fingerprint_md5": "92:a3:f3:f1:e3:9d:50:65:26:ff:20:ca:f6:ae:75:3f",
            "public_key_fingerprint_sha256": "SHA256:f/RUwdqevW78HAxivkjdHkN9s8EPkAxhI25AIcdUUSk",
            "public_key_openssh": "ssh-rsa AAAAB3NzaC1yc2EAAAADAQABAAACAQD5KpZDC7TXiiEVdP4HTCxPBKFdFcbGfFmQAnHP35Y6JaeCDSjfERN3j02eii48WeMTHcvfQIvX+fEOBH93iyEim9jJwXiuXiTzeeOTY1T9VN51D378HsA1fqc2utnqfNzCe2YnPcB99HWqaiOrCidfuNSuPBqxcjB3azLYBEs9BazQagF6fO50vfbWvENGJF1rGYXHetesE77XyM4PwBPkP9JXMgmE+haAuHPzxENkgkgq9UKB5fQgxY1STHPwzl+P3sXB3pFxUTy7tf9CqMH+qN2l/VIBgYosc2m0tupwqH6pQxX/3Kddvld2ym7vQSrPFzjvwCEPzXphSmOmqlmlOQRZM3QEMaBAtv2qdPo431E6DDggzbAJX3Pm7rJ5voFIvrFpROstz4O9QOhgQ30BBWht+Ck4/mY78LD/8VNUB8cq16Rr2cp8EYfuTgLkxEh64j+vIl6/s0kf3w7StMommNMd5mIaiBs0nKNiYKwswzxIB+LPuIWzc/kMTqn5HOck2NtKYWm6bNFaVnOFqNGeXKunriUP+aGQnuQZYlwL/VzTZNKqJNfnW5Gkxb0q9c+ZWJTWGKMD69wT8FhcU9NbEVSNkRu+a3361VsOfglCfueKdapxEJQU/o8m/5L0OlmSdCsiVA5nN4sqYUVgU22mXfIDeZMxf6RO3duPQ8JP3w==\n",
            "public_key_pem": "-----BEGIN PUBLIC KEY-----\nMIICIjANBgkqhkiG9w0BAQEFAAOCAg8AMIICCgKCAgEA+SqWQwu014ohFXT+B0ws\nTwShXRXGxnxZkAJxz9+WOiWngg0o3xETd49NnoouPFnjEx3L30CL1/nxDgR/d4sh\nIpvYycF4rl4k83njk2NU/VTedQ9+/B7ANX6nNrrZ6nzcwntmJz3AffR1qmojqwon\nX7jUrjwasXIwd2sy2ARLPQWs0GoBenzudL321rxDRiRdaxmFx3rXrBO+18jOD8AT\n5D/SVzIJhPoWgLhz88RDZIJIKvVCgeX0IMWNUkxz8M5fj97Fwd6RcVE8u7X/QqjB\n/qjdpf1SAYGKLHNptLbqcKh+qUMV/9ynXb5Xdspu70Eqzxc478AhD816YUpjpqpZ\npTkEWTN0BDGgQLb9qnT6ON9ROgw4IM2wCV9z5u6yeb6BSL6xaUTrLc+DvUDoYEN9\nAQVobfgpOP5mO/Cw//FTVAfHKteka9nKfBGH7k4C5MRIeuI/ryJev7NJH98O0rTK\nJpjTHeZiGogbNJyjYmCsLMM8SAfiz7iFs3P5DE6p+RznJNjbSmFpumzRWlZzhajR\nnlyrp64lD/mhkJ7kGWJcC/1c02TSqiTX51uRpMW9KvXPmViU1hijA+vcE/BYXFPT\nWxFUjZEbvmt9+tVbDn4JQn7ninWqcRCUFP6PJv+S9DpZknQrIlQOZzeLKmFFYFNt\npl3yA3mTMX+kTt3bj0PCT98CAwEAAQ==\n-----END PUBLIC KEY-----\n",
            "rsa_bits": 4096
          },
          "sensitive_attributes": []
        }
      ]
    },
    {
      "module": "module.RDS-Module.module.VPC-Module",
      "mode": "data",
      "type": "aws_availability_zones",
      "name": "available",
      "provider": "provider[\"registry.terraform.io/hashicorp/aws\"]",
      "instances": [
        {
          "schema_version": 0,
          "attributes": {
            "all_availability_zones": null,
            "exclude_names": null,
            "exclude_zone_ids": null,
            "filter": null,
            "group_names": [
              "us-east-1"
            ],
            "id": "us-east-1",
            "names": [
              "us-east-1a",
              "us-east-1b",
              "us-east-1c",
              "us-east-1d",
              "us-east-1e",
              "us-east-1f"
            ],
            "state": null,
            "timeouts": null,
            "zone_ids": [
              "use1-az6",
              "use1-az1",
              "use1-az2",
              "use1-az4",
              "use1-az3",
              "use1-az5"
            ]
          },
          "sensitive_attributes": []
        }
      ]
    },
    {
      "module": "module.RDS-Module.module.VPC-Module",
      "mode": "managed",
      "type": "aws_eip",
      "name": "nat_eip",
      "provider": "provider[\"registry.terraform.io/hashicorp/aws\"]",
      "instances": [
        {
          "index_key": 0,
          "schema_version": 0,
          "attributes": {
            "address": null,
            "allocation_id": "eipalloc-0c4122e277eb439b2",
            "associate_with_private_ip": null,
            "association_id": "eipassoc-098e7f7771b73626c",
            "carrier_ip": "",
            "customer_owned_ip": "",
            "customer_owned_ipv4_pool": "",
            "domain": "vpc",
            "id": "eipalloc-0c4122e277eb439b2",
            "instance": "",
            "network_border_group": "us-east-1",
            "network_interface": "eni-05c9b5a4af7199504",
            "private_dns": "ip-10-0-2-127.ec2.internal",
            "private_ip": "10.0.2.127",
            "public_dns": "ec2-35-168-143-223.compute-1.amazonaws.com",
            "public_ip": "35.168.143.223",
            "public_ipv4_pool": "amazon",
            "tags": {
              "Name": "matelliocorp-eip-us-east-1a"
            },
            "tags_all": {
              "Name": "matelliocorp-eip-us-east-1a"
            },
            "timeouts": null,
            "vpc": true
          },
          "sensitive_attributes": [],
          "private": "eyJlMmJmYjczMC1lY2FhLTExZTYtOGY4OC0zNDM2M2JjN2M0YzAiOnsiZGVsZXRlIjoxODAwMDAwMDAwMDAsInJlYWQiOjkwMDAwMDAwMDAwMCwidXBkYXRlIjozMDAwMDAwMDAwMDB9fQ==",
          "dependencies": [
            "module.RDS-Module.module.VPC-Module.data.aws_availability_zones.available"
          ],
          "create_before_destroy": true
        },
        {
          "index_key": 1,
          "schema_version": 0,
          "attributes": {
            "address": null,
            "allocation_id": "eipalloc-00d073858cbb5362e",
            "associate_with_private_ip": null,
            "association_id": "eipassoc-0633625bcce802f27",
            "carrier_ip": "",
            "customer_owned_ip": "",
            "customer_owned_ipv4_pool": "",
            "domain": "vpc",
            "id": "eipalloc-00d073858cbb5362e",
            "instance": "",
            "network_border_group": "us-east-1",
            "network_interface": "eni-05342d79484061e0e",
            "private_dns": "ip-10-0-3-245.ec2.internal",
            "private_ip": "10.0.3.245",
            "public_dns": "ec2-35-153-174-78.compute-1.amazonaws.com",
            "public_ip": "35.153.174.78",
            "public_ipv4_pool": "amazon",
            "tags": {
              "Name": "matelliocorp-eip-us-east-1b"
            },
            "tags_all": {
              "Name": "matelliocorp-eip-us-east-1b"
            },
            "timeouts": null,
            "vpc": true
          },
          "sensitive_attributes": [],
          "private": "eyJlMmJmYjczMC1lY2FhLTExZTYtOGY4OC0zNDM2M2JjN2M0YzAiOnsiZGVsZXRlIjoxODAwMDAwMDAwMDAsInJlYWQiOjkwMDAwMDAwMDAwMCwidXBkYXRlIjozMDAwMDAwMDAwMDB9fQ==",
          "dependencies": [
            "module.RDS-Module.module.VPC-Module.data.aws_availability_zones.available"
          ],
          "create_before_destroy": true
        }
      ]
    },
    {
      "module": "module.RDS-Module.module.VPC-Module",
      "mode": "managed",
      "type": "aws_internet_gateway",
      "name": "igw",
      "provider": "provider[\"registry.terraform.io/hashicorp/aws\"]",
      "instances": [
        {
          "schema_version": 0,
          "attributes": {
            "arn": "arn:aws:ec2:us-east-1:015058543222:internet-gateway/igw-013eac71570497f1a",
            "id": "igw-013eac71570497f1a",
            "owner_id": "015058543222",
            "tags": {
              "Name": "matelliocorp-igw"
            },
            "tags_all": {
              "Name": "matelliocorp-igw"
            },
            "timeouts": null,
            "vpc_id": "vpc-022ef8423fbf7b654"
          },
          "sensitive_attributes": [],
          "private": "eyJlMmJmYjczMC1lY2FhLTExZTYtOGY4OC0zNDM2M2JjN2M0YzAiOnsiY3JlYXRlIjoxMjAwMDAwMDAwMDAwLCJkZWxldGUiOjEyMDAwMDAwMDAwMDAsInVwZGF0ZSI6MTIwMDAwMDAwMDAwMH19",
          "dependencies": [
            "module.RDS-Module.module.VPC-Module.aws_vpc.vpc"
          ]
        }
      ]
    },
    {
      "module": "module.RDS-Module.module.VPC-Module",
      "mode": "managed",
      "type": "aws_nat_gateway",
      "name": "nat-public",
      "provider": "provider[\"registry.terraform.io/hashicorp/aws\"]",
      "instances": [
        {
          "index_key": 0,
          "schema_version": 0,
          "attributes": {
            "allocation_id": "eipalloc-0c4122e277eb439b2",
            "association_id": "eipassoc-098e7f7771b73626c",
            "connectivity_type": "public",
            "id": "nat-052e1abdf50a42c23",
            "network_interface_id": "eni-05c9b5a4af7199504",
            "private_ip": "10.0.2.127",
            "public_ip": "35.168.143.223",
            "secondary_allocation_ids": [],
            "secondary_private_ip_address_count": 0,
            "secondary_private_ip_addresses": [],
            "subnet_id": "subnet-0feff34df6f70bd0f",
            "tags": {
              "Name": "matelliocorp-nat-public1-us-east-1a"
            },
            "tags_all": {
              "Name": "matelliocorp-nat-public1-us-east-1a"
            },
            "timeouts": null
          },
          "sensitive_attributes": [],
          "private": "eyJlMmJmYjczMC1lY2FhLTExZTYtOGY4OC0zNDM2M2JjN2M0YzAiOnsiY3JlYXRlIjo2MDAwMDAwMDAwMDAsImRlbGV0ZSI6MTgwMDAwMDAwMDAwMCwidXBkYXRlIjo2MDAwMDAwMDAwMDB9fQ==",
          "dependencies": [
            "module.RDS-Module.module.VPC-Module.aws_eip.nat_eip",
            "module.RDS-Module.module.VPC-Module.aws_subnet.public",
            "module.RDS-Module.module.VPC-Module.aws_vpc.vpc",
            "module.RDS-Module.module.VPC-Module.data.aws_availability_zones.available"
          ],
          "create_before_destroy": true
        },
        {
          "index_key": 1,
          "schema_version": 0,
          "attributes": {
            "allocation_id": "eipalloc-00d073858cbb5362e",
            "association_id": "eipassoc-0633625bcce802f27",
            "connectivity_type": "public",
            "id": "nat-0be7aac67e2641b92",
            "network_interface_id": "eni-05342d79484061e0e",
            "private_ip": "10.0.3.245",
            "public_ip": "35.153.174.78",
            "secondary_allocation_ids": [],
            "secondary_private_ip_address_count": 0,
            "secondary_private_ip_addresses": [],
            "subnet_id": "subnet-02cb3db77117aa1b3",
            "tags": {
              "Name": "matelliocorp-nat-public2-us-east-1b"
            },
            "tags_all": {
              "Name": "matelliocorp-nat-public2-us-east-1b"
            },
            "timeouts": null
          },
          "sensitive_attributes": [],
          "private": "eyJlMmJmYjczMC1lY2FhLTExZTYtOGY4OC0zNDM2M2JjN2M0YzAiOnsiY3JlYXRlIjo2MDAwMDAwMDAwMDAsImRlbGV0ZSI6MTgwMDAwMDAwMDAwMCwidXBkYXRlIjo2MDAwMDAwMDAwMDB9fQ==",
          "dependencies": [
            "module.RDS-Module.module.VPC-Module.aws_eip.nat_eip",
            "module.RDS-Module.module.VPC-Module.aws_subnet.public",
            "module.RDS-Module.module.VPC-Module.aws_vpc.vpc",
            "module.RDS-Module.module.VPC-Module.data.aws_availability_zones.available"
          ],
          "create_before_destroy": true
        }
      ]
    },
    {
      "module": "module.RDS-Module.module.VPC-Module",
      "mode": "managed",
      "type": "aws_route_table",
      "name": "private_rtb",
      "provider": "provider[\"registry.terraform.io/hashicorp/aws\"]",
      "instances": [
        {
          "index_key": 0,
          "schema_version": 0,
          "attributes": {
            "arn": "arn:aws:ec2:us-east-1:015058543222:route-table/rtb-0649963f37bdd5770",
            "id": "rtb-0649963f37bdd5770",
            "owner_id": "015058543222",
            "propagating_vgws": [],
            "route": [
              {
                "carrier_gateway_id": "",
                "cidr_block": "0.0.0.0/0",
                "core_network_arn": "",
                "destination_prefix_list_id": "",
                "egress_only_gateway_id": "",
                "gateway_id": "",
                "ipv6_cidr_block": "",
                "local_gateway_id": "",
                "nat_gateway_id": "nat-052e1abdf50a42c23",
                "network_interface_id": "",
                "transit_gateway_id": "",
                "vpc_endpoint_id": "",
                "vpc_peering_connection_id": ""
              }
            ],
            "tags": {
              "Name": "matelliocorp-nat-public1-us-east-1a"
            },
            "tags_all": {
              "Name": "matelliocorp-nat-public1-us-east-1a"
            },
            "timeouts": null,
            "vpc_id": "vpc-022ef8423fbf7b654"
          },
          "sensitive_attributes": [],
          "private": "eyJlMmJmYjczMC1lY2FhLTExZTYtOGY4OC0zNDM2M2JjN2M0YzAiOnsiY3JlYXRlIjozMDAwMDAwMDAwMDAsImRlbGV0ZSI6MzAwMDAwMDAwMDAwLCJ1cGRhdGUiOjEyMDAwMDAwMDAwMH19",
          "dependencies": [
            "module.RDS-Module.module.VPC-Module.aws_eip.nat_eip",
            "module.RDS-Module.module.VPC-Module.aws_nat_gateway.nat-public",
            "module.RDS-Module.module.VPC-Module.aws_subnet.public",
            "module.RDS-Module.module.VPC-Module.aws_vpc.vpc",
            "module.RDS-Module.module.VPC-Module.data.aws_availability_zones.available"
          ],
          "create_before_destroy": true
        },
        {
          "index_key": 1,
          "schema_version": 0,
          "attributes": {
            "arn": "arn:aws:ec2:us-east-1:015058543222:route-table/rtb-06c981933f22c76a6",
            "id": "rtb-06c981933f22c76a6",
            "owner_id": "015058543222",
            "propagating_vgws": [],
            "route": [
              {
                "carrier_gateway_id": "",
                "cidr_block": "0.0.0.0/0",
                "core_network_arn": "",
                "destination_prefix_list_id": "",
                "egress_only_gateway_id": "",
                "gateway_id": "",
                "ipv6_cidr_block": "",
                "local_gateway_id": "",
                "nat_gateway_id": "nat-0be7aac67e2641b92",
                "network_interface_id": "",
                "transit_gateway_id": "",
                "vpc_endpoint_id": "",
                "vpc_peering_connection_id": ""
              }
            ],
            "tags": {
              "Name": "matelliocorp-nat-public2-us-east-1b"
            },
            "tags_all": {
              "Name": "matelliocorp-nat-public2-us-east-1b"
            },
            "timeouts": null,
            "vpc_id": "vpc-022ef8423fbf7b654"
          },
          "sensitive_attributes": [],
          "private": "eyJlMmJmYjczMC1lY2FhLTExZTYtOGY4OC0zNDM2M2JjN2M0YzAiOnsiY3JlYXRlIjozMDAwMDAwMDAwMDAsImRlbGV0ZSI6MzAwMDAwMDAwMDAwLCJ1cGRhdGUiOjEyMDAwMDAwMDAwMH19",
          "dependencies": [
            "module.RDS-Module.module.VPC-Module.aws_eip.nat_eip",
            "module.RDS-Module.module.VPC-Module.aws_nat_gateway.nat-public",
            "module.RDS-Module.module.VPC-Module.aws_subnet.public",
            "module.RDS-Module.module.VPC-Module.aws_vpc.vpc",
            "module.RDS-Module.module.VPC-Module.data.aws_availability_zones.available"
          ],
          "create_before_destroy": true
        }
      ]
    },
    {
      "module": "module.RDS-Module.module.VPC-Module",
      "mode": "managed",
      "type": "aws_route_table",
      "name": "rtb-public",
      "provider": "provider[\"registry.terraform.io/hashicorp/aws\"]",
      "instances": [
        {
          "schema_version": 0,
          "attributes": {
            "arn": "arn:aws:ec2:us-east-1:015058543222:route-table/rtb-057e414ea9ae938d8",
            "id": "rtb-057e414ea9ae938d8",
            "owner_id": "015058543222",
            "propagating_vgws": [],
            "route": [
              {
                "carrier_gateway_id": "",
                "cidr_block": "0.0.0.0/0",
                "core_network_arn": "",
                "destination_prefix_list_id": "",
                "egress_only_gateway_id": "",
                "gateway_id": "igw-013eac71570497f1a",
                "ipv6_cidr_block": "",
                "local_gateway_id": "",
                "nat_gateway_id": "",
                "network_interface_id": "",
                "transit_gateway_id": "",
                "vpc_endpoint_id": "",
                "vpc_peering_connection_id": ""
              }
            ],
            "tags": {
              "Name": "matelliocorp-rtb-public"
            },
            "tags_all": {
              "Name": "matelliocorp-rtb-public"
            },
            "timeouts": null,
            "vpc_id": "vpc-022ef8423fbf7b654"
          },
          "sensitive_attributes": [],
          "private": "eyJlMmJmYjczMC1lY2FhLTExZTYtOGY4OC0zNDM2M2JjN2M0YzAiOnsiY3JlYXRlIjozMDAwMDAwMDAwMDAsImRlbGV0ZSI6MzAwMDAwMDAwMDAwLCJ1cGRhdGUiOjEyMDAwMDAwMDAwMH19",
          "dependencies": [
            "module.RDS-Module.module.VPC-Module.aws_internet_gateway.igw",
            "module.RDS-Module.module.VPC-Module.aws_vpc.vpc"
          ]
        }
      ]
    },
    {
      "module": "module.RDS-Module.module.VPC-Module",
      "mode": "managed",
      "type": "aws_route_table_association",
      "name": "private_subnet_route",
      "provider": "provider[\"registry.terraform.io/hashicorp/aws\"]",
      "instances": [
        {
          "index_key": 0,
          "schema_version": 0,
          "attributes": {
            "gateway_id": "",
            "id": "rtbassoc-04904c5fb42e4802b",
            "route_table_id": "rtb-0649963f37bdd5770",
            "subnet_id": "subnet-034a870028bfed336",
            "timeouts": null
          },
          "sensitive_attributes": [],
          "private": "eyJlMmJmYjczMC1lY2FhLTExZTYtOGY4OC0zNDM2M2JjN2M0YzAiOnsiY3JlYXRlIjozMDAwMDAwMDAwMDAsImRlbGV0ZSI6MzAwMDAwMDAwMDAwLCJ1cGRhdGUiOjEyMDAwMDAwMDAwMH19",
          "dependencies": [
            "module.RDS-Module.module.VPC-Module.aws_eip.nat_eip",
            "module.RDS-Module.module.VPC-Module.aws_nat_gateway.nat-public",
            "module.RDS-Module.module.VPC-Module.aws_route_table.private_rtb",
            "module.RDS-Module.module.VPC-Module.aws_subnet.private",
            "module.RDS-Module.module.VPC-Module.aws_subnet.public",
            "module.RDS-Module.module.VPC-Module.aws_vpc.vpc",
            "module.RDS-Module.module.VPC-Module.data.aws_availability_zones.available"
          ]
        },
        {
          "index_key": 1,
          "schema_version": 0,
          "attributes": {
            "gateway_id": "",
            "id": "rtbassoc-01e6e45a1d28d29de",
            "route_table_id": "rtb-06c981933f22c76a6",
            "subnet_id": "subnet-0659adc40eb19db4b",
            "timeouts": null
          },
          "sensitive_attributes": [],
          "private": "eyJlMmJmYjczMC1lY2FhLTExZTYtOGY4OC0zNDM2M2JjN2M0YzAiOnsiY3JlYXRlIjozMDAwMDAwMDAwMDAsImRlbGV0ZSI6MzAwMDAwMDAwMDAwLCJ1cGRhdGUiOjEyMDAwMDAwMDAwMH19",
          "dependencies": [
            "module.RDS-Module.module.VPC-Module.aws_eip.nat_eip",
            "module.RDS-Module.module.VPC-Module.aws_nat_gateway.nat-public",
            "module.RDS-Module.module.VPC-Module.aws_route_table.private_rtb",
            "module.RDS-Module.module.VPC-Module.aws_subnet.private",
            "module.RDS-Module.module.VPC-Module.aws_subnet.public",
            "module.RDS-Module.module.VPC-Module.aws_vpc.vpc",
            "module.RDS-Module.module.VPC-Module.data.aws_availability_zones.available"
          ]
        }
      ]
    },
    {
      "module": "module.RDS-Module.module.VPC-Module",
      "mode": "managed",
      "type": "aws_route_table_association",
      "name": "subnet-public_route",
      "provider": "provider[\"registry.terraform.io/hashicorp/aws\"]",
      "instances": [
        {
          "index_key": 0,
          "schema_version": 0,
          "attributes": {
            "gateway_id": "",
            "id": "rtbassoc-087c2768e035b727b",
            "route_table_id": "rtb-057e414ea9ae938d8",
            "subnet_id": "subnet-0feff34df6f70bd0f",
            "timeouts": null
          },
          "sensitive_attributes": [],
          "private": "eyJlMmJmYjczMC1lY2FhLTExZTYtOGY4OC0zNDM2M2JjN2M0YzAiOnsiY3JlYXRlIjozMDAwMDAwMDAwMDAsImRlbGV0ZSI6MzAwMDAwMDAwMDAwLCJ1cGRhdGUiOjEyMDAwMDAwMDAwMH19",
          "dependencies": [
            "module.RDS-Module.module.VPC-Module.aws_internet_gateway.igw",
            "module.RDS-Module.module.VPC-Module.aws_route_table.rtb-public",
            "module.RDS-Module.module.VPC-Module.aws_subnet.public",
            "module.RDS-Module.module.VPC-Module.aws_vpc.vpc",
            "module.RDS-Module.module.VPC-Module.data.aws_availability_zones.available"
          ]
        },
        {
          "index_key": 1,
          "schema_version": 0,
          "attributes": {
            "gateway_id": "",
            "id": "rtbassoc-0c6e05afd8fbf98d0",
            "route_table_id": "rtb-057e414ea9ae938d8",
            "subnet_id": "subnet-02cb3db77117aa1b3",
            "timeouts": null
          },
          "sensitive_attributes": [],
          "private": "eyJlMmJmYjczMC1lY2FhLTExZTYtOGY4OC0zNDM2M2JjN2M0YzAiOnsiY3JlYXRlIjozMDAwMDAwMDAwMDAsImRlbGV0ZSI6MzAwMDAwMDAwMDAwLCJ1cGRhdGUiOjEyMDAwMDAwMDAwMH19",
          "dependencies": [
            "module.RDS-Module.module.VPC-Module.aws_internet_gateway.igw",
            "module.RDS-Module.module.VPC-Module.aws_route_table.rtb-public",
            "module.RDS-Module.module.VPC-Module.aws_subnet.public",
            "module.RDS-Module.module.VPC-Module.aws_vpc.vpc",
            "module.RDS-Module.module.VPC-Module.data.aws_availability_zones.available"
          ]
        }
      ]
    },
    {
      "module": "module.RDS-Module.module.VPC-Module",
      "mode": "managed",
      "type": "aws_security_group",
      "name": "bastion_sg",
      "provider": "provider[\"registry.terraform.io/hashicorp/aws\"]",
      "instances": [
        {
          "schema_version": 1,
          "attributes": {
            "arn": "arn:aws:ec2:us-east-1:015058543222:security-group/sg-0dbf2c89b1240a526",
            "description": "Allow only SSH inbound traffic",
            "egress": [
              {
                "cidr_blocks": [
                  "0.0.0.0/0"
                ],
                "description": "",
                "from_port": 0,
                "ipv6_cidr_blocks": [],
                "prefix_list_ids": [],
                "protocol": "-1",
                "security_groups": [],
                "self": false,
                "to_port": 0
              }
            ],
            "id": "sg-0dbf2c89b1240a526",
            "ingress": [
              {
                "cidr_blocks": [
                  "0.0.0.0/0"
                ],
                "description": "",
                "from_port": 22,
                "ipv6_cidr_blocks": [],
                "prefix_list_ids": [],
                "protocol": "tcp",
                "security_groups": [],
                "self": false,
                "to_port": 22
              }
            ],
            "name": "matelliocorp-bastion-sg",
            "name_prefix": "",
            "owner_id": "015058543222",
            "revoke_rules_on_delete": false,
            "tags": {
              "Name": "matelliocorp-bastion-sg"
            },
            "tags_all": {
              "Name": "matelliocorp-bastion-sg"
            },
            "timeouts": null,
            "vpc_id": "vpc-022ef8423fbf7b654"
          },
          "sensitive_attributes": [],
          "private": "eyJlMmJmYjczMC1lY2FhLTExZTYtOGY4OC0zNDM2M2JjN2M0YzAiOnsiY3JlYXRlIjo2MDAwMDAwMDAwMDAsImRlbGV0ZSI6OTAwMDAwMDAwMDAwfSwic2NoZW1hX3ZlcnNpb24iOiIxIn0=",
          "dependencies": [
            "module.RDS-Module.module.VPC-Module.aws_vpc.vpc"
          ]
        }
      ]
    },
    {
      "module": "module.RDS-Module.module.VPC-Module",
      "mode": "managed",
      "type": "aws_security_group",
      "name": "elastic_beanstalk_sg",
      "provider": "provider[\"registry.terraform.io/hashicorp/aws\"]",
      "instances": [
        {
          "schema_version": 1,
          "attributes": {
            "arn": "arn:aws:ec2:us-east-1:015058543222:security-group/sg-0e87ff0a26c5fd8dd",
            "description": "Security group for Elastic Beanstalk",
            "egress": [
              {
                "cidr_blocks": [
                  "0.0.0.0/0"
                ],
                "description": "",
                "from_port": 0,
                "ipv6_cidr_blocks": [],
                "prefix_list_ids": [],
                "protocol": "-1",
                "security_groups": [],
                "self": false,
                "to_port": 0
              }
            ],
            "id": "sg-0e87ff0a26c5fd8dd",
            "ingress": [
              {
                "cidr_blocks": [
                  "0.0.0.0/0"
                ],
                "description": "",
                "from_port": 22,
                "ipv6_cidr_blocks": [],
                "prefix_list_ids": [],
                "protocol": "tcp",
                "security_groups": [],
                "self": false,
                "to_port": 22
              },
              {
                "cidr_blocks": [
                  "0.0.0.0/0"
                ],
                "description": "",
                "from_port": 443,
                "ipv6_cidr_blocks": [],
                "prefix_list_ids": [],
                "protocol": "tcp",
                "security_groups": [],
                "self": false,
                "to_port": 443
              },
              {
                "cidr_blocks": [
                  "0.0.0.0/0"
                ],
                "description": "",
                "from_port": 80,
                "ipv6_cidr_blocks": [],
                "prefix_list_ids": [],
                "protocol": "tcp",
                "security_groups": [],
                "self": false,
                "to_port": 80
              }
            ],
            "name": "matelliocorp-elastic_beanstalk_sg",
            "name_prefix": "",
            "owner_id": "015058543222",
            "revoke_rules_on_delete": false,
            "tags": {
              "Name": "matelliocorp-elastic_beanstalk_sg"
            },
            "tags_all": {
              "Name": "matelliocorp-elastic_beanstalk_sg"
            },
            "timeouts": null,
            "vpc_id": "vpc-022ef8423fbf7b654"
          },
          "sensitive_attributes": [],
          "private": "eyJlMmJmYjczMC1lY2FhLTExZTYtOGY4OC0zNDM2M2JjN2M0YzAiOnsiY3JlYXRlIjo2MDAwMDAwMDAwMDAsImRlbGV0ZSI6OTAwMDAwMDAwMDAwfSwic2NoZW1hX3ZlcnNpb24iOiIxIn0=",
          "dependencies": [
            "module.RDS-Module.module.VPC-Module.aws_vpc.vpc"
          ]
        }
      ]
    },
    {
      "module": "module.RDS-Module.module.VPC-Module",
      "mode": "managed",
      "type": "aws_security_group",
      "name": "rds_sg",
      "provider": "provider[\"registry.terraform.io/hashicorp/aws\"]",
      "instances": [
        {
          "schema_version": 1,
          "attributes": {
            "arn": "arn:aws:ec2:us-east-1:015058543222:security-group/sg-019f16e34172d29de",
            "description": "Security group for RDS",
            "egress": [
              {
                "cidr_blocks": [
                  "0.0.0.0/0"
                ],
                "description": "",
                "from_port": 0,
                "ipv6_cidr_blocks": [],
                "prefix_list_ids": [],
                "protocol": "-1",
                "security_groups": [],
                "self": false,
                "to_port": 0
              }
            ],
            "id": "sg-019f16e34172d29de",
            "ingress": [
              {
                "cidr_blocks": [],
                "description": "",
                "from_port": 3306,
                "ipv6_cidr_blocks": [],
                "prefix_list_ids": [],
                "protocol": "tcp",
                "security_groups": [
                  "sg-0e87ff0a26c5fd8dd"
                ],
                "self": false,
                "to_port": 3306
              }
            ],
            "name": "matelliocorp-sg",
            "name_prefix": "",
            "owner_id": "015058543222",
            "revoke_rules_on_delete": false,
            "tags": {
              "Name": "matelliocorp-rds_sg"
            },
            "tags_all": {
              "Name": "matelliocorp-rds_sg"
            },
            "timeouts": null,
            "vpc_id": "vpc-022ef8423fbf7b654"
          },
          "sensitive_attributes": [],
          "private": "eyJlMmJmYjczMC1lY2FhLTExZTYtOGY4OC0zNDM2M2JjN2M0YzAiOnsiY3JlYXRlIjo2MDAwMDAwMDAwMDAsImRlbGV0ZSI6OTAwMDAwMDAwMDAwfSwic2NoZW1hX3ZlcnNpb24iOiIxIn0=",
          "dependencies": [
            "module.RDS-Module.module.VPC-Module.aws_security_group.elastic_beanstalk_sg",
            "module.RDS-Module.module.VPC-Module.aws_vpc.vpc"
          ]
        }
      ]
    },
    {
      "module": "module.RDS-Module.module.VPC-Module",
      "mode": "managed",
      "type": "aws_subnet",
      "name": "private",
      "provider": "provider[\"registry.terraform.io/hashicorp/aws\"]",
      "instances": [
        {
          "index_key": 0,
          "schema_version": 1,
          "attributes": {
            "arn": "arn:aws:ec2:us-east-1:015058543222:subnet/subnet-034a870028bfed336",
            "assign_ipv6_address_on_creation": false,
            "availability_zone": "us-east-1a",
            "availability_zone_id": "use1-az6",
            "cidr_block": "10.0.0.0/24",
            "customer_owned_ipv4_pool": "",
            "enable_dns64": false,
            "enable_lni_at_device_index": 0,
            "enable_resource_name_dns_a_record_on_launch": false,
            "enable_resource_name_dns_aaaa_record_on_launch": false,
            "id": "subnet-034a870028bfed336",
            "ipv6_cidr_block": "",
            "ipv6_cidr_block_association_id": "",
            "ipv6_native": false,
            "map_customer_owned_ip_on_launch": false,
            "map_public_ip_on_launch": false,
            "outpost_arn": "",
            "owner_id": "015058543222",
            "private_dns_hostname_type_on_launch": "ip-name",
            "tags": {
              "Name": "matelliocorp-Private_Subnet_1"
            },
            "tags_all": {
              "Name": "matelliocorp-Private_Subnet_1"
            },
            "timeouts": null,
            "vpc_id": "vpc-022ef8423fbf7b654"
          },
          "sensitive_attributes": [],
          "private": "eyJlMmJmYjczMC1lY2FhLTExZTYtOGY4OC0zNDM2M2JjN2M0YzAiOnsiY3JlYXRlIjo2MDAwMDAwMDAwMDAsImRlbGV0ZSI6MTIwMDAwMDAwMDAwMH0sInNjaGVtYV92ZXJzaW9uIjoiMSJ9",
          "dependencies": [
            "module.RDS-Module.module.VPC-Module.aws_vpc.vpc",
            "module.RDS-Module.module.VPC-Module.data.aws_availability_zones.available"
          ]
        },
        {
          "index_key": 1,
          "schema_version": 1,
          "attributes": {
            "arn": "arn:aws:ec2:us-east-1:015058543222:subnet/subnet-0659adc40eb19db4b",
            "assign_ipv6_address_on_creation": false,
            "availability_zone": "us-east-1b",
            "availability_zone_id": "use1-az1",
            "cidr_block": "10.0.1.0/24",
            "customer_owned_ipv4_pool": "",
            "enable_dns64": false,
            "enable_lni_at_device_index": 0,
            "enable_resource_name_dns_a_record_on_launch": false,
            "enable_resource_name_dns_aaaa_record_on_launch": false,
            "id": "subnet-0659adc40eb19db4b",
            "ipv6_cidr_block": "",
            "ipv6_cidr_block_association_id": "",
            "ipv6_native": false,
            "map_customer_owned_ip_on_launch": false,
            "map_public_ip_on_launch": false,
            "outpost_arn": "",
            "owner_id": "015058543222",
            "private_dns_hostname_type_on_launch": "ip-name",
            "tags": {
              "Name": "matelliocorp-Private_Subnet_2"
            },
            "tags_all": {
              "Name": "matelliocorp-Private_Subnet_2"
            },
            "timeouts": null,
            "vpc_id": "vpc-022ef8423fbf7b654"
          },
          "sensitive_attributes": [],
          "private": "eyJlMmJmYjczMC1lY2FhLTExZTYtOGY4OC0zNDM2M2JjN2M0YzAiOnsiY3JlYXRlIjo2MDAwMDAwMDAwMDAsImRlbGV0ZSI6MTIwMDAwMDAwMDAwMH0sInNjaGVtYV92ZXJzaW9uIjoiMSJ9",
          "dependencies": [
            "module.RDS-Module.module.VPC-Module.aws_vpc.vpc",
            "module.RDS-Module.module.VPC-Module.data.aws_availability_zones.available"
          ]
        }
      ]
    },
    {
      "module": "module.RDS-Module.module.VPC-Module",
      "mode": "managed",
      "type": "aws_subnet",
      "name": "public",
      "provider": "provider[\"registry.terraform.io/hashicorp/aws\"]",
      "instances": [
        {
          "index_key": 0,
          "schema_version": 1,
          "attributes": {
            "arn": "arn:aws:ec2:us-east-1:015058543222:subnet/subnet-0feff34df6f70bd0f",
            "assign_ipv6_address_on_creation": false,
            "availability_zone": "us-east-1a",
            "availability_zone_id": "use1-az6",
            "cidr_block": "10.0.2.0/24",
            "customer_owned_ipv4_pool": "",
            "enable_dns64": false,
            "enable_lni_at_device_index": 0,
            "enable_resource_name_dns_a_record_on_launch": false,
            "enable_resource_name_dns_aaaa_record_on_launch": false,
            "id": "subnet-0feff34df6f70bd0f",
            "ipv6_cidr_block": "",
            "ipv6_cidr_block_association_id": "",
            "ipv6_native": false,
            "map_customer_owned_ip_on_launch": false,
            "map_public_ip_on_launch": true,
            "outpost_arn": "",
            "owner_id": "015058543222",
            "private_dns_hostname_type_on_launch": "ip-name",
            "tags": {
              "Name": "matelliocorp-Public_Subnet_1"
            },
            "tags_all": {
              "Name": "matelliocorp-Public_Subnet_1"
            },
            "timeouts": null,
            "vpc_id": "vpc-022ef8423fbf7b654"
          },
          "sensitive_attributes": [],
          "private": "eyJlMmJmYjczMC1lY2FhLTExZTYtOGY4OC0zNDM2M2JjN2M0YzAiOnsiY3JlYXRlIjo2MDAwMDAwMDAwMDAsImRlbGV0ZSI6MTIwMDAwMDAwMDAwMH0sInNjaGVtYV92ZXJzaW9uIjoiMSJ9",
          "dependencies": [
            "module.RDS-Module.module.VPC-Module.aws_vpc.vpc",
            "module.RDS-Module.module.VPC-Module.data.aws_availability_zones.available"
          ],
          "create_before_destroy": true
        },
        {
          "index_key": 1,
          "schema_version": 1,
          "attributes": {
            "arn": "arn:aws:ec2:us-east-1:015058543222:subnet/subnet-02cb3db77117aa1b3",
            "assign_ipv6_address_on_creation": false,
            "availability_zone": "us-east-1b",
            "availability_zone_id": "use1-az1",
            "cidr_block": "10.0.3.0/24",
            "customer_owned_ipv4_pool": "",
            "enable_dns64": false,
            "enable_lni_at_device_index": 0,
            "enable_resource_name_dns_a_record_on_launch": false,
            "enable_resource_name_dns_aaaa_record_on_launch": false,
            "id": "subnet-02cb3db77117aa1b3",
            "ipv6_cidr_block": "",
            "ipv6_cidr_block_association_id": "",
            "ipv6_native": false,
            "map_customer_owned_ip_on_launch": false,
            "map_public_ip_on_launch": true,
            "outpost_arn": "",
            "owner_id": "015058543222",
            "private_dns_hostname_type_on_launch": "ip-name",
            "tags": {
              "Name": "matelliocorp-Public_Subnet_2"
            },
            "tags_all": {
              "Name": "matelliocorp-Public_Subnet_2"
            },
            "timeouts": null,
            "vpc_id": "vpc-022ef8423fbf7b654"
          },
          "sensitive_attributes": [],
          "private": "eyJlMmJmYjczMC1lY2FhLTExZTYtOGY4OC0zNDM2M2JjN2M0YzAiOnsiY3JlYXRlIjo2MDAwMDAwMDAwMDAsImRlbGV0ZSI6MTIwMDAwMDAwMDAwMH0sInNjaGVtYV92ZXJzaW9uIjoiMSJ9",
          "dependencies": [
            "module.RDS-Module.module.VPC-Module.aws_vpc.vpc",
            "module.RDS-Module.module.VPC-Module.data.aws_availability_zones.available"
          ],
          "create_before_destroy": true
        }
      ]
    },
    {
      "module": "module.RDS-Module.module.VPC-Module",
      "mode": "managed",
      "type": "aws_vpc",
      "name": "vpc",
      "provider": "provider[\"registry.terraform.io/hashicorp/aws\"]",
      "instances": [
        {
          "schema_version": 1,
          "attributes": {
            "arn": "arn:aws:ec2:us-east-1:015058543222:vpc/vpc-022ef8423fbf7b654",
            "assign_generated_ipv6_cidr_block": false,
            "cidr_block": "10.0.0.0/16",
            "default_network_acl_id": "acl-0579d139ccdca7a6a",
            "default_route_table_id": "rtb-006812b85158fe6ec",
            "default_security_group_id": "sg-00aa2aa000243d5c4",
            "dhcp_options_id": "dopt-0d0ea3a85b706eedb",
            "enable_dns_hostnames": true,
            "enable_dns_support": true,
            "enable_network_address_usage_metrics": false,
            "id": "vpc-022ef8423fbf7b654",
            "instance_tenancy": "default",
            "ipv4_ipam_pool_id": null,
            "ipv4_netmask_length": null,
            "ipv6_association_id": "",
            "ipv6_cidr_block": "",
            "ipv6_cidr_block_network_border_group": "",
            "ipv6_ipam_pool_id": "",
            "ipv6_netmask_length": 0,
            "main_route_table_id": "rtb-006812b85158fe6ec",
            "owner_id": "015058543222",
            "tags": {
              "Name": "matelliocorp-vpc"
            },
            "tags_all": {
              "Name": "matelliocorp-vpc"
            }
          },
          "sensitive_attributes": [],
          "private": "eyJzY2hlbWFfdmVyc2lvbiI6IjEifQ==",
          "create_before_destroy": true
        }
      ]
    }
  ],
  "check_results": null
}
