{
  "version": 4,
  "terraform_version": "1.5.0",
  "serial": 70,
  "lineage": "3bab3bfe-27f0-4f0d-4cd1-f044e174e0a4",
  "outputs": {},
  "resources": [
    {
      "module": "module.RDS-Module",
      "mode": "managed",
      "type": "aws_db_instance",
      "name": "rds",
      "provider": "provider[\"registry.terraform.io/hashicorp/aws\"]",
      "instances": [
        {
          "schema_version": 2,
          "attributes": {
            "address": "matelliocorp-rds.cwdkg2gdotxj.us-east-1.rds.amazonaws.com",
            "allocated_storage": 20,
            "allow_major_version_upgrade": null,
            "apply_immediately": false,
            "arn": "arn:aws:rds:us-east-1:015058543222:db:matelliocorp-rds",
            "auto_minor_version_upgrade": true,
            "availability_zone": "us-east-1b",
            "backup_retention_period": 0,
            "backup_target": "region",
            "backup_window": "07:25-07:55",
            "blue_green_update": [],
            "ca_cert_identifier": "rds-ca-2019",
            "character_set_name": "",
            "copy_tags_to_snapshot": false,
            "custom_iam_instance_profile": "",
            "customer_owned_ip_enabled": false,
            "db_name": "",
            "db_subnet_group_name": "cse-cr",
            "delete_automated_backups": true,
            "deletion_protection": false,
            "domain": "",
            "domain_iam_role_name": "",
            "enabled_cloudwatch_logs_exports": [],
            "endpoint": "matelliocorp-rds.cwdkg2gdotxj.us-east-1.rds.amazonaws.com:3306",
            "engine": "mysql",
            "engine_version": "8.0",
            "engine_version_actual": "8.0.33",
            "final_snapshot_identifier": null,
            "hosted_zone_id": "Z2R2ITUGPM61AM",
            "iam_database_authentication_enabled": false,
            "id": "db-ARN4PV3FTXW3TUA4IKTAHCWFVM",
            "identifier": "matelliocorp-rds",
            "identifier_prefix": "",
            "instance_class": "db.t4g.large",
            "iops": 3000,
            "kms_key_id": "",
            "latest_restorable_time": "",
            "license_model": "general-public-license",
            "listener_endpoint": [],
            "maintenance_window": "wed:05:23-wed:05:53",
            "manage_master_user_password": null,
            "master_user_secret": [],
            "master_user_secret_kms_key_id": null,
            "max_allocated_storage": 0,
            "monitoring_interval": 0,
            "monitoring_role_arn": "",
            "multi_az": false,
            "nchar_character_set_name": "",
            "network_type": "IPV4",
            "option_group_name": "default:mysql-8-0",
            "parameter_group_name": "default.mysql8.0",
            "password": "MyStrongPassword123",
            "performance_insights_enabled": false,
            "performance_insights_kms_key_id": "",
            "performance_insights_retention_period": 0,
            "port": 3306,
            "publicly_accessible": false,
            "replica_mode": "",
            "replicas": [],
            "replicate_source_db": "",
            "resource_id": "db-ARN4PV3FTXW3TUA4IKTAHCWFVM",
            "restore_to_point_in_time": [],
            "s3_import": [],
            "skip_final_snapshot": true,
            "snapshot_identifier": null,
            "status": "available",
            "storage_encrypted": false,
            "storage_throughput": 125,
            "storage_type": "gp3",
            "tags": {
              "Name": "vprofile_rds"
            },
            "tags_all": {
              "Name": "vprofile_rds"
            },
            "timeouts": null,
            "timezone": "",
            "username": "admin",
            "vpc_security_group_ids": [
              "sg-05d3b1f4f042a65ce"
            ]
          },
          "sensitive_attributes": [],
          "private": "eyJlMmJmYjczMC1lY2FhLTExZTYtOGY4OC0zNDM2M2JjN2M0YzAiOnsiY3JlYXRlIjoyNDAwMDAwMDAwMDAwLCJkZWxldGUiOjM2MDAwMDAwMDAwMDAsInVwZGF0ZSI6NDgwMDAwMDAwMDAwMH0sInNjaGVtYV92ZXJzaW9uIjoiMiJ9",
          "dependencies": [
            "module.RDS-Module.aws_db_subnet_group.db_sg",
            "module.RDS-Module.module.VPC-Module.aws_security_group.elastic_beanstalk_sg",
            "module.RDS-Module.module.VPC-Module.aws_security_group.rds_sg",
            "module.RDS-Module.module.VPC-Module.aws_subnet.public",
            "module.RDS-Module.module.VPC-Module.aws_vpc.vpc",
            "module.RDS-Module.module.VPC-Module.data.aws_availability_zones.available"
          ]
        }
      ]
    },
    {
      "module": "module.RDS-Module",
      "mode": "managed",
      "type": "aws_db_subnet_group",
      "name": "db_sg",
      "provider": "provider[\"registry.terraform.io/hashicorp/aws\"]",
      "instances": [
        {
          "schema_version": 0,
          "attributes": {
            "arn": "arn:aws:rds:us-east-1:015058543222:subgrp:cse-cr",
            "description": "Private subnets for RDS instance",
            "id": "cse-cr",
            "name": "cse-cr",
            "name_prefix": "",
            "subnet_ids": [
              "subnet-0a6b1c7ba555897b7",
              "subnet-0a78481fc4b3d6231"
            ],
            "supported_network_types": [
              "IPV4"
            ],
            "tags": {
              "Name": "db_sg"
            },
            "tags_all": {
              "Name": "db_sg"
            },
            "vpc_id": "vpc-0e9e0bfd49f9361ac"
          },
          "sensitive_attributes": [],
          "private": "bnVsbA==",
          "dependencies": [
            "module.RDS-Module.module.VPC-Module.aws_subnet.public",
            "module.RDS-Module.module.VPC-Module.aws_vpc.vpc",
            "module.RDS-Module.module.VPC-Module.data.aws_availability_zones.available"
          ]
        }
      ]
    },
    {
      "module": "module.RDS-Module",
      "mode": "managed",
      "type": "aws_elastic_beanstalk_application",
      "name": "eb_app",
      "provider": "provider[\"registry.terraform.io/hashicorp/aws\"]",
      "instances": [
        {
          "schema_version": 0,
          "attributes": {
            "appversion_lifecycle": [],
            "arn": "arn:aws:elasticbeanstalk:us-east-1:015058543222:application/matelliocorp-eb-app",
            "description": "Elastic Beanstalk Application",
            "id": "matelliocorp-eb-app",
            "name": "matelliocorp-eb-app",
            "tags": {},
            "tags_all": {}
          },
          "sensitive_attributes": [],
          "private": "bnVsbA=="
        }
      ]
    },
    {
      "module": "module.RDS-Module",
      "mode": "managed",
      "type": "aws_elastic_beanstalk_environment",
      "name": "eb_env",
      "provider": "provider[\"registry.terraform.io/hashicorp/aws\"]",
      "instances": [
        {
          "status": "tainted",
          "schema_version": 1,
          "attributes": {
            "all_settings": [],
            "application": "matelliocorp-eb-app",
            "arn": null,
            "autoscaling_groups": null,
            "cname": null,
            "cname_prefix": null,
            "description": null,
            "endpoint_url": null,
            "id": "e-rmd8vpsmmm",
            "instances": null,
            "launch_configurations": null,
            "load_balancers": null,
            "name": "matelliocorp-eb-env",
            "platform_arn": null,
            "poll_interval": null,
            "queues": null,
            "setting": [
              {
                "name": "SecurityGroups",
                "namespace": "aws:autoscaling:launchconfiguration",
                "resource": "",
                "value": "sg-065150f1c53a37ccd"
              },
              {
                "name": "StreamLogs",
                "namespace": "aws:elasticbeanstalk:cloudwatch:logs",
                "resource": "",
                "value": "true"
              },
              {
                "name": "Subnets",
                "namespace": "aws:ec2:vpc",
                "resource": "",
                "value": "subnet-0a6b1c7ba555897b7,subnet-0a78481fc4b3d6231"
              },
              {
                "name": "VPCId",
                "namespace": "aws:ec2:vpc",
                "resource": "",
                "value": "vpc-0e9e0bfd49f9361ac"
              }
            ],
            "solution_stack_name": "64bit Amazon Linux 2023 v4.0.1 running PHP 8.1",
            "tags": {
              "Name": "matelliocorp_eb_app"
            },
            "tags_all": {
              "Name": "matelliocorp_eb_app"
            },
            "template_name": null,
            "tier": "WebServer",
            "triggers": null,
            "version_label": null,
            "wait_for_ready_timeout": "60m"
          },
          "sensitive_attributes": [],
          "private": "eyJzY2hlbWFfdmVyc2lvbiI6IjEifQ==",
          "dependencies": [
            "module.RDS-Module.aws_elastic_beanstalk_application.eb_app",
            "module.RDS-Module.module.VPC-Module.aws_security_group.elastic_beanstalk_sg",
            "module.RDS-Module.module.VPC-Module.aws_subnet.public",
            "module.RDS-Module.module.VPC-Module.aws_vpc.vpc"
          ]
        }
      ]
    },
    {
      "module": "module.RDS-Module",
      "mode": "managed",
      "type": "aws_key_pair",
      "name": "bastion_pair",
      "provider": "provider[\"registry.terraform.io/hashicorp/aws\"]",
      "instances": [
        {
          "schema_version": 1,
          "attributes": {
            "arn": "arn:aws:ec2:us-east-1:015058543222:key-pair/matelliocorp_bastion_key_pair",
            "fingerprint": "ac:f4:0d:58:d4:5a:e0:e6:20:b5:39:38:7d:ea:26:9e",
            "id": "matelliocorp_bastion_key_pair",
            "key_name": "matelliocorp_bastion_key_pair",
            "key_name_prefix": "",
            "key_pair_id": "key-0c3ac08d25feccd0a",
            "key_type": "rsa",
            "public_key": "ssh-rsa AAAAB3NzaC1yc2EAAAADAQABAAACAQC0/aRAM7wL2oqc0RfwyHFyYHofHQlD3JojLb11LUPmhBKtdNfx5pGNpDPzK+vgtTnFYG7LJNc9U9B7XdPKlIg68lRPqwpTeKEcZcVYm1S0srcUpCm2mZpYeL2wHzh1rTw0OPUeOrB+E4tXVK5AVFkxkr2npIl3lyFLJTXJknNnXeiqOihc8MFL0xuNpr37ZyKtXs77PBmHr0Rc7VKXlJUKAKLRA1lLG+E2ArZY6GidJYPJ0DSSFpsUTDje9GJ9Wrc3skQdnmh7ifJ58pPVWl9laMXRNLFXPttEDh4fz8cIh8sI2l3Lr0mxRkZ/GbukoFlDzcfe1oRYCpVbVskieldhC6ELrP00VK3HRqjvqO6xAa5tmTL4Ba+YpT5I++Jc3yCertKyV33e7smZr6u60RZDJyCINvnm3Dw9Src7SM/hNKZn9QOHOprpidHGAbNN9iI2zRZKwyZZiT700oH3QYlxDMkVZoSy26JG/xKIMAyQhCsXv1vLwWcaPfT07pGmz3VAgoi2lkSKot7HmNbQtsctw4IKAOuj2fEhKurjNeJdeGbpSA/BUgTsPIPJidZYmUwPIy0ml/vgZOFDMW6E1ngJtd4cZNhODidd3pgmcrbbphExR1tAkYi0heLgHqZE1qa5Uoq9NJpNxOihYYwFFz4pQxIwduYo0iYC7OH4lP9b9w==",
            "tags": {},
            "tags_all": {}
          },
          "sensitive_attributes": [],
          "private": "eyJzY2hlbWFfdmVyc2lvbiI6IjEifQ==",
          "dependencies": [
            "module.RDS-Module.tls_private_key.my_bastion_key"
          ]
        }
      ]
    },
    {
      "module": "module.RDS-Module",
      "mode": "managed",
      "type": "aws_key_pair",
      "name": "my_key_pair",
      "provider": "provider[\"registry.terraform.io/hashicorp/aws\"]",
      "instances": [
        {
          "schema_version": 1,
          "attributes": {
            "arn": "arn:aws:ec2:us-east-1:015058543222:key-pair/matelliocorp_key_pair",
            "fingerprint": "33:ba:5b:b2:2e:04:32:b8:b3:c4:a0:1d:ea:fc:3d:4d",
            "id": "matelliocorp_key_pair",
            "key_name": "matelliocorp_key_pair",
            "key_name_prefix": "",
            "key_pair_id": "key-0d84cb0277d85368e",
            "key_type": "rsa",
            "public_key": "ssh-rsa AAAAB3NzaC1yc2EAAAADAQABAAACAQDFY39XBYecZ3SuFctWKqhfu5bLTlei9Ln2jxkgne0vMDVMmXaRE4aQD4IgfkeQFudLlHwMv/PqkAyCUoWrgzVS43xmWBHuAfECXl7Ufvab/A5qLWzAqI77PQKt3FPEWFEF/RkcaFbBiu8Rf2Dmfh6JE9D9c15p3TBeQ1aVjWp5C1YrXw4ENzjbfQ9TaGhqmCc3VtzOi617cwtLDgGHutF2oHPTk07yF9DU20sLpu/p4fiLkzX7kOqvaqD1PL1YZBK21gCAOI0iOtV81a/o9bPxQnra98FYoSx0vkV2Du/ShgxEcenKQTzz9CBECRhwlNLTnJGwuBd7HUVMWIcdAwg/jOCglhqHtxDpxenHBXSlI2w/fAjykZ05P20QucpRZVueN++/NIZ9qa6cHUu1Qfn31v1IGpl2ThHIFR0OUeXbxT6EyBWD/qGqjjuF/gaWaplOfcYJRg+nW8evUxkDNrEbdG4xw3NSS8QVpJGglJ+Yw7wslUuirlhkSdbeDpUgCnk9WAcU0R28folg9MgxBfjQb0vLHiZ5RoOgSZWnLNYLtbK4uZzC0HwlNrdkw7H8qIM62qq40fcsLTiIDsMPZt3bM6OgPgvsbxvPjNoZ4iUEN/zJ8OLgWdSF8/p/fQIQgjTzg9Hu83q9E6mnkUcgSIW4E+MWs005XZCiGyTMGvc/tw==",
            "tags": {},
            "tags_all": {}
          },
          "sensitive_attributes": [],
          "private": "eyJzY2hlbWFfdmVyc2lvbiI6IjEifQ==",
          "dependencies": [
            "module.RDS-Module.tls_private_key.my_private_key"
          ]
        }
      ]
    },
    {
      "module": "module.RDS-Module",
      "mode": "managed",
      "type": "local_file",
      "name": "bastion_key",
      "provider": "provider[\"registry.terraform.io/hashicorp/local\"]",
      "instances": [
        {
          "schema_version": 0,
          "attributes": {
            "content": "-----BEGIN RSA PRIVATE KEY-----\nMIIJKAIBAAKCAgEAtP2kQDO8C9qKnNEX8MhxcmB6Hx0JQ9yaIy29dS1D5oQSrXTX\n8eaRjaQz8yvr4LU5xWBuyyTXPVPQe13TypSIOvJUT6sKU3ihHGXFWJtUtLK3FKQp\ntpmaWHi9sB84da08NDj1HjqwfhOLV1SuQFRZMZK9p6SJd5chSyU1yZJzZ13oqjoo\nXPDBS9Mbjaa9+2cirV7O+zwZh69EXO1Sl5SVCgCi0QNZSxvhNgK2WOhonSWDydA0\nkhabFEw43vRifVq3N7JEHZ5oe4nyefKT1VpfZWjF0TSxVz7bRA4eH8/HCIfLCNpd\ny69JsUZGfxm7pKBZQ83H3taEWAqVW1bJInpXYQuhC6z9NFStx0ao76jusQGubZky\n+AWvmKU+SPviXN8gnq7Ssld93u7Jma+rutEWQycgiDb55tw8PUq3O0jP4TSmZ/UD\nhzqa6YnRxgGzTfYiNs0WSsMmWYk+9NKB90GJcQzJFWaEstuiRv8SiDAMkIQrF79b\ny8FnGj309O6Rps91QIKItpZEiqLex5jW0LbHLcOCCgDro9nxISrq4zXiXXhm6UgP\nwVIE7DyDyYnWWJlMDyMtJpf74GThQzFuhNZ4CbXeHGTYTg4nXd6YJnK226YRMUdb\nQJGItIXi4B6mRNamuVKKvTSaTcTooWGMBRc+KUMSMHbmKNImAuzh+JT/W/cCAwEA\nAQKCAgEAsH6rvqP0m8aY50WLyBVfc/8a995T26ZzdRy0pWDn1xIyOI45yz5h8DMR\nKfBJzE5NsOlSAa3Ca56hLryXvPRNSNZpW2ta3X1D9zJTWQ3Yc4HXwTw5JUTy25Wa\nvPYlE7REglSMy9bFp5ydhCMi7b6TYCFN6v4rw8BQCjyWECRNf553NhESrVdl1/Bc\n7SyOFWxEx7Ytt5eq+cLzsn8HzKNrF175Z0ORvwnH++h3M4ooAh7EPnhX26JJxmhy\nCRFePgnJo3mmrQ99qgMivsLMYQEJCBY82b89tOup3Nq7i6AN4oaxesefMfKUtVfn\nhSht8KMhiVpRrz+XvVdMwM6Hw6R0MZxZS9xdlAnx/hsl6iz19q2jj0/gua+mXaui\nvBbZmycwDZZVzTLvdSOnMbONlTI/jJPvqr3CYm53U5u/z5fmMqaiy4b4rF2GDP8T\nf9egsb7YiA0dzVhuimGWBGrRx9IsPY2ZWZTUR53scXdHrPxG6o/Uh354uG7bvM/K\ncY1LO/HY5w95QtBTR1/jlYeSjx1aVrwk/7CHCGUK/U8/3eeaXw7SOcngBtXI1q+t\nwqi37m15rF9krFthgdsUEhNbMzckEEu9MbxmIfDtzX2iTvsfHkqfTojVhlASwhCj\n8jO3psR1ljNvK9lhzh0CcpphSN7hLZpf/vnec5mcWDVssxNUNukCggEBAMXPHsbk\nw/IjXflYLj4qfsnh899PKryspomC71h0je3jE9ppN44Raznz1vlmclneL1DgprBM\nlZ4KCy0NCjJRFDVj3egJppwyiFdtVWM2INtZ40PJWn1JVGv95NHVIcF3Q7C9yYwI\nUnSYJC/1xtW8gISOcL2rlLdfQ1nnHb054lLj1YH4KSTemiWDTe3UyPGX+W/IbZ2f\nlATGUIyZnCEeqWRIMfe+gE93W3libWKl0CzNgdCp+6rzKoWgoWHrgr6lajaWzn3V\nEWySDGDx+ku4ejKb765RdleZxWK+Ia6zF1b1A9CE9HrojaH0Ff4sS44qAWbdaNlu\nhilc3Sva8mqQ7jUCggEBAOo78oIVYIUwl2crCmW282XyiKdSw/JIsxtTXQdkbVD8\n2vAmYMp4cuBzobO62erM5+JtBb5uihF/W3A2Zthwnk+3bs0GO8/Ixk/meyxwzyIB\n9/vKu0jdNHokAE0MA8c8Zv5/35MlHFdF3xDZZwdOnv+zHnfscOYt0JJdaZDgIu/C\nrCEaBNF/m+7KcHpyT65MTCOT4L4zEQ3atB72tVDji8rkBrPEfa9cKU4YF+wSN5t1\n8cTUqybquAZZLajkSMGUOX0qYqIs3+tLCPdIaaZpEyDxO11H8hvOZCyRoqaxPO+y\nLdW8c1+xFm2QJrrQkG6vXMoKvRKZpFFC8gRymmFgVvsCggEAVXycnXJSaHv2agM9\nAOrWnqMDBTgujRnEY1tt2vmMOQnRE6wzMTe/8my6NFCdDM+j/T0JbNm8M2+9wruG\n85XsuOIvDc/V7F0+ZSJAK79B1epz+GC1tb2SOZWhZTnJ+9VyMJjk2JrkH7V8tilu\nxAJSPHdeq+nSPKlz7w+d36B7ej0ykZfRGDkHvzyO2kECkr6OM0wYa22Cx8l5GDpu\nqjWZGVjGF36B71Xy93OdOGvWmvY5qxc7R3cNonB4Llxcxc2xKGRmWyVRAW3g4ajR\n9hWE4ghYPirAjT1Me88VuW12ocMD4gMDsXZ9d0eIla9I++iVcIIxhP5qBsg2YXSf\nHYUDHQKCAQAiYQgYBbEz+0zNjKirAy44UV+zR1eRMRBwu0yVMC1HTMWJp+he70zV\nGsOqEIu5hbenKR9Fsw26wbmW/7UaoXTq+F5f40FWHv7UbVy4yhnswOM35qqUaDsy\njiQpKtFHJdtsETKscy70tEGoRHB1xxlZKF4Zde+gKStKwEElTXBzRlxjQ2Ffql4l\nrzrRDgQZ7gLi2eqLoA0pvmbfgJBePfefoNZG/lkAKwO4/ZpNQOM+gxIoNJqmTJ8T\n93TXLCJtnybM8zKk4PdAnrPDL7KqBRQUqrNu3odvg1x6mimIU81A1SMbEtzQN7q1\n/AljNAdu53g0A1165GgUsUG6W2PDVROPAoIBAGfmkTs/SstXYxaww4gpX9l1TsZb\nvkQze5Sdlz5sDZx0cmJnbK+FNN5Ffz5RaRZNXaD6uU3/yY1Yx0B05XqDMm8z3TOB\nUAyeGJBUmDlAYL3O8odrug8sI5kaeC0P2Z+xRasw6bD2qVJ9v0YIVqap3jx7AwRZ\nc+ClOvztwG9Qvx7o3AA/qDfF0k0hSbCg6AFn9N9YeT8gLnI+anCJ+GajbXL9Zi2h\nR9lHYrpXE7687xDlA1vm37G3a5hA99S8ABILzrYi6/64r3WgA3H0UIw45MLOMwb6\nhBhiYPgxhYS4ZT0O5Tfq9oy/aW1MD6LM02NTwljM+RiNaZHdamap/pphJaI=\n-----END RSA PRIVATE KEY-----\n",
            "content_base64": null,
            "content_base64sha256": "r/3of/fQdnLeBtRCDkdoJrHaLc9CsM4WH5T8+R1eSDM=",
            "content_base64sha512": "evhgKVjout0Sc2HR0gg1RjliBgj6sgApDL14nsw6jHtLmXpsYsYKC2UTsKezfHAxX12tl/4ByDRwvmWbANkZtA==",
            "content_md5": "f3ce762e8494addeaf5528bb596d1460",
            "content_sha1": "f0ec46db09571cdf56e0ca5ff3f6b89268624ac6",
            "content_sha256": "affde87ff7d07672de06d4420e476826b1da2dcf42b0ce161f94fcf91d5e4833",
            "content_sha512": "7af8602958e8badd127361d1d208354639620608fab200290cbd789ecc3a8c7b4b997a6c62c60a0b6513b0a7b37c70315f5dad97fe01c83470be659b00d919b4",
            "directory_permission": "0777",
            "file_permission": "0400",
            "filename": "matelliocorp_bastion_key.pem",
            "id": "f0ec46db09571cdf56e0ca5ff3f6b89268624ac6",
            "sensitive_content": null,
            "source": null
          },
          "sensitive_attributes": [
            [
              {
                "type": "get_attr",
                "value": "content"
              }
            ]
          ],
          "dependencies": [
            "module.RDS-Module.tls_private_key.my_bastion_key"
          ]
        }
      ]
    },
    {
      "module": "module.RDS-Module",
      "mode": "managed",
      "type": "local_file",
      "name": "private_key",
      "provider": "provider[\"registry.terraform.io/hashicorp/local\"]",
      "instances": [
        {
          "schema_version": 0,
          "attributes": {
            "content": "-----BEGIN RSA PRIVATE KEY-----\nMIIJKQIBAAKCAgEAxWN/VwWHnGd0rhXLViqoX7uWy05XovS59o8ZIJ3tLzA1TJl2\nkROGkA+CIH5HkBbnS5R8DL/z6pAMglKFq4M1UuN8ZlgR7gHxAl5e1H72m/wOai1s\nwKiO+z0CrdxTxFhRBf0ZHGhWwYrvEX9g5n4eiRPQ/XNead0wXkNWlY1qeQtWK18O\nBDc4230PU2hoapgnN1bczoute3MLSw4Bh7rRdqBz05NO8hfQ1NtLC6bv6eH4i5M1\n+5Dqr2qg9Ty9WGQSttYAgDiNIjrVfNWv6PWz8UJ62vfBWKEsdL5Fdg7v0oYMRHHp\nykE88/QgRAkYcJTS05yRsLgXex1FTFiHHQMIP4zgoJYah7cQ6cXpxwV0pSNsP3wI\n8pGdOT9tELnKUWVbnjfvvzSGfamunB1LtUH599b9SBqZdk4RyBUdDlHl28U+hMgV\ng/6hqo47hf4GlmqZTn3GCUYPp1vHr1MZAzaxG3RuMcNzUkvEFaSRoJSfmMO8LJVL\noq5YZEnW3g6VIAp5PVgHFNEdvH6JYPTIMQX40G9Lyx4meUaDoEmVpyzWC7WyuLmc\nwtB8JTa3ZMOx/KiDOtqquNH3LC04iA7DD2bd2zOjoD4L7G8bz4zaGeIlBDf8yfDi\n4FnUhfP6f30CEII084PR7vN6vROpp5FHIEiFuBPjFrNNOV2QohskzBr3P7cCAwEA\nAQKCAgEAqjNXE/RCsMxMQeetA0mZEaMxLXEKBAs9ZqqRIhzK7cuFydzx7bqGZyXY\nMKhykH4PRo5sQJorenBnOOBrPi7PBf/9vknme/HUnRQ+dMBdaLb4vvkYMy+kymIb\nM0suN7lnc+B/jI0zcYOZDN9m8JiDP/OEW2blXCdLk5xAxoe/7UunK5K1BVGQh0HY\nuzTmBDPabM9LahXqqu3SKQ+UpjKidsV32lHE2t9KRKAqn4t8h5E/vSpce+TDWCp7\nS7rqEZOIx3rTx7v7hi5w80lWe2uRk1Cdmr3TS9b9/FQslNXgWQkY/tOyoaGLK1ev\nkrq9BiZte+Yfgd/a71+X53LWXl/E9XMorM9KYm25H6p7vjCiKbQLJMM4Hy1+0XhJ\n3M0gvb2xkRxIfKIy2cX7gqQjMNxsbiJuiWwR3QxV8luAh8if3d9A9wG5S1LPBqeh\nUhOP2wLIXBxuYFgRjMkkklwk6+C1Ij+zb4ganf8KEUHBqCeCOSO7v7AVcx+1MZMQ\nwxvUr7l9IsxZ2JM9QM5Axa98Mpl+e6hMAZHIxwzhMnr0BcmnmXvj0LJQD7P/9Tds\nSK3mn0axBvlG4pGqZasT/2vuRZi7fYkOqaf///hCnyzCcsRNqbbFVcWINhwtvBO9\nGL3wvt3ykWYceEDw6HPvQPjFvZT2hgiDcmnHDKX6w8q+oyZD0TECggEBANY3SUEZ\nW+WyrOu11zD+Ut/MohvPZy1xmc+U6K2UyStLlTnjuhUlJZgOVc8jkAjDORpi6IP/\n5bbwU2v5l8fcHwZeoV0+rwPMQ6F56uwpZHY5OORDHGLCITf1cEiF1oNYbi/h9P9l\nq+JkCIIL4BAOYVl/OE0rJIB6PWg/uw42veJgWrw8ISZJ2HMP4blk3vg1/JsVxMm3\ngLvrf7/YvysmuHgWrJk0phGFrKdoY4tAs08PhVl86OBzGHaDozcqKBnY8ZtC1pGn\nDyPwtiFhOL9ElSYsk3WvZFD1puVSv9nRhJ2K+zup/lp7w53vic+iaB3iVS0R7lww\nsNQIjSGK65Ob2OUCggEBAOvj8+B3DCkXpr4Lx0GJvsUXivkBXlqjkXzuNqOw6XXf\ng2qZysepDDY9/ofmLnwjAlUBBxorGJXP+2Gl/VVxv25zf49nxkrjo2ZPWNpQvTWM\nmlSBces9e7n44b5jxVLgV5I93m5+7lowlTQx72ithJ5Nyny1P8sgcMtYgHTJNPZ8\n6Pr1r23Om8EsMcYhKVjW1idnld1etCoeW+aWBmV8wRTeTZGhX6NgJTB3mow+q4xs\nkir6v7a/BH6kiajBtqRrXZn0JFio7QVtn3YaB2K2w+ieyUOSGB/dz2KfB8VuVZdo\nsWr3aTYraLw1cQeolijvNTSjf5FV7b7j/bglsA1DuGsCggEBAMvgloG0xvfYlCdK\nS+K/StThh6/8N3DS29brHICISOZB62bLTIFvd1Y+3oBkkmMkmqZ4WF+5H0J7fIoZ\nZNG8uHJxghai4CM3N27qACKASrMSRwlIri14IfGGUTVU3BLqCQTdgzXH6E1xc3+C\nGeBuL0zkfgtD8lus++DKNxeSFirsFa9tcwdj5POtu+GdFXEawK5Bi6eIVKeFvXIz\nsc457futaNvvddbbaLVz7rnL/FxUo0/GSEXGhRPWuXJ5Vu0ywtBITrsVSp2kLVOb\nmky/00wfxMCPC2TaR9ueZCXE+PiQHAhvBDvN6yHXp0vMgFdg4DwjAr8PQFytPtUb\nyJYWD9kCggEAERFvZgB3KsoBUKL9iepzmUM41QeaUiifsFB0N6fnXJYNpjr2hzfe\nIFagAilPl7/YvVnTr7sKjlx8LfaavAH8/frxcejqWiTaf96h6ToKVsOTryWmnoTW\nXQB7JRGHB5Yf//7mB0y75l65jQtH7WUQwXuTeS6MLSBtyOjgcpLUeDlVikMYrHNU\npceS2mkv2rPAzx0ZpOjjVGDZ+XdFgzZhqibjqfPpPaMJTdZ5okgulXyNnvqBwLFV\nm+w/4awSkRcLsMYPkzK147yo2xzLCAN9bWl/2pnJkRS1msczAsAXBVuX6st4G2lM\nrMGZKhqysseMLADgjB2RlExe4WIouOz7fQKCAQBlWR5vE5CDZzLcEAoKRJUzuFz/\nbikP2scY8oxJyoi2SxkWfCL6um1KFOkXQsCU22XXry51CrN0AeS0lWL/bIrwMBk7\nvRuFa9Xnu8zjDfqpTixiyA8fcDewLNlfQIQVKCYhYQOxSAJGsTtievBoFxcT4Eoq\nHr+NvaF7yiYifyM8/THaO/G0JV6C2Y2dGUncBzcnMWUcmwwSGqTM6taVi7/+fluw\nndtWQ5ewJytrr5ILAsMcwJxwVaaaEwz0PVEV4/a0CqlgMFLVKuLSTlkyz+vgCTaE\nJCDy67FNSfnFl1jZACI/r7Lbo3Sn2ebmBuGo5V52OKxrFEdI223NSX2VNyLX\n-----END RSA PRIVATE KEY-----\n",
            "content_base64": null,
            "content_base64sha256": "dk1oWyGm2dkVBWNAYiQ7+c2kSq0EhYIy6fRSRCvlKBE=",
            "content_base64sha512": "2Wy+EKmMIKrJtdjRsI3iz7auRFVnZJcv/ncaLvOFMk+1TeoSdNAb9I5fcQ6cc75ksfgmHbO7z8tfpihar79jWA==",
            "content_md5": "fb721821e086d910dec7a57a347e5127",
            "content_sha1": "36bf1b5d5612ea2e522d2ff2146d5a58b638bb40",
            "content_sha256": "764d685b21a6d9d91505634062243bf9cda44aad04858232e9f452442be52811",
            "content_sha512": "d96cbe10a98c20aac9b5d8d1b08de2cfb6ae44556764972ffe771a2ef385324fb54dea1274d01bf48e5f710e9c73be64b1f8261db3bbcfcb5fa6285aafbf6358",
            "directory_permission": "0777",
            "file_permission": "0400",
            "filename": "matelliocorp_private_key.pem",
            "id": "36bf1b5d5612ea2e522d2ff2146d5a58b638bb40",
            "sensitive_content": null,
            "source": null
          },
          "sensitive_attributes": [
            [
              {
                "type": "get_attr",
                "value": "content"
              }
            ]
          ],
          "dependencies": [
            "module.RDS-Module.tls_private_key.my_private_key"
          ]
        }
      ]
    },
    {
      "module": "module.RDS-Module",
      "mode": "managed",
      "type": "tls_private_key",
      "name": "my_bastion_key",
      "provider": "provider[\"registry.terraform.io/hashicorp/tls\"]",
      "instances": [
        {
          "schema_version": 1,
          "attributes": {
            "algorithm": "RSA",
            "ecdsa_curve": "P224",
            "id": "a6b342cad4adfd02ee193359a372f8e4ae793e41",
            "private_key_openssh": "-----BEGIN OPENSSH PRIVATE KEY-----\nb3BlbnNzaC1rZXktdjEAAAAABG5vbmUAAAAEbm9uZQAAAAAAAAABAAACFwAAAAdz\nc2gtcnNhAAAAAwEAAQAAAgEAtP2kQDO8C9qKnNEX8MhxcmB6Hx0JQ9yaIy29dS1D\n5oQSrXTX8eaRjaQz8yvr4LU5xWBuyyTXPVPQe13TypSIOvJUT6sKU3ihHGXFWJtU\ntLK3FKQptpmaWHi9sB84da08NDj1HjqwfhOLV1SuQFRZMZK9p6SJd5chSyU1yZJz\nZ13oqjooXPDBS9Mbjaa9+2cirV7O+zwZh69EXO1Sl5SVCgCi0QNZSxvhNgK2WOho\nnSWDydA0khabFEw43vRifVq3N7JEHZ5oe4nyefKT1VpfZWjF0TSxVz7bRA4eH8/H\nCIfLCNpdy69JsUZGfxm7pKBZQ83H3taEWAqVW1bJInpXYQuhC6z9NFStx0ao76ju\nsQGubZky+AWvmKU+SPviXN8gnq7Ssld93u7Jma+rutEWQycgiDb55tw8PUq3O0jP\n4TSmZ/UDhzqa6YnRxgGzTfYiNs0WSsMmWYk+9NKB90GJcQzJFWaEstuiRv8SiDAM\nkIQrF79by8FnGj309O6Rps91QIKItpZEiqLex5jW0LbHLcOCCgDro9nxISrq4zXi\nXXhm6UgPwVIE7DyDyYnWWJlMDyMtJpf74GThQzFuhNZ4CbXeHGTYTg4nXd6YJnK2\n26YRMUdbQJGItIXi4B6mRNamuVKKvTSaTcTooWGMBRc+KUMSMHbmKNImAuzh+JT/\nW/cAAAc4yagJZMmoCWQAAAAHc3NoLXJzYQAAAgEAtP2kQDO8C9qKnNEX8MhxcmB6\nHx0JQ9yaIy29dS1D5oQSrXTX8eaRjaQz8yvr4LU5xWBuyyTXPVPQe13TypSIOvJU\nT6sKU3ihHGXFWJtUtLK3FKQptpmaWHi9sB84da08NDj1HjqwfhOLV1SuQFRZMZK9\np6SJd5chSyU1yZJzZ13oqjooXPDBS9Mbjaa9+2cirV7O+zwZh69EXO1Sl5SVCgCi\n0QNZSxvhNgK2WOhonSWDydA0khabFEw43vRifVq3N7JEHZ5oe4nyefKT1VpfZWjF\n0TSxVz7bRA4eH8/HCIfLCNpdy69JsUZGfxm7pKBZQ83H3taEWAqVW1bJInpXYQuh\nC6z9NFStx0ao76jusQGubZky+AWvmKU+SPviXN8gnq7Ssld93u7Jma+rutEWQycg\niDb55tw8PUq3O0jP4TSmZ/UDhzqa6YnRxgGzTfYiNs0WSsMmWYk+9NKB90GJcQzJ\nFWaEstuiRv8SiDAMkIQrF79by8FnGj309O6Rps91QIKItpZEiqLex5jW0LbHLcOC\nCgDro9nxISrq4zXiXXhm6UgPwVIE7DyDyYnWWJlMDyMtJpf74GThQzFuhNZ4CbXe\nHGTYTg4nXd6YJnK226YRMUdbQJGItIXi4B6mRNamuVKKvTSaTcTooWGMBRc+KUMS\nMHbmKNImAuzh+JT/W/cAAAADAQABAAACAQCwfqu+o/SbxpjnRYvIFV9z/xr33lPb\npnN1HLSlYOfXEjI4jjnLPmHwMxEp8EnMTk2w6VIBrcJrnqEuvJe89E1I1mlba1rd\nfUP3MlNZDdhzgdfBPDklRPLblZq89iUTtESCVIzL1sWnnJ2EIyLtvpNgIU3q/ivD\nwFAKPJYQJE1/nnc2ERKtV2XX8FztLI4VbETHti23l6r5wvOyfwfMo2sXXvlnQ5G/\nCcf76HcziigCHsQ+eFfboknGaHIJEV4+CcmjeaatD32qAyK+wsxhAQkIFjzZvz20\n66nc2ruLoA3ihrF6x58x8pS1V+eFKG3woyGJWlGvP5e9V0zAzofDpHQxnFlL3F2U\nCfH+GyXqLPX2raOPT+C5r6Zdq6K8FtmbJzANllXNMu91I6cxs42VMj+Mk++qvcJi\nbndTm7/Pl+YypqLLhvisXYYM/xN/16CxvtiIDR3NWG6KYZYEatHH0iw9jZlZlNRH\nnexxd0es/Ebqj9SHfni4btu8z8pxjUs78djnD3lC0FNHX+OVh5KPHVpWvCT/sIcI\nZQr9Tz/d55pfDtI5yeAG1cjWr63CqLfubXmsX2SsW2GB2xQSE1szNyQQS70xvGYh\n8O3NfaJO+x8eSp9OiNWGUBLCEKPyM7emxHWWM28r2WHOHQJymmFI3uEtml/++d5z\nmZxYNWyzE1Q26QAAAQBn5pE7P0rLV2MWsMOIKV/ZdU7GW75EM3uUnZc+bA2cdHJi\nZ2yvhTTeRX8+UWkWTV2g+rlN/8mNWMdAdOV6gzJvM90zgVAMnhiQVJg5QGC9zvKH\na7oPLCOZGngtD9mfsUWrMOmw9qlSfb9GCFamqd48ewMEWXPgpTr87cBvUL8e6NwA\nP6g3xdJNIUmwoOgBZ/TfWHk/IC5yPmpwifhmo21y/WYtoUfZR2K6VxO+vO8Q5QNb\n5t+xt2uYQPfUvAASC862Iuv+uK91oANx9FCMOOTCzjMG+oQYYmD4MYWEuGU9DuU3\n6vaMv2ltTA+izNNjU8JYzPkYjWmR3Wpmqf6aYSWiAAABAQDFzx7G5MPyI135WC4+\nKn7J4fPfTyq8rKaJgu9YdI3t4xPaaTeOEWs589b5ZnJZ3i9Q4KawTJWeCgstDQoy\nURQ1Y93oCaacMohXbVVjNiDbWeNDyVp9SVRr/eTR1SHBd0OwvcmMCFJ0mCQv9cbV\nvICEjnC9q5S3X0NZ5x29OeJS49WB+Ckk3polg03t1Mjxl/lvyG2dn5QExlCMmZwh\nHqlkSDH3voBPd1t5Ym1ipdAszYHQqfuq8yqFoKFh64K+pWo2ls591RFskgxg8fpL\nuHoym++uUXZXmcViviGusxdW9QPQhPR66I2h9BX+LEuOKgFm3WjZboYpXN0r2vJq\nkO41AAABAQDqO/KCFWCFMJdnKwpltvNl8oinUsPySLMbU10HZG1Q/NrwJmDKeHLg\nc6GzutnqzOfibQW+booRf1twNmbYcJ5Pt27NBjvPyMZP5nsscM8iAff7yrtI3TR6\nJABNDAPHPGb+f9+TJRxXRd8Q2WcHTp7/sx537HDmLdCSXWmQ4CLvwqwhGgTRf5vu\nynB6ck+uTEwjk+C+MxEN2rQe9rVQ44vK5AazxH2vXClOGBfsEjebdfHE1Ksm6rgG\nWS2o5EjBlDl9KmKiLN/rSwj3SGmmaRMg8TtdR/IbzmQskaKmsTzvsi3VvHNfsRZt\nkCa60JBur1zKCr0SmaRRQvIEcpphYFb7AAAAAAEC\n-----END OPENSSH PRIVATE KEY-----\n",
            "private_key_pem": "-----BEGIN RSA PRIVATE KEY-----\nMIIJKAIBAAKCAgEAtP2kQDO8C9qKnNEX8MhxcmB6Hx0JQ9yaIy29dS1D5oQSrXTX\n8eaRjaQz8yvr4LU5xWBuyyTXPVPQe13TypSIOvJUT6sKU3ihHGXFWJtUtLK3FKQp\ntpmaWHi9sB84da08NDj1HjqwfhOLV1SuQFRZMZK9p6SJd5chSyU1yZJzZ13oqjoo\nXPDBS9Mbjaa9+2cirV7O+zwZh69EXO1Sl5SVCgCi0QNZSxvhNgK2WOhonSWDydA0\nkhabFEw43vRifVq3N7JEHZ5oe4nyefKT1VpfZWjF0TSxVz7bRA4eH8/HCIfLCNpd\ny69JsUZGfxm7pKBZQ83H3taEWAqVW1bJInpXYQuhC6z9NFStx0ao76jusQGubZky\n+AWvmKU+SPviXN8gnq7Ssld93u7Jma+rutEWQycgiDb55tw8PUq3O0jP4TSmZ/UD\nhzqa6YnRxgGzTfYiNs0WSsMmWYk+9NKB90GJcQzJFWaEstuiRv8SiDAMkIQrF79b\ny8FnGj309O6Rps91QIKItpZEiqLex5jW0LbHLcOCCgDro9nxISrq4zXiXXhm6UgP\nwVIE7DyDyYnWWJlMDyMtJpf74GThQzFuhNZ4CbXeHGTYTg4nXd6YJnK226YRMUdb\nQJGItIXi4B6mRNamuVKKvTSaTcTooWGMBRc+KUMSMHbmKNImAuzh+JT/W/cCAwEA\nAQKCAgEAsH6rvqP0m8aY50WLyBVfc/8a995T26ZzdRy0pWDn1xIyOI45yz5h8DMR\nKfBJzE5NsOlSAa3Ca56hLryXvPRNSNZpW2ta3X1D9zJTWQ3Yc4HXwTw5JUTy25Wa\nvPYlE7REglSMy9bFp5ydhCMi7b6TYCFN6v4rw8BQCjyWECRNf553NhESrVdl1/Bc\n7SyOFWxEx7Ytt5eq+cLzsn8HzKNrF175Z0ORvwnH++h3M4ooAh7EPnhX26JJxmhy\nCRFePgnJo3mmrQ99qgMivsLMYQEJCBY82b89tOup3Nq7i6AN4oaxesefMfKUtVfn\nhSht8KMhiVpRrz+XvVdMwM6Hw6R0MZxZS9xdlAnx/hsl6iz19q2jj0/gua+mXaui\nvBbZmycwDZZVzTLvdSOnMbONlTI/jJPvqr3CYm53U5u/z5fmMqaiy4b4rF2GDP8T\nf9egsb7YiA0dzVhuimGWBGrRx9IsPY2ZWZTUR53scXdHrPxG6o/Uh354uG7bvM/K\ncY1LO/HY5w95QtBTR1/jlYeSjx1aVrwk/7CHCGUK/U8/3eeaXw7SOcngBtXI1q+t\nwqi37m15rF9krFthgdsUEhNbMzckEEu9MbxmIfDtzX2iTvsfHkqfTojVhlASwhCj\n8jO3psR1ljNvK9lhzh0CcpphSN7hLZpf/vnec5mcWDVssxNUNukCggEBAMXPHsbk\nw/IjXflYLj4qfsnh899PKryspomC71h0je3jE9ppN44Raznz1vlmclneL1DgprBM\nlZ4KCy0NCjJRFDVj3egJppwyiFdtVWM2INtZ40PJWn1JVGv95NHVIcF3Q7C9yYwI\nUnSYJC/1xtW8gISOcL2rlLdfQ1nnHb054lLj1YH4KSTemiWDTe3UyPGX+W/IbZ2f\nlATGUIyZnCEeqWRIMfe+gE93W3libWKl0CzNgdCp+6rzKoWgoWHrgr6lajaWzn3V\nEWySDGDx+ku4ejKb765RdleZxWK+Ia6zF1b1A9CE9HrojaH0Ff4sS44qAWbdaNlu\nhilc3Sva8mqQ7jUCggEBAOo78oIVYIUwl2crCmW282XyiKdSw/JIsxtTXQdkbVD8\n2vAmYMp4cuBzobO62erM5+JtBb5uihF/W3A2Zthwnk+3bs0GO8/Ixk/meyxwzyIB\n9/vKu0jdNHokAE0MA8c8Zv5/35MlHFdF3xDZZwdOnv+zHnfscOYt0JJdaZDgIu/C\nrCEaBNF/m+7KcHpyT65MTCOT4L4zEQ3atB72tVDji8rkBrPEfa9cKU4YF+wSN5t1\n8cTUqybquAZZLajkSMGUOX0qYqIs3+tLCPdIaaZpEyDxO11H8hvOZCyRoqaxPO+y\nLdW8c1+xFm2QJrrQkG6vXMoKvRKZpFFC8gRymmFgVvsCggEAVXycnXJSaHv2agM9\nAOrWnqMDBTgujRnEY1tt2vmMOQnRE6wzMTe/8my6NFCdDM+j/T0JbNm8M2+9wruG\n85XsuOIvDc/V7F0+ZSJAK79B1epz+GC1tb2SOZWhZTnJ+9VyMJjk2JrkH7V8tilu\nxAJSPHdeq+nSPKlz7w+d36B7ej0ykZfRGDkHvzyO2kECkr6OM0wYa22Cx8l5GDpu\nqjWZGVjGF36B71Xy93OdOGvWmvY5qxc7R3cNonB4Llxcxc2xKGRmWyVRAW3g4ajR\n9hWE4ghYPirAjT1Me88VuW12ocMD4gMDsXZ9d0eIla9I++iVcIIxhP5qBsg2YXSf\nHYUDHQKCAQAiYQgYBbEz+0zNjKirAy44UV+zR1eRMRBwu0yVMC1HTMWJp+he70zV\nGsOqEIu5hbenKR9Fsw26wbmW/7UaoXTq+F5f40FWHv7UbVy4yhnswOM35qqUaDsy\njiQpKtFHJdtsETKscy70tEGoRHB1xxlZKF4Zde+gKStKwEElTXBzRlxjQ2Ffql4l\nrzrRDgQZ7gLi2eqLoA0pvmbfgJBePfefoNZG/lkAKwO4/ZpNQOM+gxIoNJqmTJ8T\n93TXLCJtnybM8zKk4PdAnrPDL7KqBRQUqrNu3odvg1x6mimIU81A1SMbEtzQN7q1\n/AljNAdu53g0A1165GgUsUG6W2PDVROPAoIBAGfmkTs/SstXYxaww4gpX9l1TsZb\nvkQze5Sdlz5sDZx0cmJnbK+FNN5Ffz5RaRZNXaD6uU3/yY1Yx0B05XqDMm8z3TOB\nUAyeGJBUmDlAYL3O8odrug8sI5kaeC0P2Z+xRasw6bD2qVJ9v0YIVqap3jx7AwRZ\nc+ClOvztwG9Qvx7o3AA/qDfF0k0hSbCg6AFn9N9YeT8gLnI+anCJ+GajbXL9Zi2h\nR9lHYrpXE7687xDlA1vm37G3a5hA99S8ABILzrYi6/64r3WgA3H0UIw45MLOMwb6\nhBhiYPgxhYS4ZT0O5Tfq9oy/aW1MD6LM02NTwljM+RiNaZHdamap/pphJaI=\n-----END RSA PRIVATE KEY-----\n",
            "private_key_pem_pkcs8": "-----BEGIN PRIVATE KEY-----\nMIIJQgIBADANBgkqhkiG9w0BAQEFAASCCSwwggkoAgEAAoICAQC0/aRAM7wL2oqc\n0RfwyHFyYHofHQlD3JojLb11LUPmhBKtdNfx5pGNpDPzK+vgtTnFYG7LJNc9U9B7\nXdPKlIg68lRPqwpTeKEcZcVYm1S0srcUpCm2mZpYeL2wHzh1rTw0OPUeOrB+E4tX\nVK5AVFkxkr2npIl3lyFLJTXJknNnXeiqOihc8MFL0xuNpr37ZyKtXs77PBmHr0Rc\n7VKXlJUKAKLRA1lLG+E2ArZY6GidJYPJ0DSSFpsUTDje9GJ9Wrc3skQdnmh7ifJ5\n8pPVWl9laMXRNLFXPttEDh4fz8cIh8sI2l3Lr0mxRkZ/GbukoFlDzcfe1oRYCpVb\nVskieldhC6ELrP00VK3HRqjvqO6xAa5tmTL4Ba+YpT5I++Jc3yCertKyV33e7smZ\nr6u60RZDJyCINvnm3Dw9Src7SM/hNKZn9QOHOprpidHGAbNN9iI2zRZKwyZZiT70\n0oH3QYlxDMkVZoSy26JG/xKIMAyQhCsXv1vLwWcaPfT07pGmz3VAgoi2lkSKot7H\nmNbQtsctw4IKAOuj2fEhKurjNeJdeGbpSA/BUgTsPIPJidZYmUwPIy0ml/vgZOFD\nMW6E1ngJtd4cZNhODidd3pgmcrbbphExR1tAkYi0heLgHqZE1qa5Uoq9NJpNxOih\nYYwFFz4pQxIwduYo0iYC7OH4lP9b9wIDAQABAoICAQCwfqu+o/SbxpjnRYvIFV9z\n/xr33lPbpnN1HLSlYOfXEjI4jjnLPmHwMxEp8EnMTk2w6VIBrcJrnqEuvJe89E1I\n1mlba1rdfUP3MlNZDdhzgdfBPDklRPLblZq89iUTtESCVIzL1sWnnJ2EIyLtvpNg\nIU3q/ivDwFAKPJYQJE1/nnc2ERKtV2XX8FztLI4VbETHti23l6r5wvOyfwfMo2sX\nXvlnQ5G/Ccf76HcziigCHsQ+eFfboknGaHIJEV4+CcmjeaatD32qAyK+wsxhAQkI\nFjzZvz2066nc2ruLoA3ihrF6x58x8pS1V+eFKG3woyGJWlGvP5e9V0zAzofDpHQx\nnFlL3F2UCfH+GyXqLPX2raOPT+C5r6Zdq6K8FtmbJzANllXNMu91I6cxs42VMj+M\nk++qvcJibndTm7/Pl+YypqLLhvisXYYM/xN/16CxvtiIDR3NWG6KYZYEatHH0iw9\njZlZlNRHnexxd0es/Ebqj9SHfni4btu8z8pxjUs78djnD3lC0FNHX+OVh5KPHVpW\nvCT/sIcIZQr9Tz/d55pfDtI5yeAG1cjWr63CqLfubXmsX2SsW2GB2xQSE1szNyQQ\nS70xvGYh8O3NfaJO+x8eSp9OiNWGUBLCEKPyM7emxHWWM28r2WHOHQJymmFI3uEt\nml/++d5zmZxYNWyzE1Q26QKCAQEAxc8exuTD8iNd+VguPip+yeHz308qvKymiYLv\nWHSN7eMT2mk3jhFrOfPW+WZyWd4vUOCmsEyVngoLLQ0KMlEUNWPd6AmmnDKIV21V\nYzYg21njQ8lafUlUa/3k0dUhwXdDsL3JjAhSdJgkL/XG1byAhI5wvauUt19DWecd\nvTniUuPVgfgpJN6aJYNN7dTI8Zf5b8htnZ+UBMZQjJmcIR6pZEgx976AT3dbeWJt\nYqXQLM2B0Kn7qvMqhaChYeuCvqVqNpbOfdURbJIMYPH6S7h6MpvvrlF2V5nFYr4h\nrrMXVvUD0IT0euiNofQV/ixLjioBZt1o2W6GKVzdK9ryapDuNQKCAQEA6jvyghVg\nhTCXZysKZbbzZfKIp1LD8kizG1NdB2RtUPza8CZgynhy4HOhs7rZ6szn4m0Fvm6K\nEX9bcDZm2HCeT7duzQY7z8jGT+Z7LHDPIgH3+8q7SN00eiQATQwDxzxm/n/fkyUc\nV0XfENlnB06e/7Med+xw5i3Qkl1pkOAi78KsIRoE0X+b7spwenJPrkxMI5PgvjMR\nDdq0Hva1UOOLyuQGs8R9r1wpThgX7BI3m3XxxNSrJuq4BlktqORIwZQ5fSpioizf\n60sI90hppmkTIPE7XUfyG85kLJGiprE877It1bxzX7EWbZAmutCQbq9cygq9Epmk\nUULyBHKaYWBW+wKCAQBVfJydclJoe/ZqAz0A6taeowMFOC6NGcRjW23a+Yw5CdET\nrDMxN7/ybLo0UJ0Mz6P9PQls2bwzb73Cu4bzley44i8Nz9XsXT5lIkArv0HV6nP4\nYLW1vZI5laFlOcn71XIwmOTYmuQftXy2KW7EAlI8d16r6dI8qXPvD53foHt6PTKR\nl9EYOQe/PI7aQQKSvo4zTBhrbYLHyXkYOm6qNZkZWMYXfoHvVfL3c504a9aa9jmr\nFztHdw2icHguXFzFzbEoZGZbJVEBbeDhqNH2FYTiCFg+KsCNPUx7zxW5bXahwwPi\nAwOxdn13R4iVr0j76JVwgjGE/moGyDZhdJ8dhQMdAoIBACJhCBgFsTP7TM2MqKsD\nLjhRX7NHV5ExEHC7TJUwLUdMxYmn6F7vTNUaw6oQi7mFt6cpH0WzDbrBuZb/tRqh\ndOr4Xl/jQVYe/tRtXLjKGezA4zfmqpRoOzKOJCkq0Ucl22wRMqxzLvS0QahEcHXH\nGVkoXhl176ApK0rAQSVNcHNGXGNDYV+qXiWvOtEOBBnuAuLZ6ougDSm+Zt+AkF49\n95+g1kb+WQArA7j9mk1A4z6DEig0mqZMnxP3dNcsIm2fJszzMqTg90Ces8MvsqoF\nFBSqs27eh2+DXHqaKYhTzUDVIxsS3NA3urX8CWM0B27neDQDXXrkaBSxQbpbY8NV\nE48CggEAZ+aROz9Ky1djFrDDiClf2XVOxlu+RDN7lJ2XPmwNnHRyYmdsr4U03kV/\nPlFpFk1doPq5Tf/JjVjHQHTleoMybzPdM4FQDJ4YkFSYOUBgvc7yh2u6DywjmRp4\nLQ/Zn7FFqzDpsPapUn2/RghWpqnePHsDBFlz4KU6/O3Ab1C/HujcAD+oN8XSTSFJ\nsKDoAWf031h5PyAucj5qcIn4ZqNtcv1mLaFH2UdiulcTvrzvEOUDW+bfsbdrmED3\n1LwAEgvOtiLr/rivdaADcfRQjDjkws4zBvqEGGJg+DGFhLhlPQ7lN+r2jL9pbUwP\noszTY1PCWMz5GI1pkd1qZqn+mmElog==\n-----END PRIVATE KEY-----\n",
            "public_key_fingerprint_md5": "dd:70:94:22:83:6e:eb:60:91:2f:7b:99:5e:95:9b:f1",
            "public_key_fingerprint_sha256": "SHA256:Px7J0o/4LLTB1x3MfrvzpAyg0T038hN6F8997DqDDgY",
            "public_key_openssh": "ssh-rsa AAAAB3NzaC1yc2EAAAADAQABAAACAQC0/aRAM7wL2oqc0RfwyHFyYHofHQlD3JojLb11LUPmhBKtdNfx5pGNpDPzK+vgtTnFYG7LJNc9U9B7XdPKlIg68lRPqwpTeKEcZcVYm1S0srcUpCm2mZpYeL2wHzh1rTw0OPUeOrB+E4tXVK5AVFkxkr2npIl3lyFLJTXJknNnXeiqOihc8MFL0xuNpr37ZyKtXs77PBmHr0Rc7VKXlJUKAKLRA1lLG+E2ArZY6GidJYPJ0DSSFpsUTDje9GJ9Wrc3skQdnmh7ifJ58pPVWl9laMXRNLFXPttEDh4fz8cIh8sI2l3Lr0mxRkZ/GbukoFlDzcfe1oRYCpVbVskieldhC6ELrP00VK3HRqjvqO6xAa5tmTL4Ba+YpT5I++Jc3yCertKyV33e7smZr6u60RZDJyCINvnm3Dw9Src7SM/hNKZn9QOHOprpidHGAbNN9iI2zRZKwyZZiT700oH3QYlxDMkVZoSy26JG/xKIMAyQhCsXv1vLwWcaPfT07pGmz3VAgoi2lkSKot7HmNbQtsctw4IKAOuj2fEhKurjNeJdeGbpSA/BUgTsPIPJidZYmUwPIy0ml/vgZOFDMW6E1ngJtd4cZNhODidd3pgmcrbbphExR1tAkYi0heLgHqZE1qa5Uoq9NJpNxOihYYwFFz4pQxIwduYo0iYC7OH4lP9b9w==\n",
            "public_key_pem": "-----BEGIN PUBLIC KEY-----\nMIICIjANBgkqhkiG9w0BAQEFAAOCAg8AMIICCgKCAgEAtP2kQDO8C9qKnNEX8Mhx\ncmB6Hx0JQ9yaIy29dS1D5oQSrXTX8eaRjaQz8yvr4LU5xWBuyyTXPVPQe13TypSI\nOvJUT6sKU3ihHGXFWJtUtLK3FKQptpmaWHi9sB84da08NDj1HjqwfhOLV1SuQFRZ\nMZK9p6SJd5chSyU1yZJzZ13oqjooXPDBS9Mbjaa9+2cirV7O+zwZh69EXO1Sl5SV\nCgCi0QNZSxvhNgK2WOhonSWDydA0khabFEw43vRifVq3N7JEHZ5oe4nyefKT1Vpf\nZWjF0TSxVz7bRA4eH8/HCIfLCNpdy69JsUZGfxm7pKBZQ83H3taEWAqVW1bJInpX\nYQuhC6z9NFStx0ao76jusQGubZky+AWvmKU+SPviXN8gnq7Ssld93u7Jma+rutEW\nQycgiDb55tw8PUq3O0jP4TSmZ/UDhzqa6YnRxgGzTfYiNs0WSsMmWYk+9NKB90GJ\ncQzJFWaEstuiRv8SiDAMkIQrF79by8FnGj309O6Rps91QIKItpZEiqLex5jW0LbH\nLcOCCgDro9nxISrq4zXiXXhm6UgPwVIE7DyDyYnWWJlMDyMtJpf74GThQzFuhNZ4\nCbXeHGTYTg4nXd6YJnK226YRMUdbQJGItIXi4B6mRNamuVKKvTSaTcTooWGMBRc+\nKUMSMHbmKNImAuzh+JT/W/cCAwEAAQ==\n-----END PUBLIC KEY-----\n",
            "rsa_bits": 4096
          },
          "sensitive_attributes": []
        }
      ]
    },
    {
      "module": "module.RDS-Module",
      "mode": "managed",
      "type": "tls_private_key",
      "name": "my_private_key",
      "provider": "provider[\"registry.terraform.io/hashicorp/tls\"]",
      "instances": [
        {
          "schema_version": 1,
          "attributes": {
            "algorithm": "RSA",
            "ecdsa_curve": "P224",
            "id": "8b7edf72c596945aac7138d3d2bbfab68a1c4643",
            "private_key_openssh": "-----BEGIN OPENSSH PRIVATE KEY-----\nb3BlbnNzaC1rZXktdjEAAAAABG5vbmUAAAAEbm9uZQAAAAAAAAABAAACFwAAAAdz\nc2gtcnNhAAAAAwEAAQAAAgEAxWN/VwWHnGd0rhXLViqoX7uWy05XovS59o8ZIJ3t\nLzA1TJl2kROGkA+CIH5HkBbnS5R8DL/z6pAMglKFq4M1UuN8ZlgR7gHxAl5e1H72\nm/wOai1swKiO+z0CrdxTxFhRBf0ZHGhWwYrvEX9g5n4eiRPQ/XNead0wXkNWlY1q\neQtWK18OBDc4230PU2hoapgnN1bczoute3MLSw4Bh7rRdqBz05NO8hfQ1NtLC6bv\n6eH4i5M1+5Dqr2qg9Ty9WGQSttYAgDiNIjrVfNWv6PWz8UJ62vfBWKEsdL5Fdg7v\n0oYMRHHpykE88/QgRAkYcJTS05yRsLgXex1FTFiHHQMIP4zgoJYah7cQ6cXpxwV0\npSNsP3wI8pGdOT9tELnKUWVbnjfvvzSGfamunB1LtUH599b9SBqZdk4RyBUdDlHl\n28U+hMgVg/6hqo47hf4GlmqZTn3GCUYPp1vHr1MZAzaxG3RuMcNzUkvEFaSRoJSf\nmMO8LJVLoq5YZEnW3g6VIAp5PVgHFNEdvH6JYPTIMQX40G9Lyx4meUaDoEmVpyzW\nC7WyuLmcwtB8JTa3ZMOx/KiDOtqquNH3LC04iA7DD2bd2zOjoD4L7G8bz4zaGeIl\nBDf8yfDi4FnUhfP6f30CEII084PR7vN6vROpp5FHIEiFuBPjFrNNOV2QohskzBr3\nP7cAAAc44/XRZ+P10WcAAAAHc3NoLXJzYQAAAgEAxWN/VwWHnGd0rhXLViqoX7uW\ny05XovS59o8ZIJ3tLzA1TJl2kROGkA+CIH5HkBbnS5R8DL/z6pAMglKFq4M1UuN8\nZlgR7gHxAl5e1H72m/wOai1swKiO+z0CrdxTxFhRBf0ZHGhWwYrvEX9g5n4eiRPQ\n/XNead0wXkNWlY1qeQtWK18OBDc4230PU2hoapgnN1bczoute3MLSw4Bh7rRdqBz\n05NO8hfQ1NtLC6bv6eH4i5M1+5Dqr2qg9Ty9WGQSttYAgDiNIjrVfNWv6PWz8UJ6\n2vfBWKEsdL5Fdg7v0oYMRHHpykE88/QgRAkYcJTS05yRsLgXex1FTFiHHQMIP4zg\noJYah7cQ6cXpxwV0pSNsP3wI8pGdOT9tELnKUWVbnjfvvzSGfamunB1LtUH599b9\nSBqZdk4RyBUdDlHl28U+hMgVg/6hqo47hf4GlmqZTn3GCUYPp1vHr1MZAzaxG3Ru\nMcNzUkvEFaSRoJSfmMO8LJVLoq5YZEnW3g6VIAp5PVgHFNEdvH6JYPTIMQX40G9L\nyx4meUaDoEmVpyzWC7WyuLmcwtB8JTa3ZMOx/KiDOtqquNH3LC04iA7DD2bd2zOj\noD4L7G8bz4zaGeIlBDf8yfDi4FnUhfP6f30CEII084PR7vN6vROpp5FHIEiFuBPj\nFrNNOV2QohskzBr3P7cAAAADAQABAAACAQCqM1cT9EKwzExB560DSZkRozEtcQoE\nCz1mqpEiHMrty4XJ3PHtuoZnJdgwqHKQfg9GjmxAmit6cGc44Gs+Ls8F//2+SeZ7\n8dSdFD50wF1otvi++RgzL6TKYhszSy43uWdz4H+MjTNxg5kM32bwmIM/84RbZuVc\nJ0uTnEDGh7/tS6crkrUFUZCHQdi7NOYEM9psz0tqFeqq7dIpD5SmMqJ2xXfaUcTa\n30pEoCqfi3yHkT+9Klx75MNYKntLuuoRk4jHetPHu/uGLnDzSVZ7a5GTUJ2avdNL\n1v38VCyU1eBZCRj+07KhoYsrV6+Sur0GJm175h+B39rvX5fnctZeX8T1cyisz0pi\nbbkfqnu+MKIptAskwzgfLX7ReEnczSC9vbGRHEh8ojLZxfuCpCMw3GxuIm6JbBHd\nDFXyW4CHyJ/d30D3AblLUs8Gp6FSE4/bAshcHG5gWBGMySSSXCTr4LUiP7NviBqd\n/woRQcGoJ4I5I7u/sBVzH7UxkxDDG9SvuX0izFnYkz1AzkDFr3wymX57qEwBkcjH\nDOEyevQFyaeZe+PQslAPs//1N2xIreafRrEG+UbikaplqxP/a+5FmLt9iQ6pp///\n+EKfLMJyxE2ptsVVxYg2HC28E70YvfC+3fKRZhx4QPDoc+9A+MW9lPaGCINyaccM\npfrDyr6jJkPRMQAAAQBlWR5vE5CDZzLcEAoKRJUzuFz/bikP2scY8oxJyoi2SxkW\nfCL6um1KFOkXQsCU22XXry51CrN0AeS0lWL/bIrwMBk7vRuFa9Xnu8zjDfqpTixi\nyA8fcDewLNlfQIQVKCYhYQOxSAJGsTtievBoFxcT4EoqHr+NvaF7yiYifyM8/THa\nO/G0JV6C2Y2dGUncBzcnMWUcmwwSGqTM6taVi7/+fluwndtWQ5ewJytrr5ILAsMc\nwJxwVaaaEwz0PVEV4/a0CqlgMFLVKuLSTlkyz+vgCTaEJCDy67FNSfnFl1jZACI/\nr7Lbo3Sn2ebmBuGo5V52OKxrFEdI223NSX2VNyLXAAABAQDWN0lBGVvlsqzrtdcw\n/lLfzKIbz2ctcZnPlOitlMkrS5U547oVJSWYDlXPI5AIwzkaYuiD/+W28FNr+ZfH\n3B8GXqFdPq8DzEOheersKWR2OTjkQxxiwiE39XBIhdaDWG4v4fT/ZaviZAiCC+AQ\nDmFZfzhNKySAej1oP7sONr3iYFq8PCEmSdhzD+G5ZN74NfybFcTJt4C763+/2L8r\nJrh4FqyZNKYRhaynaGOLQLNPD4VZfOjgcxh2g6M3KigZ2PGbQtaRpw8j8LYhYTi/\nRJUmLJN1r2RQ9ablUr/Z0YSdivs7qf5ae8Od74nPomgd4lUtEe5cMLDUCI0hiuuT\nm9jlAAABAQDr4/PgdwwpF6a+C8dBib7FF4r5AV5ao5F87jajsOl134NqmcrHqQw2\nPf6H5i58IwJVAQcaKxiVz/thpf1Vcb9uc3+PZ8ZK46NmT1jaUL01jJpUgXHrPXu5\n+OG+Y8VS4FeSPd5ufu5aMJU0Me9orYSeTcp8tT/LIHDLWIB0yTT2fOj69a9tzpvB\nLDHGISlY1tYnZ5XdXrQqHlvmlgZlfMEU3k2RoV+jYCUwd5qMPquMbJIq+r+2vwR+\npImowbaka12Z9CRYqO0FbZ92GgditsPonslDkhgf3c9inwfFblWXaLFq92k2K2i8\nNXEHqJYo7zU0o3+RVe2+4/24JbANQ7hrAAAAAAEC\n-----END OPENSSH PRIVATE KEY-----\n",
            "private_key_pem": "-----BEGIN RSA PRIVATE KEY-----\nMIIJKQIBAAKCAgEAxWN/VwWHnGd0rhXLViqoX7uWy05XovS59o8ZIJ3tLzA1TJl2\nkROGkA+CIH5HkBbnS5R8DL/z6pAMglKFq4M1UuN8ZlgR7gHxAl5e1H72m/wOai1s\nwKiO+z0CrdxTxFhRBf0ZHGhWwYrvEX9g5n4eiRPQ/XNead0wXkNWlY1qeQtWK18O\nBDc4230PU2hoapgnN1bczoute3MLSw4Bh7rRdqBz05NO8hfQ1NtLC6bv6eH4i5M1\n+5Dqr2qg9Ty9WGQSttYAgDiNIjrVfNWv6PWz8UJ62vfBWKEsdL5Fdg7v0oYMRHHp\nykE88/QgRAkYcJTS05yRsLgXex1FTFiHHQMIP4zgoJYah7cQ6cXpxwV0pSNsP3wI\n8pGdOT9tELnKUWVbnjfvvzSGfamunB1LtUH599b9SBqZdk4RyBUdDlHl28U+hMgV\ng/6hqo47hf4GlmqZTn3GCUYPp1vHr1MZAzaxG3RuMcNzUkvEFaSRoJSfmMO8LJVL\noq5YZEnW3g6VIAp5PVgHFNEdvH6JYPTIMQX40G9Lyx4meUaDoEmVpyzWC7WyuLmc\nwtB8JTa3ZMOx/KiDOtqquNH3LC04iA7DD2bd2zOjoD4L7G8bz4zaGeIlBDf8yfDi\n4FnUhfP6f30CEII084PR7vN6vROpp5FHIEiFuBPjFrNNOV2QohskzBr3P7cCAwEA\nAQKCAgEAqjNXE/RCsMxMQeetA0mZEaMxLXEKBAs9ZqqRIhzK7cuFydzx7bqGZyXY\nMKhykH4PRo5sQJorenBnOOBrPi7PBf/9vknme/HUnRQ+dMBdaLb4vvkYMy+kymIb\nM0suN7lnc+B/jI0zcYOZDN9m8JiDP/OEW2blXCdLk5xAxoe/7UunK5K1BVGQh0HY\nuzTmBDPabM9LahXqqu3SKQ+UpjKidsV32lHE2t9KRKAqn4t8h5E/vSpce+TDWCp7\nS7rqEZOIx3rTx7v7hi5w80lWe2uRk1Cdmr3TS9b9/FQslNXgWQkY/tOyoaGLK1ev\nkrq9BiZte+Yfgd/a71+X53LWXl/E9XMorM9KYm25H6p7vjCiKbQLJMM4Hy1+0XhJ\n3M0gvb2xkRxIfKIy2cX7gqQjMNxsbiJuiWwR3QxV8luAh8if3d9A9wG5S1LPBqeh\nUhOP2wLIXBxuYFgRjMkkklwk6+C1Ij+zb4ganf8KEUHBqCeCOSO7v7AVcx+1MZMQ\nwxvUr7l9IsxZ2JM9QM5Axa98Mpl+e6hMAZHIxwzhMnr0BcmnmXvj0LJQD7P/9Tds\nSK3mn0axBvlG4pGqZasT/2vuRZi7fYkOqaf///hCnyzCcsRNqbbFVcWINhwtvBO9\nGL3wvt3ykWYceEDw6HPvQPjFvZT2hgiDcmnHDKX6w8q+oyZD0TECggEBANY3SUEZ\nW+WyrOu11zD+Ut/MohvPZy1xmc+U6K2UyStLlTnjuhUlJZgOVc8jkAjDORpi6IP/\n5bbwU2v5l8fcHwZeoV0+rwPMQ6F56uwpZHY5OORDHGLCITf1cEiF1oNYbi/h9P9l\nq+JkCIIL4BAOYVl/OE0rJIB6PWg/uw42veJgWrw8ISZJ2HMP4blk3vg1/JsVxMm3\ngLvrf7/YvysmuHgWrJk0phGFrKdoY4tAs08PhVl86OBzGHaDozcqKBnY8ZtC1pGn\nDyPwtiFhOL9ElSYsk3WvZFD1puVSv9nRhJ2K+zup/lp7w53vic+iaB3iVS0R7lww\nsNQIjSGK65Ob2OUCggEBAOvj8+B3DCkXpr4Lx0GJvsUXivkBXlqjkXzuNqOw6XXf\ng2qZysepDDY9/ofmLnwjAlUBBxorGJXP+2Gl/VVxv25zf49nxkrjo2ZPWNpQvTWM\nmlSBces9e7n44b5jxVLgV5I93m5+7lowlTQx72ithJ5Nyny1P8sgcMtYgHTJNPZ8\n6Pr1r23Om8EsMcYhKVjW1idnld1etCoeW+aWBmV8wRTeTZGhX6NgJTB3mow+q4xs\nkir6v7a/BH6kiajBtqRrXZn0JFio7QVtn3YaB2K2w+ieyUOSGB/dz2KfB8VuVZdo\nsWr3aTYraLw1cQeolijvNTSjf5FV7b7j/bglsA1DuGsCggEBAMvgloG0xvfYlCdK\nS+K/StThh6/8N3DS29brHICISOZB62bLTIFvd1Y+3oBkkmMkmqZ4WF+5H0J7fIoZ\nZNG8uHJxghai4CM3N27qACKASrMSRwlIri14IfGGUTVU3BLqCQTdgzXH6E1xc3+C\nGeBuL0zkfgtD8lus++DKNxeSFirsFa9tcwdj5POtu+GdFXEawK5Bi6eIVKeFvXIz\nsc457futaNvvddbbaLVz7rnL/FxUo0/GSEXGhRPWuXJ5Vu0ywtBITrsVSp2kLVOb\nmky/00wfxMCPC2TaR9ueZCXE+PiQHAhvBDvN6yHXp0vMgFdg4DwjAr8PQFytPtUb\nyJYWD9kCggEAERFvZgB3KsoBUKL9iepzmUM41QeaUiifsFB0N6fnXJYNpjr2hzfe\nIFagAilPl7/YvVnTr7sKjlx8LfaavAH8/frxcejqWiTaf96h6ToKVsOTryWmnoTW\nXQB7JRGHB5Yf//7mB0y75l65jQtH7WUQwXuTeS6MLSBtyOjgcpLUeDlVikMYrHNU\npceS2mkv2rPAzx0ZpOjjVGDZ+XdFgzZhqibjqfPpPaMJTdZ5okgulXyNnvqBwLFV\nm+w/4awSkRcLsMYPkzK147yo2xzLCAN9bWl/2pnJkRS1msczAsAXBVuX6st4G2lM\nrMGZKhqysseMLADgjB2RlExe4WIouOz7fQKCAQBlWR5vE5CDZzLcEAoKRJUzuFz/\nbikP2scY8oxJyoi2SxkWfCL6um1KFOkXQsCU22XXry51CrN0AeS0lWL/bIrwMBk7\nvRuFa9Xnu8zjDfqpTixiyA8fcDewLNlfQIQVKCYhYQOxSAJGsTtievBoFxcT4Eoq\nHr+NvaF7yiYifyM8/THaO/G0JV6C2Y2dGUncBzcnMWUcmwwSGqTM6taVi7/+fluw\nndtWQ5ewJytrr5ILAsMcwJxwVaaaEwz0PVEV4/a0CqlgMFLVKuLSTlkyz+vgCTaE\nJCDy67FNSfnFl1jZACI/r7Lbo3Sn2ebmBuGo5V52OKxrFEdI223NSX2VNyLX\n-----END RSA PRIVATE KEY-----\n",
            "private_key_pem_pkcs8": "-----BEGIN PRIVATE KEY-----\nMIIJQwIBADANBgkqhkiG9w0BAQEFAASCCS0wggkpAgEAAoICAQDFY39XBYecZ3Su\nFctWKqhfu5bLTlei9Ln2jxkgne0vMDVMmXaRE4aQD4IgfkeQFudLlHwMv/PqkAyC\nUoWrgzVS43xmWBHuAfECXl7Ufvab/A5qLWzAqI77PQKt3FPEWFEF/RkcaFbBiu8R\nf2Dmfh6JE9D9c15p3TBeQ1aVjWp5C1YrXw4ENzjbfQ9TaGhqmCc3VtzOi617cwtL\nDgGHutF2oHPTk07yF9DU20sLpu/p4fiLkzX7kOqvaqD1PL1YZBK21gCAOI0iOtV8\n1a/o9bPxQnra98FYoSx0vkV2Du/ShgxEcenKQTzz9CBECRhwlNLTnJGwuBd7HUVM\nWIcdAwg/jOCglhqHtxDpxenHBXSlI2w/fAjykZ05P20QucpRZVueN++/NIZ9qa6c\nHUu1Qfn31v1IGpl2ThHIFR0OUeXbxT6EyBWD/qGqjjuF/gaWaplOfcYJRg+nW8ev\nUxkDNrEbdG4xw3NSS8QVpJGglJ+Yw7wslUuirlhkSdbeDpUgCnk9WAcU0R28folg\n9MgxBfjQb0vLHiZ5RoOgSZWnLNYLtbK4uZzC0HwlNrdkw7H8qIM62qq40fcsLTiI\nDsMPZt3bM6OgPgvsbxvPjNoZ4iUEN/zJ8OLgWdSF8/p/fQIQgjTzg9Hu83q9E6mn\nkUcgSIW4E+MWs005XZCiGyTMGvc/twIDAQABAoICAQCqM1cT9EKwzExB560DSZkR\nozEtcQoECz1mqpEiHMrty4XJ3PHtuoZnJdgwqHKQfg9GjmxAmit6cGc44Gs+Ls8F\n//2+SeZ78dSdFD50wF1otvi++RgzL6TKYhszSy43uWdz4H+MjTNxg5kM32bwmIM/\n84RbZuVcJ0uTnEDGh7/tS6crkrUFUZCHQdi7NOYEM9psz0tqFeqq7dIpD5SmMqJ2\nxXfaUcTa30pEoCqfi3yHkT+9Klx75MNYKntLuuoRk4jHetPHu/uGLnDzSVZ7a5GT\nUJ2avdNL1v38VCyU1eBZCRj+07KhoYsrV6+Sur0GJm175h+B39rvX5fnctZeX8T1\ncyisz0pibbkfqnu+MKIptAskwzgfLX7ReEnczSC9vbGRHEh8ojLZxfuCpCMw3Gxu\nIm6JbBHdDFXyW4CHyJ/d30D3AblLUs8Gp6FSE4/bAshcHG5gWBGMySSSXCTr4LUi\nP7NviBqd/woRQcGoJ4I5I7u/sBVzH7UxkxDDG9SvuX0izFnYkz1AzkDFr3wymX57\nqEwBkcjHDOEyevQFyaeZe+PQslAPs//1N2xIreafRrEG+UbikaplqxP/a+5FmLt9\niQ6pp///+EKfLMJyxE2ptsVVxYg2HC28E70YvfC+3fKRZhx4QPDoc+9A+MW9lPaG\nCINyaccMpfrDyr6jJkPRMQKCAQEA1jdJQRlb5bKs67XXMP5S38yiG89nLXGZz5To\nrZTJK0uVOeO6FSUlmA5VzyOQCMM5GmLog//ltvBTa/mXx9wfBl6hXT6vA8xDoXnq\n7Clkdjk45EMcYsIhN/VwSIXWg1huL+H0/2Wr4mQIggvgEA5hWX84TSskgHo9aD+7\nDja94mBavDwhJknYcw/huWTe+DX8mxXEybeAu+t/v9i/Kya4eBasmTSmEYWsp2hj\ni0CzTw+FWXzo4HMYdoOjNyooGdjxm0LWkacPI/C2IWE4v0SVJiyTda9kUPWm5VK/\n2dGEnYr7O6n+WnvDne+Jz6JoHeJVLRHuXDCw1AiNIYrrk5vY5QKCAQEA6+Pz4HcM\nKRemvgvHQYm+xReK+QFeWqORfO42o7Dpdd+DapnKx6kMNj3+h+YufCMCVQEHGisY\nlc/7YaX9VXG/bnN/j2fGSuOjZk9Y2lC9NYyaVIFx6z17ufjhvmPFUuBXkj3ebn7u\nWjCVNDHvaK2Enk3KfLU/yyBwy1iAdMk09nzo+vWvbc6bwSwxxiEpWNbWJ2eV3V60\nKh5b5pYGZXzBFN5NkaFfo2AlMHeajD6rjGySKvq/tr8EfqSJqMG2pGtdmfQkWKjt\nBW2fdhoHYrbD6J7JQ5IYH93PYp8HxW5Vl2ixavdpNitovDVxB6iWKO81NKN/kVXt\nvuP9uCWwDUO4awKCAQEAy+CWgbTG99iUJ0pL4r9K1OGHr/w3cNLb1uscgIhI5kHr\nZstMgW93Vj7egGSSYySapnhYX7kfQnt8ihlk0by4cnGCFqLgIzc3buoAIoBKsxJH\nCUiuLXgh8YZRNVTcEuoJBN2DNcfoTXFzf4IZ4G4vTOR+C0PyW6z74Mo3F5IWKuwV\nr21zB2Pk86274Z0VcRrArkGLp4hUp4W9cjOxzjnt+61o2+911ttotXPuucv8XFSj\nT8ZIRcaFE9a5cnlW7TLC0EhOuxVKnaQtU5uaTL/TTB/EwI8LZNpH255kJcT4+JAc\nCG8EO83rIdenS8yAV2DgPCMCvw9AXK0+1RvIlhYP2QKCAQAREW9mAHcqygFQov2J\n6nOZQzjVB5pSKJ+wUHQ3p+dclg2mOvaHN94gVqACKU+Xv9i9WdOvuwqOXHwt9pq8\nAfz9+vFx6OpaJNp/3qHpOgpWw5OvJaaehNZdAHslEYcHlh///uYHTLvmXrmNC0ft\nZRDBe5N5LowtIG3I6OByktR4OVWKQxisc1Slx5LaaS/as8DPHRmk6ONUYNn5d0WD\nNmGqJuOp8+k9owlN1nmiSC6VfI2e+oHAsVWb7D/hrBKRFwuwxg+TMrXjvKjbHMsI\nA31taX/amcmRFLWaxzMCwBcFW5fqy3gbaUyswZkqGrKyx4wsAOCMHZGUTF7hYii4\n7Pt9AoIBAGVZHm8TkINnMtwQCgpElTO4XP9uKQ/axxjyjEnKiLZLGRZ8Ivq6bUoU\n6RdCwJTbZdevLnUKs3QB5LSVYv9sivAwGTu9G4Vr1ee7zOMN+qlOLGLIDx9wN7As\n2V9AhBUoJiFhA7FIAkaxO2J68GgXFxPgSioev429oXvKJiJ/Izz9Mdo78bQlXoLZ\njZ0ZSdwHNycxZRybDBIapMzq1pWLv/5+W7Cd21ZDl7AnK2uvkgsCwxzAnHBVppoT\nDPQ9URXj9rQKqWAwUtUq4tJOWTLP6+AJNoQkIPLrsU1J+cWXWNkAIj+vstujdKfZ\n5uYG4ajlXnY4rGsUR0jbbc1JfZU3Itc=\n-----END PRIVATE KEY-----\n",
            "public_key_fingerprint_md5": "67:89:7f:09:9d:e6:72:25:ad:93:c7:1b:b1:d3:74:b4",
            "public_key_fingerprint_sha256": "SHA256:7qcuY6Sw2hwpJuc1FQiuPLw0AxVYKc4DarjmYwhGHVc",
            "public_key_openssh": "ssh-rsa AAAAB3NzaC1yc2EAAAADAQABAAACAQDFY39XBYecZ3SuFctWKqhfu5bLTlei9Ln2jxkgne0vMDVMmXaRE4aQD4IgfkeQFudLlHwMv/PqkAyCUoWrgzVS43xmWBHuAfECXl7Ufvab/A5qLWzAqI77PQKt3FPEWFEF/RkcaFbBiu8Rf2Dmfh6JE9D9c15p3TBeQ1aVjWp5C1YrXw4ENzjbfQ9TaGhqmCc3VtzOi617cwtLDgGHutF2oHPTk07yF9DU20sLpu/p4fiLkzX7kOqvaqD1PL1YZBK21gCAOI0iOtV81a/o9bPxQnra98FYoSx0vkV2Du/ShgxEcenKQTzz9CBECRhwlNLTnJGwuBd7HUVMWIcdAwg/jOCglhqHtxDpxenHBXSlI2w/fAjykZ05P20QucpRZVueN++/NIZ9qa6cHUu1Qfn31v1IGpl2ThHIFR0OUeXbxT6EyBWD/qGqjjuF/gaWaplOfcYJRg+nW8evUxkDNrEbdG4xw3NSS8QVpJGglJ+Yw7wslUuirlhkSdbeDpUgCnk9WAcU0R28folg9MgxBfjQb0vLHiZ5RoOgSZWnLNYLtbK4uZzC0HwlNrdkw7H8qIM62qq40fcsLTiIDsMPZt3bM6OgPgvsbxvPjNoZ4iUEN/zJ8OLgWdSF8/p/fQIQgjTzg9Hu83q9E6mnkUcgSIW4E+MWs005XZCiGyTMGvc/tw==\n",
            "public_key_pem": "-----BEGIN PUBLIC KEY-----\nMIICIjANBgkqhkiG9w0BAQEFAAOCAg8AMIICCgKCAgEAxWN/VwWHnGd0rhXLViqo\nX7uWy05XovS59o8ZIJ3tLzA1TJl2kROGkA+CIH5HkBbnS5R8DL/z6pAMglKFq4M1\nUuN8ZlgR7gHxAl5e1H72m/wOai1swKiO+z0CrdxTxFhRBf0ZHGhWwYrvEX9g5n4e\niRPQ/XNead0wXkNWlY1qeQtWK18OBDc4230PU2hoapgnN1bczoute3MLSw4Bh7rR\ndqBz05NO8hfQ1NtLC6bv6eH4i5M1+5Dqr2qg9Ty9WGQSttYAgDiNIjrVfNWv6PWz\n8UJ62vfBWKEsdL5Fdg7v0oYMRHHpykE88/QgRAkYcJTS05yRsLgXex1FTFiHHQMI\nP4zgoJYah7cQ6cXpxwV0pSNsP3wI8pGdOT9tELnKUWVbnjfvvzSGfamunB1LtUH5\n99b9SBqZdk4RyBUdDlHl28U+hMgVg/6hqo47hf4GlmqZTn3GCUYPp1vHr1MZAzax\nG3RuMcNzUkvEFaSRoJSfmMO8LJVLoq5YZEnW3g6VIAp5PVgHFNEdvH6JYPTIMQX4\n0G9Lyx4meUaDoEmVpyzWC7WyuLmcwtB8JTa3ZMOx/KiDOtqquNH3LC04iA7DD2bd\n2zOjoD4L7G8bz4zaGeIlBDf8yfDi4FnUhfP6f30CEII084PR7vN6vROpp5FHIEiF\nuBPjFrNNOV2QohskzBr3P7cCAwEAAQ==\n-----END PUBLIC KEY-----\n",
            "rsa_bits": 4096
          },
          "sensitive_attributes": []
        }
      ]
    },
    {
      "module": "module.RDS-Module.module.VPC-Module",
      "mode": "data",
      "type": "aws_availability_zones",
      "name": "available",
      "provider": "provider[\"registry.terraform.io/hashicorp/aws\"]",
      "instances": [
        {
          "schema_version": 0,
          "attributes": {
            "all_availability_zones": null,
            "exclude_names": null,
            "exclude_zone_ids": null,
            "filter": null,
            "group_names": [
              "us-east-1"
            ],
            "id": "us-east-1",
            "names": [
              "us-east-1a",
              "us-east-1b",
              "us-east-1c",
              "us-east-1d",
              "us-east-1e",
              "us-east-1f"
            ],
            "state": null,
            "timeouts": null,
            "zone_ids": [
              "use1-az6",
              "use1-az1",
              "use1-az2",
              "use1-az4",
              "use1-az3",
              "use1-az5"
            ]
          },
          "sensitive_attributes": []
        }
      ]
    },
    {
      "module": "module.RDS-Module.module.VPC-Module",
      "mode": "managed",
      "type": "aws_eip",
      "name": "nat_eip",
      "provider": "provider[\"registry.terraform.io/hashicorp/aws\"]",
      "instances": [
        {
          "index_key": 0,
          "schema_version": 0,
          "attributes": {
            "address": null,
            "allocation_id": "eipalloc-06ccd0019e01e2954",
            "associate_with_private_ip": null,
            "association_id": "eipassoc-0c3f8494461a9d93b",
            "carrier_ip": "",
            "customer_owned_ip": "",
            "customer_owned_ipv4_pool": "",
            "domain": "vpc",
            "id": "eipalloc-06ccd0019e01e2954",
            "instance": "",
            "network_border_group": "us-east-1",
            "network_interface": "eni-08ac6668f147f4584",
            "private_dns": "ip-10-0-2-61.ec2.internal",
            "private_ip": "10.0.2.61",
            "public_dns": "ec2-23-23-186-127.compute-1.amazonaws.com",
            "public_ip": "23.23.186.127",
            "public_ipv4_pool": "amazon",
            "tags": {
              "Name": "matelliocorp-eip-us-east-1a"
            },
            "tags_all": {
              "Name": "matelliocorp-eip-us-east-1a"
            },
            "timeouts": null,
            "vpc": true
          },
          "sensitive_attributes": [],
          "private": "eyJlMmJmYjczMC1lY2FhLTExZTYtOGY4OC0zNDM2M2JjN2M0YzAiOnsiZGVsZXRlIjoxODAwMDAwMDAwMDAsInJlYWQiOjkwMDAwMDAwMDAwMCwidXBkYXRlIjozMDAwMDAwMDAwMDB9fQ==",
          "dependencies": [
            "module.RDS-Module.module.VPC-Module.data.aws_availability_zones.available"
          ],
          "create_before_destroy": true
        },
        {
          "index_key": 1,
          "schema_version": 0,
          "attributes": {
            "address": null,
            "allocation_id": "eipalloc-0033cf3f3299a9056",
            "associate_with_private_ip": null,
            "association_id": "eipassoc-0cce078631171b9dd",
            "carrier_ip": "",
            "customer_owned_ip": "",
            "customer_owned_ipv4_pool": "",
            "domain": "vpc",
            "id": "eipalloc-0033cf3f3299a9056",
            "instance": "",
            "network_border_group": "us-east-1",
            "network_interface": "eni-0eeedc9951e818a7c",
            "private_dns": "ip-10-0-3-80.ec2.internal",
            "private_ip": "10.0.3.80",
            "public_dns": "ec2-34-200-13-113.compute-1.amazonaws.com",
            "public_ip": "34.200.13.113",
            "public_ipv4_pool": "amazon",
            "tags": {
              "Name": "matelliocorp-eip-us-east-1b"
            },
            "tags_all": {
              "Name": "matelliocorp-eip-us-east-1b"
            },
            "timeouts": null,
            "vpc": true
          },
          "sensitive_attributes": [],
          "private": "eyJlMmJmYjczMC1lY2FhLTExZTYtOGY4OC0zNDM2M2JjN2M0YzAiOnsiZGVsZXRlIjoxODAwMDAwMDAwMDAsInJlYWQiOjkwMDAwMDAwMDAwMCwidXBkYXRlIjozMDAwMDAwMDAwMDB9fQ==",
          "dependencies": [
            "module.RDS-Module.module.VPC-Module.data.aws_availability_zones.available"
          ],
          "create_before_destroy": true
        }
      ]
    },
    {
      "module": "module.RDS-Module.module.VPC-Module",
      "mode": "managed",
      "type": "aws_internet_gateway",
      "name": "igw",
      "provider": "provider[\"registry.terraform.io/hashicorp/aws\"]",
      "instances": [
        {
          "schema_version": 0,
          "attributes": {
            "arn": "arn:aws:ec2:us-east-1:015058543222:internet-gateway/igw-042ccc184bcc66c8b",
            "id": "igw-042ccc184bcc66c8b",
            "owner_id": "015058543222",
            "tags": {
              "Name": "matelliocorp-igw"
            },
            "tags_all": {
              "Name": "matelliocorp-igw"
            },
            "timeouts": null,
            "vpc_id": "vpc-0e9e0bfd49f9361ac"
          },
          "sensitive_attributes": [],
          "private": "eyJlMmJmYjczMC1lY2FhLTExZTYtOGY4OC0zNDM2M2JjN2M0YzAiOnsiY3JlYXRlIjoxMjAwMDAwMDAwMDAwLCJkZWxldGUiOjEyMDAwMDAwMDAwMDAsInVwZGF0ZSI6MTIwMDAwMDAwMDAwMH19",
          "dependencies": [
            "module.RDS-Module.module.VPC-Module.aws_vpc.vpc"
          ]
        }
      ]
    },
    {
      "module": "module.RDS-Module.module.VPC-Module",
      "mode": "managed",
      "type": "aws_nat_gateway",
      "name": "nat-public",
      "provider": "provider[\"registry.terraform.io/hashicorp/aws\"]",
      "instances": [
        {
          "index_key": 0,
          "schema_version": 0,
          "attributes": {
            "allocation_id": "eipalloc-06ccd0019e01e2954",
            "association_id": "eipassoc-0c3f8494461a9d93b",
            "connectivity_type": "public",
            "id": "nat-0f6b29735ca4130f5",
            "network_interface_id": "eni-08ac6668f147f4584",
            "private_ip": "10.0.2.61",
            "public_ip": "23.23.186.127",
            "secondary_allocation_ids": [],
            "secondary_private_ip_address_count": 0,
            "secondary_private_ip_addresses": [],
            "subnet_id": "subnet-0a6b1c7ba555897b7",
            "tags": {
              "Name": "matelliocorp-nat-public1-us-east-1a"
            },
            "tags_all": {
              "Name": "matelliocorp-nat-public1-us-east-1a"
            },
            "timeouts": null
          },
          "sensitive_attributes": [],
          "private": "eyJlMmJmYjczMC1lY2FhLTExZTYtOGY4OC0zNDM2M2JjN2M0YzAiOnsiY3JlYXRlIjo2MDAwMDAwMDAwMDAsImRlbGV0ZSI6MTgwMDAwMDAwMDAwMCwidXBkYXRlIjo2MDAwMDAwMDAwMDB9fQ==",
          "dependencies": [
            "module.RDS-Module.module.VPC-Module.aws_eip.nat_eip",
            "module.RDS-Module.module.VPC-Module.aws_subnet.public",
            "module.RDS-Module.module.VPC-Module.aws_vpc.vpc",
            "module.RDS-Module.module.VPC-Module.data.aws_availability_zones.available"
          ],
          "create_before_destroy": true
        },
        {
          "index_key": 1,
          "schema_version": 0,
          "attributes": {
            "allocation_id": "eipalloc-0033cf3f3299a9056",
            "association_id": "eipassoc-0cce078631171b9dd",
            "connectivity_type": "public",
            "id": "nat-02ddf90d75ff67bbd",
            "network_interface_id": "eni-0eeedc9951e818a7c",
            "private_ip": "10.0.3.80",
            "public_ip": "34.200.13.113",
            "secondary_allocation_ids": [],
            "secondary_private_ip_address_count": 0,
            "secondary_private_ip_addresses": [],
            "subnet_id": "subnet-0a78481fc4b3d6231",
            "tags": {
              "Name": "matelliocorp-nat-public2-us-east-1b"
            },
            "tags_all": {
              "Name": "matelliocorp-nat-public2-us-east-1b"
            },
            "timeouts": null
          },
          "sensitive_attributes": [],
          "private": "eyJlMmJmYjczMC1lY2FhLTExZTYtOGY4OC0zNDM2M2JjN2M0YzAiOnsiY3JlYXRlIjo2MDAwMDAwMDAwMDAsImRlbGV0ZSI6MTgwMDAwMDAwMDAwMCwidXBkYXRlIjo2MDAwMDAwMDAwMDB9fQ==",
          "dependencies": [
            "module.RDS-Module.module.VPC-Module.aws_eip.nat_eip",
            "module.RDS-Module.module.VPC-Module.aws_subnet.public",
            "module.RDS-Module.module.VPC-Module.aws_vpc.vpc",
            "module.RDS-Module.module.VPC-Module.data.aws_availability_zones.available"
          ],
          "create_before_destroy": true
        }
      ]
    },
    {
      "module": "module.RDS-Module.module.VPC-Module",
      "mode": "managed",
      "type": "aws_route_table",
      "name": "private_rtb",
      "provider": "provider[\"registry.terraform.io/hashicorp/aws\"]",
      "instances": [
        {
          "index_key": 0,
          "schema_version": 0,
          "attributes": {
            "arn": "arn:aws:ec2:us-east-1:015058543222:route-table/rtb-0d311da7d6904da4f",
            "id": "rtb-0d311da7d6904da4f",
            "owner_id": "015058543222",
            "propagating_vgws": [],
            "route": [
              {
                "carrier_gateway_id": "",
                "cidr_block": "0.0.0.0/0",
                "core_network_arn": "",
                "destination_prefix_list_id": "",
                "egress_only_gateway_id": "",
                "gateway_id": "",
                "ipv6_cidr_block": "",
                "local_gateway_id": "",
                "nat_gateway_id": "nat-0f6b29735ca4130f5",
                "network_interface_id": "",
                "transit_gateway_id": "",
                "vpc_endpoint_id": "",
                "vpc_peering_connection_id": ""
              }
            ],
            "tags": {
              "Name": "matelliocorp-nat-public1-us-east-1a"
            },
            "tags_all": {
              "Name": "matelliocorp-nat-public1-us-east-1a"
            },
            "timeouts": null,
            "vpc_id": "vpc-0e9e0bfd49f9361ac"
          },
          "sensitive_attributes": [],
          "private": "eyJlMmJmYjczMC1lY2FhLTExZTYtOGY4OC0zNDM2M2JjN2M0YzAiOnsiY3JlYXRlIjozMDAwMDAwMDAwMDAsImRlbGV0ZSI6MzAwMDAwMDAwMDAwLCJ1cGRhdGUiOjEyMDAwMDAwMDAwMH19",
          "dependencies": [
            "module.RDS-Module.module.VPC-Module.aws_eip.nat_eip",
            "module.RDS-Module.module.VPC-Module.aws_nat_gateway.nat-public",
            "module.RDS-Module.module.VPC-Module.aws_subnet.public",
            "module.RDS-Module.module.VPC-Module.aws_vpc.vpc",
            "module.RDS-Module.module.VPC-Module.data.aws_availability_zones.available"
          ],
          "create_before_destroy": true
        },
        {
          "index_key": 1,
          "schema_version": 0,
          "attributes": {
            "arn": "arn:aws:ec2:us-east-1:015058543222:route-table/rtb-01e5d2a96067e831b",
            "id": "rtb-01e5d2a96067e831b",
            "owner_id": "015058543222",
            "propagating_vgws": [],
            "route": [
              {
                "carrier_gateway_id": "",
                "cidr_block": "0.0.0.0/0",
                "core_network_arn": "",
                "destination_prefix_list_id": "",
                "egress_only_gateway_id": "",
                "gateway_id": "",
                "ipv6_cidr_block": "",
                "local_gateway_id": "",
                "nat_gateway_id": "nat-02ddf90d75ff67bbd",
                "network_interface_id": "",
                "transit_gateway_id": "",
                "vpc_endpoint_id": "",
                "vpc_peering_connection_id": ""
              }
            ],
            "tags": {
              "Name": "matelliocorp-nat-public2-us-east-1b"
            },
            "tags_all": {
              "Name": "matelliocorp-nat-public2-us-east-1b"
            },
            "timeouts": null,
            "vpc_id": "vpc-0e9e0bfd49f9361ac"
          },
          "sensitive_attributes": [],
          "private": "eyJlMmJmYjczMC1lY2FhLTExZTYtOGY4OC0zNDM2M2JjN2M0YzAiOnsiY3JlYXRlIjozMDAwMDAwMDAwMDAsImRlbGV0ZSI6MzAwMDAwMDAwMDAwLCJ1cGRhdGUiOjEyMDAwMDAwMDAwMH19",
          "dependencies": [
            "module.RDS-Module.module.VPC-Module.aws_eip.nat_eip",
            "module.RDS-Module.module.VPC-Module.aws_nat_gateway.nat-public",
            "module.RDS-Module.module.VPC-Module.aws_subnet.public",
            "module.RDS-Module.module.VPC-Module.aws_vpc.vpc",
            "module.RDS-Module.module.VPC-Module.data.aws_availability_zones.available"
          ],
          "create_before_destroy": true
        }
      ]
    },
    {
      "module": "module.RDS-Module.module.VPC-Module",
      "mode": "managed",
      "type": "aws_route_table",
      "name": "rtb-public",
      "provider": "provider[\"registry.terraform.io/hashicorp/aws\"]",
      "instances": [
        {
          "schema_version": 0,
          "attributes": {
            "arn": "arn:aws:ec2:us-east-1:015058543222:route-table/rtb-018e99a7d346bc13e",
            "id": "rtb-018e99a7d346bc13e",
            "owner_id": "015058543222",
            "propagating_vgws": [],
            "route": [
              {
                "carrier_gateway_id": "",
                "cidr_block": "0.0.0.0/0",
                "core_network_arn": "",
                "destination_prefix_list_id": "",
                "egress_only_gateway_id": "",
                "gateway_id": "igw-042ccc184bcc66c8b",
                "ipv6_cidr_block": "",
                "local_gateway_id": "",
                "nat_gateway_id": "",
                "network_interface_id": "",
                "transit_gateway_id": "",
                "vpc_endpoint_id": "",
                "vpc_peering_connection_id": ""
              }
            ],
            "tags": {
              "Name": "matelliocorp-rtb-public"
            },
            "tags_all": {
              "Name": "matelliocorp-rtb-public"
            },
            "timeouts": null,
            "vpc_id": "vpc-0e9e0bfd49f9361ac"
          },
          "sensitive_attributes": [],
          "private": "eyJlMmJmYjczMC1lY2FhLTExZTYtOGY4OC0zNDM2M2JjN2M0YzAiOnsiY3JlYXRlIjozMDAwMDAwMDAwMDAsImRlbGV0ZSI6MzAwMDAwMDAwMDAwLCJ1cGRhdGUiOjEyMDAwMDAwMDAwMH19",
          "dependencies": [
            "module.RDS-Module.module.VPC-Module.aws_internet_gateway.igw",
            "module.RDS-Module.module.VPC-Module.aws_vpc.vpc"
          ]
        }
      ]
    },
    {
      "module": "module.RDS-Module.module.VPC-Module",
      "mode": "managed",
      "type": "aws_route_table_association",
      "name": "private_subnet_route",
      "provider": "provider[\"registry.terraform.io/hashicorp/aws\"]",
      "instances": [
        {
          "index_key": 0,
          "schema_version": 0,
          "attributes": {
            "gateway_id": "",
            "id": "rtbassoc-063a72559ba104119",
            "route_table_id": "rtb-0d311da7d6904da4f",
            "subnet_id": "subnet-09cc26b2519780dee",
            "timeouts": null
          },
          "sensitive_attributes": [],
          "private": "eyJlMmJmYjczMC1lY2FhLTExZTYtOGY4OC0zNDM2M2JjN2M0YzAiOnsiY3JlYXRlIjozMDAwMDAwMDAwMDAsImRlbGV0ZSI6MzAwMDAwMDAwMDAwLCJ1cGRhdGUiOjEyMDAwMDAwMDAwMH19",
          "dependencies": [
            "module.RDS-Module.module.VPC-Module.aws_eip.nat_eip",
            "module.RDS-Module.module.VPC-Module.aws_nat_gateway.nat-public",
            "module.RDS-Module.module.VPC-Module.aws_route_table.private_rtb",
            "module.RDS-Module.module.VPC-Module.aws_subnet.private",
            "module.RDS-Module.module.VPC-Module.aws_subnet.public",
            "module.RDS-Module.module.VPC-Module.aws_vpc.vpc",
            "module.RDS-Module.module.VPC-Module.data.aws_availability_zones.available"
          ]
        },
        {
          "index_key": 1,
          "schema_version": 0,
          "attributes": {
            "gateway_id": "",
            "id": "rtbassoc-0b24c5ce5fa6da3cc",
            "route_table_id": "rtb-01e5d2a96067e831b",
            "subnet_id": "subnet-04ccb9490cc19d1d1",
            "timeouts": null
          },
          "sensitive_attributes": [],
          "private": "eyJlMmJmYjczMC1lY2FhLTExZTYtOGY4OC0zNDM2M2JjN2M0YzAiOnsiY3JlYXRlIjozMDAwMDAwMDAwMDAsImRlbGV0ZSI6MzAwMDAwMDAwMDAwLCJ1cGRhdGUiOjEyMDAwMDAwMDAwMH19",
          "dependencies": [
            "module.RDS-Module.module.VPC-Module.aws_eip.nat_eip",
            "module.RDS-Module.module.VPC-Module.aws_nat_gateway.nat-public",
            "module.RDS-Module.module.VPC-Module.aws_route_table.private_rtb",
            "module.RDS-Module.module.VPC-Module.aws_subnet.private",
            "module.RDS-Module.module.VPC-Module.aws_subnet.public",
            "module.RDS-Module.module.VPC-Module.aws_vpc.vpc",
            "module.RDS-Module.module.VPC-Module.data.aws_availability_zones.available"
          ]
        }
      ]
    },
    {
      "module": "module.RDS-Module.module.VPC-Module",
      "mode": "managed",
      "type": "aws_route_table_association",
      "name": "subnet-public_route",
      "provider": "provider[\"registry.terraform.io/hashicorp/aws\"]",
      "instances": [
        {
          "index_key": 0,
          "schema_version": 0,
          "attributes": {
            "gateway_id": "",
            "id": "rtbassoc-0149c668e777b3513",
            "route_table_id": "rtb-018e99a7d346bc13e",
            "subnet_id": "subnet-0a6b1c7ba555897b7",
            "timeouts": null
          },
          "sensitive_attributes": [],
          "private": "eyJlMmJmYjczMC1lY2FhLTExZTYtOGY4OC0zNDM2M2JjN2M0YzAiOnsiY3JlYXRlIjozMDAwMDAwMDAwMDAsImRlbGV0ZSI6MzAwMDAwMDAwMDAwLCJ1cGRhdGUiOjEyMDAwMDAwMDAwMH19",
          "dependencies": [
            "module.RDS-Module.module.VPC-Module.aws_internet_gateway.igw",
            "module.RDS-Module.module.VPC-Module.aws_route_table.rtb-public",
            "module.RDS-Module.module.VPC-Module.aws_subnet.public",
            "module.RDS-Module.module.VPC-Module.aws_vpc.vpc",
            "module.RDS-Module.module.VPC-Module.data.aws_availability_zones.available"
          ]
        },
        {
          "index_key": 1,
          "schema_version": 0,
          "attributes": {
            "gateway_id": "",
            "id": "rtbassoc-0200b09203b4cc135",
            "route_table_id": "rtb-018e99a7d346bc13e",
            "subnet_id": "subnet-0a78481fc4b3d6231",
            "timeouts": null
          },
          "sensitive_attributes": [],
          "private": "eyJlMmJmYjczMC1lY2FhLTExZTYtOGY4OC0zNDM2M2JjN2M0YzAiOnsiY3JlYXRlIjozMDAwMDAwMDAwMDAsImRlbGV0ZSI6MzAwMDAwMDAwMDAwLCJ1cGRhdGUiOjEyMDAwMDAwMDAwMH19",
          "dependencies": [
            "module.RDS-Module.module.VPC-Module.aws_internet_gateway.igw",
            "module.RDS-Module.module.VPC-Module.aws_route_table.rtb-public",
            "module.RDS-Module.module.VPC-Module.aws_subnet.public",
            "module.RDS-Module.module.VPC-Module.aws_vpc.vpc",
            "module.RDS-Module.module.VPC-Module.data.aws_availability_zones.available"
          ]
        }
      ]
    },
    {
      "module": "module.RDS-Module.module.VPC-Module",
      "mode": "managed",
      "type": "aws_security_group",
      "name": "bastion_sg",
      "provider": "provider[\"registry.terraform.io/hashicorp/aws\"]",
      "instances": [
        {
          "schema_version": 1,
          "attributes": {
            "arn": "arn:aws:ec2:us-east-1:015058543222:security-group/sg-0ff7e3231fc283cd5",
            "description": "Allow only SSH inbound traffic",
            "egress": [
              {
                "cidr_blocks": [
                  "0.0.0.0/0"
                ],
                "description": "",
                "from_port": 0,
                "ipv6_cidr_blocks": [],
                "prefix_list_ids": [],
                "protocol": "-1",
                "security_groups": [],
                "self": false,
                "to_port": 0
              }
            ],
            "id": "sg-0ff7e3231fc283cd5",
            "ingress": [
              {
                "cidr_blocks": [
                  "0.0.0.0/0"
                ],
                "description": "",
                "from_port": 22,
                "ipv6_cidr_blocks": [],
                "prefix_list_ids": [],
                "protocol": "tcp",
                "security_groups": [],
                "self": false,
                "to_port": 22
              }
            ],
            "name": "matelliocorp-bastion-sg",
            "name_prefix": "",
            "owner_id": "015058543222",
            "revoke_rules_on_delete": false,
            "tags": {
              "Name": "matelliocorp-bastion-sg"
            },
            "tags_all": {
              "Name": "matelliocorp-bastion-sg"
            },
            "timeouts": null,
            "vpc_id": "vpc-0e9e0bfd49f9361ac"
          },
          "sensitive_attributes": [],
          "private": "eyJlMmJmYjczMC1lY2FhLTExZTYtOGY4OC0zNDM2M2JjN2M0YzAiOnsiY3JlYXRlIjo2MDAwMDAwMDAwMDAsImRlbGV0ZSI6OTAwMDAwMDAwMDAwfSwic2NoZW1hX3ZlcnNpb24iOiIxIn0=",
          "dependencies": [
            "module.RDS-Module.module.VPC-Module.aws_vpc.vpc"
          ]
        }
      ]
    },
    {
      "module": "module.RDS-Module.module.VPC-Module",
      "mode": "managed",
      "type": "aws_security_group",
      "name": "elastic_beanstalk_sg",
      "provider": "provider[\"registry.terraform.io/hashicorp/aws\"]",
      "instances": [
        {
          "schema_version": 1,
          "attributes": {
            "arn": "arn:aws:ec2:us-east-1:015058543222:security-group/sg-065150f1c53a37ccd",
            "description": "Security group for Elastic Beanstalk",
            "egress": [
              {
                "cidr_blocks": [
                  "0.0.0.0/0"
                ],
                "description": "",
                "from_port": 0,
                "ipv6_cidr_blocks": [],
                "prefix_list_ids": [],
                "protocol": "-1",
                "security_groups": [],
                "self": false,
                "to_port": 0
              }
            ],
            "id": "sg-065150f1c53a37ccd",
            "ingress": [
              {
                "cidr_blocks": [
                  "0.0.0.0/0"
                ],
                "description": "",
                "from_port": 22,
                "ipv6_cidr_blocks": [],
                "prefix_list_ids": [],
                "protocol": "tcp",
                "security_groups": [],
                "self": false,
                "to_port": 22
              },
              {
                "cidr_blocks": [
                  "0.0.0.0/0"
                ],
                "description": "",
                "from_port": 443,
                "ipv6_cidr_blocks": [],
                "prefix_list_ids": [],
                "protocol": "tcp",
                "security_groups": [],
                "self": false,
                "to_port": 443
              },
              {
                "cidr_blocks": [
                  "0.0.0.0/0"
                ],
                "description": "",
                "from_port": 80,
                "ipv6_cidr_blocks": [],
                "prefix_list_ids": [],
                "protocol": "tcp",
                "security_groups": [],
                "self": false,
                "to_port": 80
              }
            ],
            "name": "matelliocorp-elastic_beanstalk_sg",
            "name_prefix": "",
            "owner_id": "015058543222",
            "revoke_rules_on_delete": false,
            "tags": {
              "Name": "matelliocorp-elastic_beanstalk_sg"
            },
            "tags_all": {
              "Name": "matelliocorp-elastic_beanstalk_sg"
            },
            "timeouts": null,
            "vpc_id": "vpc-0e9e0bfd49f9361ac"
          },
          "sensitive_attributes": [],
          "private": "eyJlMmJmYjczMC1lY2FhLTExZTYtOGY4OC0zNDM2M2JjN2M0YzAiOnsiY3JlYXRlIjo2MDAwMDAwMDAwMDAsImRlbGV0ZSI6OTAwMDAwMDAwMDAwfSwic2NoZW1hX3ZlcnNpb24iOiIxIn0=",
          "dependencies": [
            "module.RDS-Module.module.VPC-Module.aws_vpc.vpc"
          ]
        }
      ]
    },
    {
      "module": "module.RDS-Module.module.VPC-Module",
      "mode": "managed",
      "type": "aws_security_group",
      "name": "rds_sg",
      "provider": "provider[\"registry.terraform.io/hashicorp/aws\"]",
      "instances": [
        {
          "schema_version": 1,
          "attributes": {
            "arn": "arn:aws:ec2:us-east-1:015058543222:security-group/sg-05d3b1f4f042a65ce",
            "description": "Security group for RDS",
            "egress": [
              {
                "cidr_blocks": [
                  "0.0.0.0/0"
                ],
                "description": "",
                "from_port": 0,
                "ipv6_cidr_blocks": [],
                "prefix_list_ids": [],
                "protocol": "-1",
                "security_groups": [],
                "self": false,
                "to_port": 0
              }
            ],
            "id": "sg-05d3b1f4f042a65ce",
            "ingress": [
              {
                "cidr_blocks": [],
                "description": "",
                "from_port": 3306,
                "ipv6_cidr_blocks": [],
                "prefix_list_ids": [],
                "protocol": "tcp",
                "security_groups": [
                  "sg-065150f1c53a37ccd"
                ],
                "self": false,
                "to_port": 3306
              }
            ],
            "name": "matelliocorp-sg",
            "name_prefix": "",
            "owner_id": "015058543222",
            "revoke_rules_on_delete": false,
            "tags": {
              "Name": "matelliocorp-rds_sg"
            },
            "tags_all": {
              "Name": "matelliocorp-rds_sg"
            },
            "timeouts": null,
            "vpc_id": "vpc-0e9e0bfd49f9361ac"
          },
          "sensitive_attributes": [],
          "private": "eyJlMmJmYjczMC1lY2FhLTExZTYtOGY4OC0zNDM2M2JjN2M0YzAiOnsiY3JlYXRlIjo2MDAwMDAwMDAwMDAsImRlbGV0ZSI6OTAwMDAwMDAwMDAwfSwic2NoZW1hX3ZlcnNpb24iOiIxIn0=",
          "dependencies": [
            "module.RDS-Module.module.VPC-Module.aws_security_group.elastic_beanstalk_sg",
            "module.RDS-Module.module.VPC-Module.aws_vpc.vpc"
          ]
        }
      ]
    },
    {
      "module": "module.RDS-Module.module.VPC-Module",
      "mode": "managed",
      "type": "aws_subnet",
      "name": "private",
      "provider": "provider[\"registry.terraform.io/hashicorp/aws\"]",
      "instances": [
        {
          "index_key": 0,
          "schema_version": 1,
          "attributes": {
            "arn": "arn:aws:ec2:us-east-1:015058543222:subnet/subnet-09cc26b2519780dee",
            "assign_ipv6_address_on_creation": false,
            "availability_zone": "us-east-1a",
            "availability_zone_id": "use1-az6",
            "cidr_block": "10.0.0.0/24",
            "customer_owned_ipv4_pool": "",
            "enable_dns64": false,
            "enable_lni_at_device_index": 0,
            "enable_resource_name_dns_a_record_on_launch": false,
            "enable_resource_name_dns_aaaa_record_on_launch": false,
            "id": "subnet-09cc26b2519780dee",
            "ipv6_cidr_block": "",
            "ipv6_cidr_block_association_id": "",
            "ipv6_native": false,
            "map_customer_owned_ip_on_launch": false,
            "map_public_ip_on_launch": false,
            "outpost_arn": "",
            "owner_id": "015058543222",
            "private_dns_hostname_type_on_launch": "ip-name",
            "tags": {
              "Name": "matelliocorp-Private_Subnet_1"
            },
            "tags_all": {
              "Name": "matelliocorp-Private_Subnet_1"
            },
            "timeouts": null,
            "vpc_id": "vpc-0e9e0bfd49f9361ac"
          },
          "sensitive_attributes": [],
          "private": "eyJlMmJmYjczMC1lY2FhLTExZTYtOGY4OC0zNDM2M2JjN2M0YzAiOnsiY3JlYXRlIjo2MDAwMDAwMDAwMDAsImRlbGV0ZSI6MTIwMDAwMDAwMDAwMH0sInNjaGVtYV92ZXJzaW9uIjoiMSJ9",
          "dependencies": [
            "module.RDS-Module.module.VPC-Module.aws_vpc.vpc",
            "module.RDS-Module.module.VPC-Module.data.aws_availability_zones.available"
          ]
        },
        {
          "index_key": 1,
          "schema_version": 1,
          "attributes": {
            "arn": "arn:aws:ec2:us-east-1:015058543222:subnet/subnet-04ccb9490cc19d1d1",
            "assign_ipv6_address_on_creation": false,
            "availability_zone": "us-east-1b",
            "availability_zone_id": "use1-az1",
            "cidr_block": "10.0.1.0/24",
            "customer_owned_ipv4_pool": "",
            "enable_dns64": false,
            "enable_lni_at_device_index": 0,
            "enable_resource_name_dns_a_record_on_launch": false,
            "enable_resource_name_dns_aaaa_record_on_launch": false,
            "id": "subnet-04ccb9490cc19d1d1",
            "ipv6_cidr_block": "",
            "ipv6_cidr_block_association_id": "",
            "ipv6_native": false,
            "map_customer_owned_ip_on_launch": false,
            "map_public_ip_on_launch": false,
            "outpost_arn": "",
            "owner_id": "015058543222",
            "private_dns_hostname_type_on_launch": "ip-name",
            "tags": {
              "Name": "matelliocorp-Private_Subnet_2"
            },
            "tags_all": {
              "Name": "matelliocorp-Private_Subnet_2"
            },
            "timeouts": null,
            "vpc_id": "vpc-0e9e0bfd49f9361ac"
          },
          "sensitive_attributes": [],
          "private": "eyJlMmJmYjczMC1lY2FhLTExZTYtOGY4OC0zNDM2M2JjN2M0YzAiOnsiY3JlYXRlIjo2MDAwMDAwMDAwMDAsImRlbGV0ZSI6MTIwMDAwMDAwMDAwMH0sInNjaGVtYV92ZXJzaW9uIjoiMSJ9",
          "dependencies": [
            "module.RDS-Module.module.VPC-Module.aws_vpc.vpc",
            "module.RDS-Module.module.VPC-Module.data.aws_availability_zones.available"
          ]
        }
      ]
    },
    {
      "module": "module.RDS-Module.module.VPC-Module",
      "mode": "managed",
      "type": "aws_subnet",
      "name": "public",
      "provider": "provider[\"registry.terraform.io/hashicorp/aws\"]",
      "instances": [
        {
          "index_key": 0,
          "schema_version": 1,
          "attributes": {
            "arn": "arn:aws:ec2:us-east-1:015058543222:subnet/subnet-0a6b1c7ba555897b7",
            "assign_ipv6_address_on_creation": false,
            "availability_zone": "us-east-1a",
            "availability_zone_id": "use1-az6",
            "cidr_block": "10.0.2.0/24",
            "customer_owned_ipv4_pool": "",
            "enable_dns64": false,
            "enable_lni_at_device_index": 0,
            "enable_resource_name_dns_a_record_on_launch": false,
            "enable_resource_name_dns_aaaa_record_on_launch": false,
            "id": "subnet-0a6b1c7ba555897b7",
            "ipv6_cidr_block": "",
            "ipv6_cidr_block_association_id": "",
            "ipv6_native": false,
            "map_customer_owned_ip_on_launch": false,
            "map_public_ip_on_launch": true,
            "outpost_arn": "",
            "owner_id": "015058543222",
            "private_dns_hostname_type_on_launch": "ip-name",
            "tags": {
              "Name": "matelliocorp-Public_Subnet_1"
            },
            "tags_all": {
              "Name": "matelliocorp-Public_Subnet_1"
            },
            "timeouts": null,
            "vpc_id": "vpc-0e9e0bfd49f9361ac"
          },
          "sensitive_attributes": [],
          "private": "eyJlMmJmYjczMC1lY2FhLTExZTYtOGY4OC0zNDM2M2JjN2M0YzAiOnsiY3JlYXRlIjo2MDAwMDAwMDAwMDAsImRlbGV0ZSI6MTIwMDAwMDAwMDAwMH0sInNjaGVtYV92ZXJzaW9uIjoiMSJ9",
          "dependencies": [
            "module.RDS-Module.module.VPC-Module.aws_vpc.vpc",
            "module.RDS-Module.module.VPC-Module.data.aws_availability_zones.available"
          ],
          "create_before_destroy": true
        },
        {
          "index_key": 1,
          "schema_version": 1,
          "attributes": {
            "arn": "arn:aws:ec2:us-east-1:015058543222:subnet/subnet-0a78481fc4b3d6231",
            "assign_ipv6_address_on_creation": false,
            "availability_zone": "us-east-1b",
            "availability_zone_id": "use1-az1",
            "cidr_block": "10.0.3.0/24",
            "customer_owned_ipv4_pool": "",
            "enable_dns64": false,
            "enable_lni_at_device_index": 0,
            "enable_resource_name_dns_a_record_on_launch": false,
            "enable_resource_name_dns_aaaa_record_on_launch": false,
            "id": "subnet-0a78481fc4b3d6231",
            "ipv6_cidr_block": "",
            "ipv6_cidr_block_association_id": "",
            "ipv6_native": false,
            "map_customer_owned_ip_on_launch": false,
            "map_public_ip_on_launch": true,
            "outpost_arn": "",
            "owner_id": "015058543222",
            "private_dns_hostname_type_on_launch": "ip-name",
            "tags": {
              "Name": "matelliocorp-Public_Subnet_2"
            },
            "tags_all": {
              "Name": "matelliocorp-Public_Subnet_2"
            },
            "timeouts": null,
            "vpc_id": "vpc-0e9e0bfd49f9361ac"
          },
          "sensitive_attributes": [],
          "private": "eyJlMmJmYjczMC1lY2FhLTExZTYtOGY4OC0zNDM2M2JjN2M0YzAiOnsiY3JlYXRlIjo2MDAwMDAwMDAwMDAsImRlbGV0ZSI6MTIwMDAwMDAwMDAwMH0sInNjaGVtYV92ZXJzaW9uIjoiMSJ9",
          "dependencies": [
            "module.RDS-Module.module.VPC-Module.aws_vpc.vpc",
            "module.RDS-Module.module.VPC-Module.data.aws_availability_zones.available"
          ],
          "create_before_destroy": true
        }
      ]
    },
    {
      "module": "module.RDS-Module.module.VPC-Module",
      "mode": "managed",
      "type": "aws_vpc",
      "name": "vpc",
      "provider": "provider[\"registry.terraform.io/hashicorp/aws\"]",
      "instances": [
        {
          "schema_version": 1,
          "attributes": {
            "arn": "arn:aws:ec2:us-east-1:015058543222:vpc/vpc-0e9e0bfd49f9361ac",
            "assign_generated_ipv6_cidr_block": false,
            "cidr_block": "10.0.0.0/16",
            "default_network_acl_id": "acl-018fa141ed5af6b0e",
            "default_route_table_id": "rtb-0fc8b450058d4cccc",
            "default_security_group_id": "sg-07befcf4f491ebc6a",
            "dhcp_options_id": "dopt-0d0ea3a85b706eedb",
            "enable_dns_hostnames": true,
            "enable_dns_support": true,
            "enable_network_address_usage_metrics": false,
            "id": "vpc-0e9e0bfd49f9361ac",
            "instance_tenancy": "default",
            "ipv4_ipam_pool_id": null,
            "ipv4_netmask_length": null,
            "ipv6_association_id": "",
            "ipv6_cidr_block": "",
            "ipv6_cidr_block_network_border_group": "",
            "ipv6_ipam_pool_id": "",
            "ipv6_netmask_length": 0,
            "main_route_table_id": "rtb-0fc8b450058d4cccc",
            "owner_id": "015058543222",
            "tags": {
              "Name": "matelliocorp-vpc"
            },
            "tags_all": {
              "Name": "matelliocorp-vpc"
            }
          },
          "sensitive_attributes": [],
          "private": "eyJzY2hlbWFfdmVyc2lvbiI6IjEifQ==",
          "create_before_destroy": true
        }
      ]
    }
  ],
  "check_results": null
}
